// !$*UTF8*$!
{
	archiveVersion = 1;
	classes = {
	};
	objectVersion = 56;
	objects = {

/* Begin PBXBuildFile section */
		3B51C73C67BBE6B66A56430C /* Pods_RxSwiftFlatMapPractice.framework in Frameworks */ = {isa = PBXBuildFile; fileRef = 747D0DE0BA08ACC3BA4884E0 /* Pods_RxSwiftFlatMapPractice.framework */; };
		EDC963BF2C9A905100F6B9CA /* AppDelegate.swift in Sources */ = {isa = PBXBuildFile; fileRef = EDC963BE2C9A905100F6B9CA /* AppDelegate.swift */; };
		EDC963C12C9A905100F6B9CA /* SceneDelegate.swift in Sources */ = {isa = PBXBuildFile; fileRef = EDC963C02C9A905100F6B9CA /* SceneDelegate.swift */; };
		EDC963C32C9A905100F6B9CA /* ViewController.swift in Sources */ = {isa = PBXBuildFile; fileRef = EDC963C22C9A905100F6B9CA /* ViewController.swift */; };
		EDC963C62C9A905100F6B9CA /* Base in Resources */ = {isa = PBXBuildFile; fileRef = EDC963C52C9A905100F6B9CA /* Base */; };
		EDC963C82C9A905200F6B9CA /* Assets.xcassets in Resources */ = {isa = PBXBuildFile; fileRef = EDC963C72C9A905200F6B9CA /* Assets.xcassets */; };
		EDC963CB2C9A905200F6B9CA /* Base in Resources */ = {isa = PBXBuildFile; fileRef = EDC963CA2C9A905200F6B9CA /* Base */; };
/* End PBXBuildFile section */

/* Begin PBXFileReference section */
		48185B4A566DCBDE04A314A6 /* Pods-RxSwiftFlatMapPractice.release.xcconfig */ = {isa = PBXFileReference; includeInIndex = 1; lastKnownFileType = text.xcconfig; name = "Pods-RxSwiftFlatMapPractice.release.xcconfig"; path = "Target Support Files/Pods-RxSwiftFlatMapPractice/Pods-RxSwiftFlatMapPractice.release.xcconfig"; sourceTree = "<group>"; };
		74380FA8392A0FC506D2C5AA /* Pods-RxSwiftFlatMapPractice.debug.xcconfig */ = {isa = PBXFileReference; includeInIndex = 1; lastKnownFileType = text.xcconfig; name = "Pods-RxSwiftFlatMapPractice.debug.xcconfig"; path = "Target Support Files/Pods-RxSwiftFlatMapPractice/Pods-RxSwiftFlatMapPractice.debug.xcconfig"; sourceTree = "<group>"; };
		747D0DE0BA08ACC3BA4884E0 /* Pods_RxSwiftFlatMapPractice.framework */ = {isa = PBXFileReference; explicitFileType = wrapper.framework; includeInIndex = 0; path = Pods_RxSwiftFlatMapPractice.framework; sourceTree = BUILT_PRODUCTS_DIR; };
		EDC963BB2C9A905100F6B9CA /* RxSwiftFlatMapPractice.app */ = {isa = PBXFileReference; explicitFileType = wrapper.application; includeInIndex = 0; path = RxSwiftFlatMapPractice.app; sourceTree = BUILT_PRODUCTS_DIR; };
		EDC963BE2C9A905100F6B9CA /* AppDelegate.swift */ = {isa = PBXFileReference; lastKnownFileType = sourcecode.swift; path = AppDelegate.swift; sourceTree = "<group>"; };
		EDC963C02C9A905100F6B9CA /* SceneDelegate.swift */ = {isa = PBXFileReference; lastKnownFileType = sourcecode.swift; path = SceneDelegate.swift; sourceTree = "<group>"; };
		EDC963C22C9A905100F6B9CA /* ViewController.swift */ = {isa = PBXFileReference; lastKnownFileType = sourcecode.swift; path = ViewController.swift; sourceTree = "<group>"; };
		EDC963C52C9A905100F6B9CA /* Base */ = {isa = PBXFileReference; lastKnownFileType = file.storyboard; name = Base; path = Base.lproj/Main.storyboard; sourceTree = "<group>"; };
		EDC963C72C9A905200F6B9CA /* Assets.xcassets */ = {isa = PBXFileReference; lastKnownFileType = folder.assetcatalog; path = Assets.xcassets; sourceTree = "<group>"; };
		EDC963CA2C9A905200F6B9CA /* Base */ = {isa = PBXFileReference; lastKnownFileType = file.storyboard; name = Base; path = Base.lproj/LaunchScreen.storyboard; sourceTree = "<group>"; };
		EDC963CC2C9A905200F6B9CA /* Info.plist */ = {isa = PBXFileReference; lastKnownFileType = text.plist.xml; path = Info.plist; sourceTree = "<group>"; };
/* End PBXFileReference section */

/* Begin PBXFrameworksBuildPhase section */
		EDC963B82C9A905100F6B9CA /* Frameworks */ = {
			isa = PBXFrameworksBuildPhase;
			buildActionMask = 2147483647;
			files = (
				3B51C73C67BBE6B66A56430C /* Pods_RxSwiftFlatMapPractice.framework in Frameworks */,
			);
			runOnlyForDeploymentPostprocessing = 0;
		};
/* End PBXFrameworksBuildPhase section */

/* Begin PBXGroup section */
		8633B99CCCF9705820D8CCF1 /* Frameworks */ = {
			isa = PBXGroup;
			children = (
				747D0DE0BA08ACC3BA4884E0 /* Pods_RxSwiftFlatMapPractice.framework */,
			);
			name = Frameworks;
			sourceTree = "<group>";
		};
		C8B15723098AB02E4B1C436C /* Pods */ = {
			isa = PBXGroup;
			children = (
				74380FA8392A0FC506D2C5AA /* Pods-RxSwiftFlatMapPractice.debug.xcconfig */,
				48185B4A566DCBDE04A314A6 /* Pods-RxSwiftFlatMapPractice.release.xcconfig */,
			);
			path = Pods;
			sourceTree = "<group>";
		};
		EDC963B22C9A905100F6B9CA = {
			isa = PBXGroup;
			children = (
				EDC963BD2C9A905100F6B9CA /* RxSwiftFlatMapPractice */,
				EDC963BC2C9A905100F6B9CA /* Products */,
				C8B15723098AB02E4B1C436C /* Pods */,
				8633B99CCCF9705820D8CCF1 /* Frameworks */,
			);
			sourceTree = "<group>";
		};
		EDC963BC2C9A905100F6B9CA /* Products */ = {
			isa = PBXGroup;
			children = (
				EDC963BB2C9A905100F6B9CA /* RxSwiftFlatMapPractice.app */,
			);
			name = Products;
			sourceTree = "<group>";
		};
		EDC963BD2C9A905100F6B9CA /* RxSwiftFlatMapPractice */ = {
			isa = PBXGroup;
			children = (
				EDC963BE2C9A905100F6B9CA /* AppDelegate.swift */,
				EDC963C02C9A905100F6B9CA /* SceneDelegate.swift */,
				EDC963C22C9A905100F6B9CA /* ViewController.swift */,
				EDC963C42C9A905100F6B9CA /* Main.storyboard */,
				EDC963C72C9A905200F6B9CA /* Assets.xcassets */,
				EDC963C92C9A905200F6B9CA /* LaunchScreen.storyboard */,
				EDC963CC2C9A905200F6B9CA /* Info.plist */,
			);
			path = RxSwiftFlatMapPractice;
			sourceTree = "<group>";
		};
/* End PBXGroup section */

/* Begin PBXNativeTarget section */
		EDC963BA2C9A905100F6B9CA /* RxSwiftFlatMapPractice */ = {
			isa = PBXNativeTarget;
			buildConfigurationList = EDC963CF2C9A905200F6B9CA /* Build configuration list for PBXNativeTarget "RxSwiftFlatMapPractice" */;
			buildPhases = (
				6CE6AE9A34A94ED970831B30 /* [CP] Check Pods Manifest.lock */,
				EDC963B72C9A905100F6B9CA /* Sources */,
				EDC963B82C9A905100F6B9CA /* Frameworks */,
				EDC963B92C9A905100F6B9CA /* Resources */,
				0165C152028AE99FE1552F14 /* [CP] Embed Pods Frameworks */,
			);
			buildRules = (
			);
			dependencies = (
			);
			name = RxSwiftFlatMapPractice;
			productName = RxSwiftFlatMapPractice;
			productReference = EDC963BB2C9A905100F6B9CA /* RxSwiftFlatMapPractice.app */;
			productType = "com.apple.product-type.application";
		};
/* End PBXNativeTarget section */

/* Begin PBXProject section */
		EDC963B32C9A905100F6B9CA /* Project object */ = {
			isa = PBXProject;
			attributes = {
				BuildIndependentTargetsInParallel = 1;
				LastSwiftUpdateCheck = 1530;
				LastUpgradeCheck = 1530;
				TargetAttributes = {
					EDC963BA2C9A905100F6B9CA = {
						CreatedOnToolsVersion = 15.3;
					};
				};
			};
			buildConfigurationList = EDC963B62C9A905100F6B9CA /* Build configuration list for PBXProject "RxSwiftFlatMapPractice" */;
			compatibilityVersion = "Xcode 14.0";
			developmentRegion = en;
			hasScannedForEncodings = 0;
			knownRegions = (
				en,
				Base,
			);
			mainGroup = EDC963B22C9A905100F6B9CA;
			productRefGroup = EDC963BC2C9A905100F6B9CA /* Products */;
			projectDirPath = "";
			projectRoot = "";
			targets = (
				EDC963BA2C9A905100F6B9CA /* RxSwiftFlatMapPractice */,
			);
		};
/* End PBXProject section */

/* Begin PBXResourcesBuildPhase section */
		EDC963B92C9A905100F6B9CA /* Resources */ = {
			isa = PBXResourcesBuildPhase;
			buildActionMask = 2147483647;
			files = (
				EDC963C82C9A905200F6B9CA /* Assets.xcassets in Resources */,
				EDC963CB2C9A905200F6B9CA /* Base in Resources */,
				EDC963C62C9A905100F6B9CA /* Base in Resources */,
			);
			runOnlyForDeploymentPostprocessing = 0;
		};
/* End PBXResourcesBuildPhase section */

/* Begin PBXShellScriptBuildPhase section */
		0165C152028AE99FE1552F14 /* [CP] Embed Pods Frameworks */ = {
			isa = PBXShellScriptBuildPhase;
			buildActionMask = 2147483647;
			files = (
			);
			inputFileListPaths = (
				"${PODS_ROOT}/Target Support Files/Pods-RxSwiftFlatMapPractice/Pods-RxSwiftFlatMapPractice-frameworks-${CONFIGURATION}-input-files.xcfilelist",
			);
			name = "[CP] Embed Pods Frameworks";
			outputFileListPaths = (
				"${PODS_ROOT}/Target Support Files/Pods-RxSwiftFlatMapPractice/Pods-RxSwiftFlatMapPractice-frameworks-${CONFIGURATION}-output-files.xcfilelist",
			);
			runOnlyForDeploymentPostprocessing = 0;
			shellPath = /bin/sh;
			shellScript = "\"${PODS_ROOT}/Target Support Files/Pods-RxSwiftFlatMapPractice/Pods-RxSwiftFlatMapPractice-frameworks.sh\"\n";
			showEnvVarsInLog = 0;
		};
		6CE6AE9A34A94ED970831B30 /* [CP] Check Pods Manifest.lock */ = {
			isa = PBXShellScriptBuildPhase;
			buildActionMask = 2147483647;
			files = (
			);
			inputFileListPaths = (
			);
			inputPaths = (
				"${PODS_PODFILE_DIR_PATH}/Podfile.lock",
				"${PODS_ROOT}/Manifest.lock",
			);
			name = "[CP] Check Pods Manifest.lock";
			outputFileListPaths = (
			);
			outputPaths = (
				"$(DERIVED_FILE_DIR)/Pods-RxSwiftFlatMapPractice-checkManifestLockResult.txt",
			);
			runOnlyForDeploymentPostprocessing = 0;
			shellPath = /bin/sh;
			shellScript = "diff \"${PODS_PODFILE_DIR_PATH}/Podfile.lock\" \"${PODS_ROOT}/Manifest.lock\" > /dev/null\nif [ $? != 0 ] ; then\n    # print error to STDERR\n    echo \"error: The sandbox is not in sync with the Podfile.lock. Run 'pod install' or update your CocoaPods installation.\" >&2\n    exit 1\nfi\n# This output is used by Xcode 'outputs' to avoid re-running this script phase.\necho \"SUCCESS\" > \"${SCRIPT_OUTPUT_FILE_0}\"\n";
			showEnvVarsInLog = 0;
		};
/* End PBXShellScriptBuildPhase section */

/* Begin PBXSourcesBuildPhase section */
		EDC963B72C9A905100F6B9CA /* Sources */ = {
			isa = PBXSourcesBuildPhase;
			buildActionMask = 2147483647;
			files = (
				EDC963C32C9A905100F6B9CA /* ViewController.swift in Sources */,
				EDC963BF2C9A905100F6B9CA /* AppDelegate.swift in Sources */,
				EDC963C12C9A905100F6B9CA /* SceneDelegate.swift in Sources */,
			);
			runOnlyForDeploymentPostprocessing = 0;
		};
/* End PBXSourcesBuildPhase section */

/* Begin PBXVariantGroup section */
		EDC963C42C9A905100F6B9CA /* Main.storyboard */ = {
			isa = PBXVariantGroup;
			children = (
				EDC963C52C9A905100F6B9CA /* Base */,
			);
			name = Main.storyboard;
			sourceTree = "<group>";
		};
		EDC963C92C9A905200F6B9CA /* LaunchScreen.storyboard */ = {
			isa = PBXVariantGroup;
			children = (
				EDC963CA2C9A905200F6B9CA /* Base */,
			);
			name = LaunchScreen.storyboard;
			sourceTree = "<group>";
		};
/* End PBXVariantGroup section */

/* Begin XCBuildConfiguration section */
		EDC963CD2C9A905200F6B9CA /* Debug */ = {
			isa = XCBuildConfiguration;
			buildSettings = {
				ALWAYS_SEARCH_USER_PATHS = NO;
				ASSETCATALOG_COMPILER_GENERATE_SWIFT_ASSET_SYMBOL_EXTENSIONS = YES;
				CLANG_ANALYZER_NONNULL = YES;
				CLANG_ANALYZER_NUMBER_OBJECT_CONVERSION = YES_AGGRESSIVE;
				CLANG_CXX_LANGUAGE_STANDARD = "gnu++20";
				CLANG_ENABLE_MODULES = YES;
				CLANG_ENABLE_OBJC_ARC = YES;
				CLANG_ENABLE_OBJC_WEAK = YES;
				CLANG_WARN_BLOCK_CAPTURE_AUTORELEASING = YES;
				CLANG_WARN_BOOL_CONVERSION = YES;
				CLANG_WARN_COMMA = YES;
				CLANG_WARN_CONSTANT_CONVERSION = YES;
				CLANG_WARN_DEPRECATED_OBJC_IMPLEMENTATIONS = YES;
				CLANG_WARN_DIRECT_OBJC_ISA_USAGE = YES_ERROR;
				CLANG_WARN_DOCUMENTATION_COMMENTS = YES;
				CLANG_WARN_EMPTY_BODY = YES;
				CLANG_WARN_ENUM_CONVERSION = YES;
				CLANG_WARN_INFINITE_RECURSION = YES;
				CLANG_WARN_INT_CONVERSION = YES;
				CLANG_WARN_NON_LITERAL_NULL_CONVERSION = YES;
				CLANG_WARN_OBJC_IMPLICIT_RETAIN_SELF = YES;
				CLANG_WARN_OBJC_LITERAL_CONVERSION = YES;
				CLANG_WARN_OBJC_ROOT_CLASS = YES_ERROR;
				CLANG_WARN_QUOTED_INCLUDE_IN_FRAMEWORK_HEADER = YES;
				CLANG_WARN_RANGE_LOOP_ANALYSIS = YES;
				CLANG_WARN_STRICT_PROTOTYPES = YES;
				CLANG_WARN_SUSPICIOUS_MOVE = YES;
				CLANG_WARN_UNGUARDED_AVAILABILITY = YES_AGGRESSIVE;
				CLANG_WARN_UNREACHABLE_CODE = YES;
				CLANG_WARN__DUPLICATE_METHOD_MATCH = YES;
				COPY_PHASE_STRIP = NO;
				DEBUG_INFORMATION_FORMAT = dwarf;
				ENABLE_STRICT_OBJC_MSGSEND = YES;
				ENABLE_TESTABILITY = YES;
				ENABLE_USER_SCRIPT_SANDBOXING = YES;
				GCC_C_LANGUAGE_STANDARD = gnu17;
				GCC_DYNAMIC_NO_PIC = NO;
				GCC_NO_COMMON_BLOCKS = YES;
				GCC_OPTIMIZATION_LEVEL = 0;
				GCC_PREPROCESSOR_DEFINITIONS = (
					"DEBUG=1",
					"$(inherited)",
				);
				GCC_WARN_64_TO_32_BIT_CONVERSION = YES;
				GCC_WARN_ABOUT_RETURN_TYPE = YES_ERROR;
				GCC_WARN_UNDECLARED_SELECTOR = YES;
				GCC_WARN_UNINITIALIZED_AUTOS = YES_AGGRESSIVE;
				GCC_WARN_UNUSED_FUNCTION = YES;
				GCC_WARN_UNUSED_VARIABLE = YES;
				IPHONEOS_DEPLOYMENT_TARGET = 17.4;
				LOCALIZATION_PREFERS_STRING_CATALOGS = YES;
				MTL_ENABLE_DEBUG_INFO = INCLUDE_SOURCE;
				MTL_FAST_MATH = YES;
				ONLY_ACTIVE_ARCH = YES;
				SDKROOT = iphoneos;
				SWIFT_ACTIVE_COMPILATION_CONDITIONS = "DEBUG $(inherited)";
				SWIFT_OPTIMIZATION_LEVEL = "-Onone";
			};
			name = Debug;
		};
		EDC963CE2C9A905200F6B9CA /* Release */ = {
			isa = XCBuildConfiguration;
			buildSettings = {
				ALWAYS_SEARCH_USER_PATHS = NO;
				ASSETCATALOG_COMPILER_GENERATE_SWIFT_ASSET_SYMBOL_EXTENSIONS = YES;
				CLANG_ANALYZER_NONNULL = YES;
				CLANG_ANALYZER_NUMBER_OBJECT_CONVERSION = YES_AGGRESSIVE;
				CLANG_CXX_LANGUAGE_STANDARD = "gnu++20";
				CLANG_ENABLE_MODULES = YES;
				CLANG_ENABLE_OBJC_ARC = YES;
				CLANG_ENABLE_OBJC_WEAK = YES;
				CLANG_WARN_BLOCK_CAPTURE_AUTORELEASING = YES;
				CLANG_WARN_BOOL_CONVERSION = YES;
				CLANG_WARN_COMMA = YES;
				CLANG_WARN_CONSTANT_CONVERSION = YES;
				CLANG_WARN_DEPRECATED_OBJC_IMPLEMENTATIONS = YES;
				CLANG_WARN_DIRECT_OBJC_ISA_USAGE = YES_ERROR;
				CLANG_WARN_DOCUMENTATION_COMMENTS = YES;
				CLANG_WARN_EMPTY_BODY = YES;
				CLANG_WARN_ENUM_CONVERSION = YES;
				CLANG_WARN_INFINITE_RECURSION = YES;
				CLANG_WARN_INT_CONVERSION = YES;
				CLANG_WARN_NON_LITERAL_NULL_CONVERSION = YES;
				CLANG_WARN_OBJC_IMPLICIT_RETAIN_SELF = YES;
				CLANG_WARN_OBJC_LITERAL_CONVERSION = YES;
				CLANG_WARN_OBJC_ROOT_CLASS = YES_ERROR;
				CLANG_WARN_QUOTED_INCLUDE_IN_FRAMEWORK_HEADER = YES;
				CLANG_WARN_RANGE_LOOP_ANALYSIS = YES;
				CLANG_WARN_STRICT_PROTOTYPES = YES;
				CLANG_WARN_SUSPICIOUS_MOVE = YES;
				CLANG_WARN_UNGUARDED_AVAILABILITY = YES_AGGRESSIVE;
				CLANG_WARN_UNREACHABLE_CODE = YES;
				CLANG_WARN__DUPLICATE_METHOD_MATCH = YES;
				COPY_PHASE_STRIP = NO;
				DEBUG_INFORMATION_FORMAT = "dwarf-with-dsym";
				ENABLE_NS_ASSERTIONS = NO;
				ENABLE_STRICT_OBJC_MSGSEND = YES;
				ENABLE_USER_SCRIPT_SANDBOXING = YES;
				GCC_C_LANGUAGE_STANDARD = gnu17;
				GCC_NO_COMMON_BLOCKS = YES;
				GCC_WARN_64_TO_32_BIT_CONVERSION = YES;
				GCC_WARN_ABOUT_RETURN_TYPE = YES_ERROR;
				GCC_WARN_UNDECLARED_SELECTOR = YES;
				GCC_WARN_UNINITIALIZED_AUTOS = YES_AGGRESSIVE;
				GCC_WARN_UNUSED_FUNCTION = YES;
				GCC_WARN_UNUSED_VARIABLE = YES;
				IPHONEOS_DEPLOYMENT_TARGET = 17.4;
				LOCALIZATION_PREFERS_STRING_CATALOGS = YES;
				MTL_ENABLE_DEBUG_INFO = NO;
				MTL_FAST_MATH = YES;
				SDKROOT = iphoneos;
				SWIFT_COMPILATION_MODE = wholemodule;
				VALIDATE_PRODUCT = YES;
			};
			name = Release;
		};
		EDC963D02C9A905200F6B9CA /* Debug */ = {
			isa = XCBuildConfiguration;
			baseConfigurationReference = 74380FA8392A0FC506D2C5AA /* Pods-RxSwiftFlatMapPractice.debug.xcconfig */;
			buildSettings = {
				ASSETCATALOG_COMPILER_APPICON_NAME = AppIcon;
				ASSETCATALOG_COMPILER_GLOBAL_ACCENT_COLOR_NAME = AccentColor;
				CODE_SIGN_STYLE = Automatic;
				CURRENT_PROJECT_VERSION = 1;
				ENABLE_USER_SCRIPT_SANDBOXING = NO;
				GENERATE_INFOPLIST_FILE = YES;
				INFOPLIST_FILE = RxSwiftFlatMapPractice/Info.plist;
				INFOPLIST_KEY_UIApplicationSupportsIndirectInputEvents = YES;
				INFOPLIST_KEY_UILaunchStoryboardName = LaunchScreen;
				INFOPLIST_KEY_UIMainStoryboardFile = Main;
				INFOPLIST_KEY_UISupportedInterfaceOrientations_iPad = "UIInterfaceOrientationPortrait UIInterfaceOrientationPortraitUpsideDown UIInterfaceOrientationLandscapeLeft UIInterfaceOrientationLandscapeRight";
				INFOPLIST_KEY_UISupportedInterfaceOrientations_iPhone = "UIInterfaceOrientationPortrait UIInterfaceOrientationLandscapeLeft UIInterfaceOrientationLandscapeRight";
				LD_RUNPATH_SEARCH_PATHS = (
					"$(inherited)",
					"@executable_path/Frameworks",
				);
				MARKETING_VERSION = 1.0;
				PRODUCT_BUNDLE_IDENTIFIER = "Ishioka-Ken.RxSwiftFlatMapPractice";
				PRODUCT_NAME = "$(TARGET_NAME)";
				SWIFT_EMIT_LOC_STRINGS = YES;
				SWIFT_VERSION = 5.0;
				TARGETED_DEVICE_FAMILY = "1,2";
			};
			name = Debug;
		};
		EDC963D12C9A905200F6B9CA /* Release */ = {
			isa = XCBuildConfiguration;
			baseConfigurationReference = 48185B4A566DCBDE04A314A6 /* Pods-RxSwiftFlatMapPractice.release.xcconfig */;
			buildSettings = {
				ASSETCATALOG_COMPILER_APPICON_NAME = AppIcon;
				ASSETCATALOG_COMPILER_GLOBAL_ACCENT_COLOR_NAME = AccentColor;
				CODE_SIGN_STYLE = Automatic;
				CURRENT_PROJECT_VERSION = 1;
				ENABLE_USER_SCRIPT_SANDBOXING = NO;
				GENERATE_INFOPLIST_FILE = YES;
				INFOPLIST_FILE = RxSwiftFlatMapPractice/Info.plist;
				INFOPLIST_KEY_UIApplicationSupportsIndirectInputEvents = YES;
				INFOPLIST_KEY_UILaunchStoryboardName = LaunchScreen;
				INFOPLIST_KEY_UIMainStoryboardFile = Main;
				INFOPLIST_KEY_UISupportedInterfaceOrientations_iPad = "UIInterfaceOrientationPortrait UIInterfaceOrientationPortraitUpsideDown UIInterfaceOrientationLandscapeLeft UIInterfaceOrientationLandscapeRight";
				INFOPLIST_KEY_UISupportedInterfaceOrientations_iPhone = "UIInterfaceOrientationPortrait UIInterfaceOrientationLandscapeLeft UIInterfaceOrientationLandscapeRight";
				LD_RUNPATH_SEARCH_PATHS = (
					"$(inherited)",
					"@executable_path/Frameworks",
				);
				MARKETING_VERSION = 1.0;
				PRODUCT_BUNDLE_IDENTIFIER = "Ishioka-Ken.RxSwiftFlatMapPractice";
				PRODUCT_NAME = "$(TARGET_NAME)";
				SWIFT_EMIT_LOC_STRINGS = YES;
				SWIFT_VERSION = 5.0;
				TARGETED_DEVICE_FAMILY = "1,2";
			};
			name = Release;
		};
/* End XCBuildConfiguration section */

/* Begin XCConfigurationList section */
		EDC963B62C9A905100F6B9CA /* Build configuration list for PBXProject "RxSwiftFlatMapPractice" */ = {
			isa = XCConfigurationList;
			buildConfigurations = (
				EDC963CD2C9A905200F6B9CA /* Debug */,
				EDC963CE2C9A905200F6B9CA /* Release */,
			);
			defaultConfigurationIsVisible = 0;
			defaultConfigurationName = Release;
		};
		EDC963CF2C9A905200F6B9CA /* Build configuration list for PBXNativeTarget "RxSwiftFlatMapPractice" */ = {
			isa = XCConfigurationList;
			buildConfigurations = (
				EDC963D02C9A905200F6B9CA /* Debug */,
				EDC963D12C9A905200F6B9CA /* Release */,
			);
			defaultConfigurationIsVisible = 0;
			defaultConfigurationName = Release;
		};
/* End XCConfigurationList section */
	};
	rootObject = EDC963B32C9A905100F6B9CA /* Project object */;
}
