// !$*UTF8*$!
{
	archiveVersion = 1;
	classes = {
	};
	objectVersion = 56;
	objects = {

/* Begin PBXBuildFile section */
		9C07A7343B368917109AC328 /* Pods_RXSwiftMergePractice.framework in Frameworks */ = {isa = PBXBuildFile; fileRef = EDAFD5EB4339D3ECC63509A3 /* Pods_RXSwiftMergePractice.framework */; };
		ED642D392C9C1465006B0AC6 /* AppDelegate.swift in Sources */ = {isa = PBXBuildFile; fileRef = ED642D382C9C1465006B0AC6 /* AppDelegate.swift */; };
		ED642D3B2C9C1465006B0AC6 /* SceneDelegate.swift in Sources */ = {isa = PBXBuildFile; fileRef = ED642D3A2C9C1465006B0AC6 /* SceneDelegate.swift */; };
		ED642D3D2C9C1465006B0AC6 /* ViewController.swift in Sources */ = {isa = PBXBuildFile; fileRef = ED642D3C2C9C1465006B0AC6 /* ViewController.swift */; };
		ED642D402C9C1465006B0AC6 /* Base in Resources */ = {isa = PBXBuildFile; fileRef = ED642D3F2C9C1465006B0AC6 /* Base */; };
		ED642D422C9C1466006B0AC6 /* Assets.xcassets in Resources */ = {isa = PBXBuildFile; fileRef = ED642D412C9C1466006B0AC6 /* Assets.xcassets */; };
		ED642D452C9C1466006B0AC6 /* Base in Resources */ = {isa = PBXBuildFile; fileRef = ED642D442C9C1466006B0AC6 /* Base */; };
/* End PBXBuildFile section */

/* Begin PBXFileReference section */
		4B45802CC4476385E39B436B /* Pods-RXSwiftMergePractice.release.xcconfig */ = {isa = PBXFileReference; includeInIndex = 1; lastKnownFileType = text.xcconfig; name = "Pods-RXSwiftMergePractice.release.xcconfig"; path = "Target Support Files/Pods-RXSwiftMergePractice/Pods-RXSwiftMergePractice.release.xcconfig"; sourceTree = "<group>"; };
		C84BBD68AF92CE12B02F40B0 /* Pods-RXSwiftMergePractice.debug.xcconfig */ = {isa = PBXFileReference; includeInIndex = 1; lastKnownFileType = text.xcconfig; name = "Pods-RXSwiftMergePractice.debug.xcconfig"; path = "Target Support Files/Pods-RXSwiftMergePractice/Pods-RXSwiftMergePractice.debug.xcconfig"; sourceTree = "<group>"; };
		ED642D352C9C1465006B0AC6 /* RXSwiftMergePractice.app */ = {isa = PBXFileReference; explicitFileType = wrapper.application; includeInIndex = 0; path = RXSwiftMergePractice.app; sourceTree = BUILT_PRODUCTS_DIR; };
		ED642D382C9C1465006B0AC6 /* AppDelegate.swift */ = {isa = PBXFileReference; lastKnownFileType = sourcecode.swift; path = AppDelegate.swift; sourceTree = "<group>"; };
		ED642D3A2C9C1465006B0AC6 /* SceneDelegate.swift */ = {isa = PBXFileReference; lastKnownFileType = sourcecode.swift; path = SceneDelegate.swift; sourceTree = "<group>"; };
		ED642D3C2C9C1465006B0AC6 /* ViewController.swift */ = {isa = PBXFileReference; lastKnownFileType = sourcecode.swift; path = ViewController.swift; sourceTree = "<group>"; };
		ED642D3F2C9C1465006B0AC6 /* Base */ = {isa = PBXFileReference; lastKnownFileType = file.storyboard; name = Base; path = Base.lproj/Main.storyboard; sourceTree = "<group>"; };
		ED642D412C9C1466006B0AC6 /* Assets.xcassets */ = {isa = PBXFileReference; lastKnownFileType = folder.assetcatalog; path = Assets.xcassets; sourceTree = "<group>"; };
		ED642D442C9C1466006B0AC6 /* Base */ = {isa = PBXFileReference; lastKnownFileType = file.storyboard; name = Base; path = Base.lproj/LaunchScreen.storyboard; sourceTree = "<group>"; };
		ED642D462C9C1466006B0AC6 /* Info.plist */ = {isa = PBXFileReference; lastKnownFileType = text.plist.xml; path = Info.plist; sourceTree = "<group>"; };
		EDAFD5EB4339D3ECC63509A3 /* Pods_RXSwiftMergePractice.framework */ = {isa = PBXFileReference; explicitFileType = wrapper.framework; includeInIndex = 0; path = Pods_RXSwiftMergePractice.framework; sourceTree = BUILT_PRODUCTS_DIR; };
/* End PBXFileReference section */

/* Begin PBXFrameworksBuildPhase section */
		ED642D322C9C1465006B0AC6 /* Frameworks */ = {
			isa = PBXFrameworksBuildPhase;
			buildActionMask = 2147483647;
			files = (
				9C07A7343B368917109AC328 /* Pods_RXSwiftMergePractice.framework in Frameworks */,
			);
			runOnlyForDeploymentPostprocessing = 0;
		};
/* End PBXFrameworksBuildPhase section */

/* Begin PBXGroup section */
		484487AA0179DDB0C5176D3F /* Pods */ = {
			isa = PBXGroup;
			children = (
				C84BBD68AF92CE12B02F40B0 /* Pods-RXSwiftMergePractice.debug.xcconfig */,
				4B45802CC4476385E39B436B /* Pods-RXSwiftMergePractice.release.xcconfig */,
			);
			path = Pods;
			sourceTree = "<group>";
		};
		4EE2C5ACADD925A7EB740E59 /* Frameworks */ = {
			isa = PBXGroup;
			children = (
				EDAFD5EB4339D3ECC63509A3 /* Pods_RXSwiftMergePractice.framework */,
			);
			name = Frameworks;
			sourceTree = "<group>";
		};
		ED642D2C2C9C1465006B0AC6 = {
			isa = PBXGroup;
			children = (
				ED642D372C9C1465006B0AC6 /* RXSwiftMergePractice */,
				ED642D362C9C1465006B0AC6 /* Products */,
				484487AA0179DDB0C5176D3F /* Pods */,
				4EE2C5ACADD925A7EB740E59 /* Frameworks */,
			);
			sourceTree = "<group>";
		};
		ED642D362C9C1465006B0AC6 /* Products */ = {
			isa = PBXGroup;
			children = (
				ED642D352C9C1465006B0AC6 /* RXSwiftMergePractice.app */,
			);
			name = Products;
			sourceTree = "<group>";
		};
		ED642D372C9C1465006B0AC6 /* RXSwiftMergePractice */ = {
			isa = PBXGroup;
			children = (
				ED642D382C9C1465006B0AC6 /* AppDelegate.swift */,
				ED642D3A2C9C1465006B0AC6 /* SceneDelegate.swift */,
				ED642D3C2C9C1465006B0AC6 /* ViewController.swift */,
				ED642D3E2C9C1465006B0AC6 /* Main.storyboard */,
				ED642D412C9C1466006B0AC6 /* Assets.xcassets */,
				ED642D432C9C1466006B0AC6 /* LaunchScreen.storyboard */,
				ED642D462C9C1466006B0AC6 /* Info.plist */,
			);
			path = RXSwiftMergePractice;
			sourceTree = "<group>";
		};
/* End PBXGroup section */

/* Begin PBXNativeTarget section */
		ED642D342C9C1465006B0AC6 /* RXSwiftMergePractice */ = {
			isa = PBXNativeTarget;
			buildConfigurationList = ED642D492C9C1466006B0AC6 /* Build configuration list for PBXNativeTarget "RXSwiftMergePractice" */;
			buildPhases = (
				96B9C2CFFE1927AE4CE26AB0 /* [CP] Check Pods Manifest.lock */,
				ED642D312C9C1465006B0AC6 /* Sources */,
				ED642D322C9C1465006B0AC6 /* Frameworks */,
				ED642D332C9C1465006B0AC6 /* Resources */,
				5620EEFAA4666AA7909ED84D /* [CP] Embed Pods Frameworks */,
			);
			buildRules = (
			);
			dependencies = (
			);
			name = RXSwiftMergePractice;
			productName = RXSwiftMergePractice;
			productReference = ED642D352C9C1465006B0AC6 /* RXSwiftMergePractice.app */;
			productType = "com.apple.product-type.application";
		};
/* End PBXNativeTarget section */

/* Begin PBXProject section */
		ED642D2D2C9C1465006B0AC6 /* Project object */ = {
			isa = PBXProject;
			attributes = {
				BuildIndependentTargetsInParallel = 1;
				LastSwiftUpdateCheck = 1530;
				LastUpgradeCheck = 1530;
				TargetAttributes = {
					ED642D342C9C1465006B0AC6 = {
						CreatedOnToolsVersion = 15.3;
					};
				};
			};
			buildConfigurationList = ED642D302C9C1465006B0AC6 /* Build configuration list for PBXProject "RXSwiftMergePractice" */;
			compatibilityVersion = "Xcode 14.0";
			developmentRegion = en;
			hasScannedForEncodings = 0;
			knownRegions = (
				en,
				Base,
			);
			mainGroup = ED642D2C2C9C1465006B0AC6;
			productRefGroup = ED642D362C9C1465006B0AC6 /* Products */;
			projectDirPath = "";
			projectRoot = "";
			targets = (
				ED642D342C9C1465006B0AC6 /* RXSwiftMergePractice */,
			);
		};
/* End PBXProject section */

/* Begin PBXResourcesBuildPhase section */
		ED642D332C9C1465006B0AC6 /* Resources */ = {
			isa = PBXResourcesBuildPhase;
			buildActionMask = 2147483647;
			files = (
				ED642D422C9C1466006B0AC6 /* Assets.xcassets in Resources */,
				ED642D452C9C1466006B0AC6 /* Base in Resources */,
				ED642D402C9C1465006B0AC6 /* Base in Resources */,
			);
			runOnlyForDeploymentPostprocessing = 0;
		};
/* End PBXResourcesBuildPhase section */

/* Begin PBXShellScriptBuildPhase section */
		5620EEFAA4666AA7909ED84D /* [CP] Embed Pods Frameworks */ = {
			isa = PBXShellScriptBuildPhase;
			buildActionMask = 2147483647;
			files = (
			);
			inputFileListPaths = (
				"${PODS_ROOT}/Target Support Files/Pods-RXSwiftMergePractice/Pods-RXSwiftMergePractice-frameworks-${CONFIGURATION}-input-files.xcfilelist",
			);
			name = "[CP] Embed Pods Frameworks";
			outputFileListPaths = (
				"${PODS_ROOT}/Target Support Files/Pods-RXSwiftMergePractice/Pods-RXSwiftMergePractice-frameworks-${CONFIGURATION}-output-files.xcfilelist",
			);
			runOnlyForDeploymentPostprocessing = 0;
			shellPath = /bin/sh;
			shellScript = "\"${PODS_ROOT}/Target Support Files/Pods-RXSwiftMergePractice/Pods-RXSwiftMergePractice-frameworks.sh\"\n";
			showEnvVarsInLog = 0;
		};
		96B9C2CFFE1927AE4CE26AB0 /* [CP] Check Pods Manifest.lock */ = {
			isa = PBXShellScriptBuildPhase;
			buildActionMask = 2147483647;
			files = (
			);
			inputFileListPaths = (
			);
			inputPaths = (
				"${PODS_PODFILE_DIR_PATH}/Podfile.lock",
				"${PODS_ROOT}/Manifest.lock",
			);
			name = "[CP] Check Pods Manifest.lock";
			outputFileListPaths = (
			);
			outputPaths = (
				"$(DERIVED_FILE_DIR)/Pods-RXSwiftMergePractice-checkManifestLockResult.txt",
			);
			runOnlyForDeploymentPostprocessing = 0;
			shellPath = /bin/sh;
			shellScript = "diff \"${PODS_PODFILE_DIR_PATH}/Podfile.lock\" \"${PODS_ROOT}/Manifest.lock\" > /dev/null\nif [ $? != 0 ] ; then\n    # print error to STDERR\n    echo \"error: The sandbox is not in sync with the Podfile.lock. Run 'pod install' or update your CocoaPods installation.\" >&2\n    exit 1\nfi\n# This output is used by Xcode 'outputs' to avoid re-running this script phase.\necho \"SUCCESS\" > \"${SCRIPT_OUTPUT_FILE_0}\"\n";
			showEnvVarsInLog = 0;
		};
/* End PBXShellScriptBuildPhase section */

/* Begin PBXSourcesBuildPhase section */
		ED642D312C9C1465006B0AC6 /* Sources */ = {
			isa = PBXSourcesBuildPhase;
			buildActionMask = 2147483647;
			files = (
				ED642D3D2C9C1465006B0AC6 /* ViewController.swift in Sources */,
				ED642D392C9C1465006B0AC6 /* AppDelegate.swift in Sources */,
				ED642D3B2C9C1465006B0AC6 /* SceneDelegate.swift in Sources */,
			);
			runOnlyForDeploymentPostprocessing = 0;
		};
/* End PBXSourcesBuildPhase section */

/* Begin PBXVariantGroup section */
		ED642D3E2C9C1465006B0AC6 /* Main.storyboard */ = {
			isa = PBXVariantGroup;
			children = (
				ED642D3F2C9C1465006B0AC6 /* Base */,
			);
			name = Main.storyboard;
			sourceTree = "<group>";
		};
		ED642D432C9C1466006B0AC6 /* LaunchScreen.storyboard */ = {
			isa = PBXVariantGroup;
			children = (
				ED642D442C9C1466006B0AC6 /* Base */,
			);
			name = LaunchScreen.storyboard;
			sourceTree = "<group>";
		};
/* End PBXVariantGroup section */

/* Begin XCBuildConfiguration section */
		ED642D472C9C1466006B0AC6 /* Debug */ = {
			isa = XCBuildConfiguration;
			buildSettings = {
				ALWAYS_SEARCH_USER_PATHS = NO;
				ASSETCATALOG_COMPILER_GENERATE_SWIFT_ASSET_SYMBOL_EXTENSIONS = YES;
				CLANG_ANALYZER_NONNULL = YES;
				CLANG_ANALYZER_NUMBER_OBJECT_CONVERSION = YES_AGGRESSIVE;
				CLANG_CXX_LANGUAGE_STANDARD = "gnu++20";
				CLANG_ENABLE_MODULES = YES;
				CLANG_ENABLE_OBJC_ARC = YES;
				CLANG_ENABLE_OBJC_WEAK = YES;
				CLANG_WARN_BLOCK_CAPTURE_AUTORELEASING = YES;
				CLANG_WARN_BOOL_CONVERSION = YES;
				CLANG_WARN_COMMA = YES;
				CLANG_WARN_CONSTANT_CONVERSION = YES;
				CLANG_WARN_DEPRECATED_OBJC_IMPLEMENTATIONS = YES;
				CLANG_WARN_DIRECT_OBJC_ISA_USAGE = YES_ERROR;
				CLANG_WARN_DOCUMENTATION_COMMENTS = YES;
				CLANG_WARN_EMPTY_BODY = YES;
				CLANG_WARN_ENUM_CONVERSION = YES;
				CLANG_WARN_INFINITE_RECURSION = YES;
				CLANG_WARN_INT_CONVERSION = YES;
				CLANG_WARN_NON_LITERAL_NULL_CONVERSION = YES;
				CLANG_WARN_OBJC_IMPLICIT_RETAIN_SELF = YES;
				CLANG_WARN_OBJC_LITERAL_CONVERSION = YES;
				CLANG_WARN_OBJC_ROOT_CLASS = YES_ERROR;
				CLANG_WARN_QUOTED_INCLUDE_IN_FRAMEWORK_HEADER = YES;
				CLANG_WARN_RANGE_LOOP_ANALYSIS = YES;
				CLANG_WARN_STRICT_PROTOTYPES = YES;
				CLANG_WARN_SUSPICIOUS_MOVE = YES;
				CLANG_WARN_UNGUARDED_AVAILABILITY = YES_AGGRESSIVE;
				CLANG_WARN_UNREACHABLE_CODE = YES;
				CLANG_WARN__DUPLICATE_METHOD_MATCH = YES;
				COPY_PHASE_STRIP = NO;
				DEBUG_INFORMATION_FORMAT = dwarf;
				ENABLE_STRICT_OBJC_MSGSEND = YES;
				ENABLE_TESTABILITY = YES;
				ENABLE_USER_SCRIPT_SANDBOXING = YES;
				GCC_C_LANGUAGE_STANDARD = gnu17;
				GCC_DYNAMIC_NO_PIC = NO;
				GCC_NO_COMMON_BLOCKS = YES;
				GCC_OPTIMIZATION_LEVEL = 0;
				GCC_PREPROCESSOR_DEFINITIONS = (
					"DEBUG=1",
					"$(inherited)",
				);
				GCC_WARN_64_TO_32_BIT_CONVERSION = YES;
				GCC_WARN_ABOUT_RETURN_TYPE = YES_ERROR;
				GCC_WARN_UNDECLARED_SELECTOR = YES;
				GCC_WARN_UNINITIALIZED_AUTOS = YES_AGGRESSIVE;
				GCC_WARN_UNUSED_FUNCTION = YES;
				GCC_WARN_UNUSED_VARIABLE = YES;
				IPHONEOS_DEPLOYMENT_TARGET = 17.4;
				LOCALIZATION_PREFERS_STRING_CATALOGS = YES;
				MTL_ENABLE_DEBUG_INFO = INCLUDE_SOURCE;
				MTL_FAST_MATH = YES;
				ONLY_ACTIVE_ARCH = YES;
				SDKROOT = iphoneos;
				SWIFT_ACTIVE_COMPILATION_CONDITIONS = "DEBUG $(inherited)";
				SWIFT_OPTIMIZATION_LEVEL = "-Onone";
			};
			name = Debug;
		};
		ED642D482C9C1466006B0AC6 /* Release */ = {
			isa = XCBuildConfiguration;
			buildSettings = {
				ALWAYS_SEARCH_USER_PATHS = NO;
				ASSETCATALOG_COMPILER_GENERATE_SWIFT_ASSET_SYMBOL_EXTENSIONS = YES;
				CLANG_ANALYZER_NONNULL = YES;
				CLANG_ANALYZER_NUMBER_OBJECT_CONVERSION = YES_AGGRESSIVE;
				CLANG_CXX_LANGUAGE_STANDARD = "gnu++20";
				CLANG_ENABLE_MODULES = YES;
				CLANG_ENABLE_OBJC_ARC = YES;
				CLANG_ENABLE_OBJC_WEAK = YES;
				CLANG_WARN_BLOCK_CAPTURE_AUTORELEASING = YES;
				CLANG_WARN_BOOL_CONVERSION = YES;
				CLANG_WARN_COMMA = YES;
				CLANG_WARN_CONSTANT_CONVERSION = YES;
				CLANG_WARN_DEPRECATED_OBJC_IMPLEMENTATIONS = YES;
				CLANG_WARN_DIRECT_OBJC_ISA_USAGE = YES_ERROR;
				CLANG_WARN_DOCUMENTATION_COMMENTS = YES;
				CLANG_WARN_EMPTY_BODY = YES;
				CLANG_WARN_ENUM_CONVERSION = YES;
				CLANG_WARN_INFINITE_RECURSION = YES;
				CLANG_WARN_INT_CONVERSION = YES;
				CLANG_WARN_NON_LITERAL_NULL_CONVERSION = YES;
				CLANG_WARN_OBJC_IMPLICIT_RETAIN_SELF = YES;
				CLANG_WARN_OBJC_LITERAL_CONVERSION = YES;
				CLANG_WARN_OBJC_ROOT_CLASS = YES_ERROR;
				CLANG_WARN_QUOTED_INCLUDE_IN_FRAMEWORK_HEADER = YES;
				CLANG_WARN_RANGE_LOOP_ANALYSIS = YES;
				CLANG_WARN_STRICT_PROTOTYPES = YES;
				CLANG_WARN_SUSPICIOUS_MOVE = YES;
				CLANG_WARN_UNGUARDED_AVAILABILITY = YES_AGGRESSIVE;
				CLANG_WARN_UNREACHABLE_CODE = YES;
				CLANG_WARN__DUPLICATE_METHOD_MATCH = YES;
				COPY_PHASE_STRIP = NO;
				DEBUG_INFORMATION_FORMAT = "dwarf-with-dsym";
				ENABLE_NS_ASSERTIONS = NO;
				ENABLE_STRICT_OBJC_MSGSEND = YES;
				ENABLE_USER_SCRIPT_SANDBOXING = YES;
				GCC_C_LANGUAGE_STANDARD = gnu17;
				GCC_NO_COMMON_BLOCKS = YES;
				GCC_WARN_64_TO_32_BIT_CONVERSION = YES;
				GCC_WARN_ABOUT_RETURN_TYPE = YES_ERROR;
				GCC_WARN_UNDECLARED_SELECTOR = YES;
				GCC_WARN_UNINITIALIZED_AUTOS = YES_AGGRESSIVE;
				GCC_WARN_UNUSED_FUNCTION = YES;
				GCC_WARN_UNUSED_VARIABLE = YES;
				IPHONEOS_DEPLOYMENT_TARGET = 17.4;
				LOCALIZATION_PREFERS_STRING_CATALOGS = YES;
				MTL_ENABLE_DEBUG_INFO = NO;
				MTL_FAST_MATH = YES;
				SDKROOT = iphoneos;
				SWIFT_COMPILATION_MODE = wholemodule;
				VALIDATE_PRODUCT = YES;
			};
			name = Release;
		};
		ED642D4A2C9C1466006B0AC6 /* Debug */ = {
			isa = XCBuildConfiguration;
			baseConfigurationReference = C84BBD68AF92CE12B02F40B0 /* Pods-RXSwiftMergePractice.debug.xcconfig */;
			buildSettings = {
				ASSETCATALOG_COMPILER_APPICON_NAME = AppIcon;
				ASSETCATALOG_COMPILER_GLOBAL_ACCENT_COLOR_NAME = AccentColor;
				CODE_SIGN_STYLE = Automatic;
				CURRENT_PROJECT_VERSION = 1;
				ENABLE_USER_SCRIPT_SANDBOXING = NO;
				GENERATE_INFOPLIST_FILE = YES;
				INFOPLIST_FILE = RXSwiftMergePractice/Info.plist;
				INFOPLIST_KEY_UIApplicationSupportsIndirectInputEvents = YES;
				INFOPLIST_KEY_UILaunchStoryboardName = LaunchScreen;
				INFOPLIST_KEY_UIMainStoryboardFile = Main;
				INFOPLIST_KEY_UISupportedInterfaceOrientations_iPad = "UIInterfaceOrientationPortrait UIInterfaceOrientationPortraitUpsideDown UIInterfaceOrientationLandscapeLeft UIInterfaceOrientationLandscapeRight";
				INFOPLIST_KEY_UISupportedInterfaceOrientations_iPhone = "UIInterfaceOrientationPortrait UIInterfaceOrientationLandscapeLeft UIInterfaceOrientationLandscapeRight";
				LD_RUNPATH_SEARCH_PATHS = (
					"$(inherited)",
					"@executable_path/Frameworks",
				);
				MARKETING_VERSION = 1.0;
				PRODUCT_BUNDLE_IDENTIFIER = "Ishioka-Ken.RXSwiftMergePractice";
				PRODUCT_NAME = "$(TARGET_NAME)";
				SWIFT_EMIT_LOC_STRINGS = YES;
				SWIFT_VERSION = 5.0;
				TARGETED_DEVICE_FAMILY = "1,2";
			};
			name = Debug;
		};
		ED642D4B2C9C1466006B0AC6 /* Release */ = {
			isa = XCBuildConfiguration;
			baseConfigurationReference = 4B45802CC4476385E39B436B /* Pods-RXSwiftMergePractice.release.xcconfig */;
			buildSettings = {
				ASSETCATALOG_COMPILER_APPICON_NAME = AppIcon;
				ASSETCATALOG_COMPILER_GLOBAL_ACCENT_COLOR_NAME = AccentColor;
				CODE_SIGN_STYLE = Automatic;
				CURRENT_PROJECT_VERSION = 1;
				ENABLE_USER_SCRIPT_SANDBOXING = NO;
				GENERATE_INFOPLIST_FILE = YES;
				INFOPLIST_FILE = RXSwiftMergePractice/Info.plist;
				INFOPLIST_KEY_UIApplicationSupportsIndirectInputEvents = YES;
				INFOPLIST_KEY_UILaunchStoryboardName = LaunchScreen;
				INFOPLIST_KEY_UIMainStoryboardFile = Main;
				INFOPLIST_KEY_UISupportedInterfaceOrientations_iPad = "UIInterfaceOrientationPortrait UIInterfaceOrientationPortraitUpsideDown UIInterfaceOrientationLandscapeLeft UIInterfaceOrientationLandscapeRight";
				INFOPLIST_KEY_UISupportedInterfaceOrientations_iPhone = "UIInterfaceOrientationPortrait UIInterfaceOrientationLandscapeLeft UIInterfaceOrientationLandscapeRight";
				LD_RUNPATH_SEARCH_PATHS = (
					"$(inherited)",
					"@executable_path/Frameworks",
				);
				MARKETING_VERSION = 1.0;
				PRODUCT_BUNDLE_IDENTIFIER = "Ishioka-Ken.RXSwiftMergePractice";
				PRODUCT_NAME = "$(TARGET_NAME)";
				SWIFT_EMIT_LOC_STRINGS = YES;
				SWIFT_VERSION = 5.0;
				TARGETED_DEVICE_FAMILY = "1,2";
			};
			name = Release;
		};
/* End XCBuildConfiguration section */

/* Begin XCConfigurationList section */
		ED642D302C9C1465006B0AC6 /* Build configuration list for PBXProject "RXSwiftMergePractice" */ = {
			isa = XCConfigurationList;
			buildConfigurations = (
				ED642D472C9C1466006B0AC6 /* Debug */,
				ED642D482C9C1466006B0AC6 /* Release */,
			);
			defaultConfigurationIsVisible = 0;
			defaultConfigurationName = Release;
		};
		ED642D492C9C1466006B0AC6 /* Build configuration list for PBXNativeTarget "RXSwiftMergePractice" */ = {
			isa = XCConfigurationList;
			buildConfigurations = (
				ED642D4A2C9C1466006B0AC6 /* Debug */,
				ED642D4B2C9C1466006B0AC6 /* Release */,
			);
			defaultConfigurationIsVisible = 0;
			defaultConfigurationName = Release;
		};
/* End XCConfigurationList section */
	};
	rootObject = ED642D2D2C9C1465006B0AC6 /* Project object */;
}
