// !$*UTF8*$!
{
	archiveVersion = 1;
	classes = {
	};
	objectVersion = 56;
	objects = {

/* Begin PBXBuildFile section */
		A08FB7F764F431F5C2F80C5E /* Pods_RxSwiftWeatherAPIApp.framework in Frameworks */ = {isa = PBXBuildFile; fileRef = 8ABD88A21C60EBEDD6C76503 /* Pods_RxSwiftWeatherAPIApp.framework */; };
		ED951E532C9D18E7005B8356 /* AppDelegate.swift in Sources */ = {isa = PBXBuildFile; fileRef = ED951E522C9D18E7005B8356 /* AppDelegate.swift */; };
		ED951E552C9D18E7005B8356 /* SceneDelegate.swift in Sources */ = {isa = PBXBuildFile; fileRef = ED951E542C9D18E7005B8356 /* SceneDelegate.swift */; };
		ED951E572C9D18E7005B8356 /* ViewController.swift in Sources */ = {isa = PBXBuildFile; fileRef = ED951E562C9D18E7005B8356 /* ViewController.swift */; };
		ED951E5A2C9D18E7005B8356 /* Base in Resources */ = {isa = PBXBuildFile; fileRef = ED951E592C9D18E7005B8356 /* Base */; };
		ED951E5C2C9D18E8005B8356 /* Assets.xcassets in Resources */ = {isa = PBXBuildFile; fileRef = ED951E5B2C9D18E8005B8356 /* Assets.xcassets */; };
		ED951E5F2C9D18E8005B8356 /* Base in Resources */ = {isa = PBXBuildFile; fileRef = ED951E5E2C9D18E8005B8356 /* Base */; };
		ED951E672C9D1B0D005B8356 /* WeatherModel.swift in Sources */ = {isa = PBXBuildFile; fileRef = ED951E662C9D1B0D005B8356 /* WeatherModel.swift */; };
		ED951E692C9D1C2F005B8356 /* WeatherAPI.swift in Sources */ = {isa = PBXBuildFile; fileRef = ED951E682C9D1C2F005B8356 /* WeatherAPI.swift */; };
		ED951E6B2C9D4966005B8356 /* WeatherViewModel.swift in Sources */ = {isa = PBXBuildFile; fileRef = ED951E6A2C9D4966005B8356 /* WeatherViewModel.swift */; };
/* End PBXBuildFile section */

/* Begin PBXFileReference section */
		2A19344BEEBD83078842ACC9 /* Pods-RxSwiftWeatherAPIApp.release.xcconfig */ = {isa = PBXFileReference; includeInIndex = 1; lastKnownFileType = text.xcconfig; name = "Pods-RxSwiftWeatherAPIApp.release.xcconfig"; path = "Target Support Files/Pods-RxSwiftWeatherAPIApp/Pods-RxSwiftWeatherAPIApp.release.xcconfig"; sourceTree = "<group>"; };
		8ABD88A21C60EBEDD6C76503 /* Pods_RxSwiftWeatherAPIApp.framework */ = {isa = PBXFileReference; explicitFileType = wrapper.framework; includeInIndex = 0; path = Pods_RxSwiftWeatherAPIApp.framework; sourceTree = BUILT_PRODUCTS_DIR; };
		AA8040B2EE583133A216870B /* Pods-RxSwiftWeatherAPIApp.debug.xcconfig */ = {isa = PBXFileReference; includeInIndex = 1; lastKnownFileType = text.xcconfig; name = "Pods-RxSwiftWeatherAPIApp.debug.xcconfig"; path = "Target Support Files/Pods-RxSwiftWeatherAPIApp/Pods-RxSwiftWeatherAPIApp.debug.xcconfig"; sourceTree = "<group>"; };
		ED951E4F2C9D18E7005B8356 /* RxSwiftWeatherAPIApp.app */ = {isa = PBXFileReference; explicitFileType = wrapper.application; includeInIndex = 0; path = RxSwiftWeatherAPIApp.app; sourceTree = BUILT_PRODUCTS_DIR; };
		ED951E522C9D18E7005B8356 /* AppDelegate.swift */ = {isa = PBXFileReference; lastKnownFileType = sourcecode.swift; path = AppDelegate.swift; sourceTree = "<group>"; };
		ED951E542C9D18E7005B8356 /* SceneDelegate.swift */ = {isa = PBXFileReference; lastKnownFileType = sourcecode.swift; path = SceneDelegate.swift; sourceTree = "<group>"; };
		ED951E562C9D18E7005B8356 /* ViewController.swift */ = {isa = PBXFileReference; lastKnownFileType = sourcecode.swift; path = ViewController.swift; sourceTree = "<group>"; };
		ED951E592C9D18E7005B8356 /* Base */ = {isa = PBXFileReference; lastKnownFileType = file.storyboard; name = Base; path = Base.lproj/Main.storyboard; sourceTree = "<group>"; };
		ED951E5B2C9D18E8005B8356 /* Assets.xcassets */ = {isa = PBXFileReference; lastKnownFileType = folder.assetcatalog; path = Assets.xcassets; sourceTree = "<group>"; };
		ED951E5E2C9D18E8005B8356 /* Base */ = {isa = PBXFileReference; lastKnownFileType = file.storyboard; name = Base; path = Base.lproj/LaunchScreen.storyboard; sourceTree = "<group>"; };
		ED951E602C9D18E8005B8356 /* Info.plist */ = {isa = PBXFileReference; lastKnownFileType = text.plist.xml; path = Info.plist; sourceTree = "<group>"; };
		ED951E662C9D1B0D005B8356 /* WeatherModel.swift */ = {isa = PBXFileReference; lastKnownFileType = sourcecode.swift; path = WeatherModel.swift; sourceTree = "<group>"; };
		ED951E682C9D1C2F005B8356 /* WeatherAPI.swift */ = {isa = PBXFileReference; lastKnownFileType = sourcecode.swift; path = WeatherAPI.swift; sourceTree = "<group>"; };
		ED951E6A2C9D4966005B8356 /* WeatherViewModel.swift */ = {isa = PBXFileReference; lastKnownFileType = sourcecode.swift; path = WeatherViewModel.swift; sourceTree = "<group>"; };
/* End PBXFileReference section */

/* Begin PBXFrameworksBuildPhase section */
		ED951E4C2C9D18E7005B8356 /* Frameworks */ = {
			isa = PBXFrameworksBuildPhase;
			buildActionMask = 2147483647;
			files = (
				A08FB7F764F431F5C2F80C5E /* Pods_RxSwiftWeatherAPIApp.framework in Frameworks */,
			);
			runOnlyForDeploymentPostprocessing = 0;
		};
/* End PBXFrameworksBuildPhase section */

/* Begin PBXGroup section */
		36AD6942D32383596851610B /* Frameworks */ = {
			isa = PBXGroup;
			children = (
				8ABD88A21C60EBEDD6C76503 /* Pods_RxSwiftWeatherAPIApp.framework */,
			);
			name = Frameworks;
			sourceTree = "<group>";
		};
		6C60D5A8B81D4B146DC3D64A /* Pods */ = {
			isa = PBXGroup;
			children = (
				AA8040B2EE583133A216870B /* Pods-RxSwiftWeatherAPIApp.debug.xcconfig */,
				2A19344BEEBD83078842ACC9 /* Pods-RxSwiftWeatherAPIApp.release.xcconfig */,
			);
			path = Pods;
			sourceTree = "<group>";
		};
		ED951E462C9D18E7005B8356 = {
			isa = PBXGroup;
			children = (
				ED951E512C9D18E7005B8356 /* RxSwiftWeatherAPIApp */,
				ED951E502C9D18E7005B8356 /* Products */,
				6C60D5A8B81D4B146DC3D64A /* Pods */,
				36AD6942D32383596851610B /* Frameworks */,
			);
			sourceTree = "<group>";
		};
		ED951E502C9D18E7005B8356 /* Products */ = {
			isa = PBXGroup;
			children = (
				ED951E4F2C9D18E7005B8356 /* RxSwiftWeatherAPIApp.app */,
			);
			name = Products;
			sourceTree = "<group>";
		};
		ED951E512C9D18E7005B8356 /* RxSwiftWeatherAPIApp */ = {
			isa = PBXGroup;
			children = (
				ED951E522C9D18E7005B8356 /* AppDelegate.swift */,
				ED951E542C9D18E7005B8356 /* SceneDelegate.swift */,
				ED951E662C9D1B0D005B8356 /* WeatherModel.swift */,
				ED951E682C9D1C2F005B8356 /* WeatherAPI.swift */,
				ED951E6A2C9D4966005B8356 /* WeatherViewModel.swift */,
				ED951E562C9D18E7005B8356 /* ViewController.swift */,
				ED951E582C9D18E7005B8356 /* Main.storyboard */,
				ED951E5B2C9D18E8005B8356 /* Assets.xcassets */,
				ED951E5D2C9D18E8005B8356 /* LaunchScreen.storyboard */,
				ED951E602C9D18E8005B8356 /* Info.plist */,
			);
			path = RxSwiftWeatherAPIApp;
			sourceTree = "<group>";
		};
/* End PBXGroup section */

/* Begin PBXNativeTarget section */
		ED951E4E2C9D18E7005B8356 /* RxSwiftWeatherAPIApp */ = {
			isa = PBXNativeTarget;
			buildConfigurationList = ED951E632C9D18E8005B8356 /* Build configuration list for PBXNativeTarget "RxSwiftWeatherAPIApp" */;
			buildPhases = (
				3C7B5B21552CFF1A8A32CC17 /* [CP] Check Pods Manifest.lock */,
				ED951E4B2C9D18E7005B8356 /* Sources */,
				ED951E4C2C9D18E7005B8356 /* Frameworks */,
				ED951E4D2C9D18E7005B8356 /* Resources */,
				F7E822A8818F9135FCCDC910 /* [CP] Embed Pods Frameworks */,
			);
			buildRules = (
			);
			dependencies = (
			);
			name = RxSwiftWeatherAPIApp;
			productName = RxSwiftWeatherAPIApp;
			productReference = ED951E4F2C9D18E7005B8356 /* RxSwiftWeatherAPIApp.app */;
			productType = "com.apple.product-type.application";
		};
/* End PBXNativeTarget section */

/* Begin PBXProject section */
		ED951E472C9D18E7005B8356 /* Project object */ = {
			isa = PBXProject;
			attributes = {
				BuildIndependentTargetsInParallel = 1;
				LastSwiftUpdateCheck = 1530;
				LastUpgradeCheck = 1530;
				TargetAttributes = {
					ED951E4E2C9D18E7005B8356 = {
						CreatedOnToolsVersion = 15.3;
					};
				};
			};
			buildConfigurationList = ED951E4A2C9D18E7005B8356 /* Build configuration list for PBXProject "RxSwiftWeatherAPIApp" */;
			compatibilityVersion = "Xcode 14.0";
			developmentRegion = en;
			hasScannedForEncodings = 0;
			knownRegions = (
				en,
				Base,
			);
			mainGroup = ED951E462C9D18E7005B8356;
			productRefGroup = ED951E502C9D18E7005B8356 /* Products */;
			projectDirPath = "";
			projectRoot = "";
			targets = (
				ED951E4E2C9D18E7005B8356 /* RxSwiftWeatherAPIApp */,
			);
		};
/* End PBXProject section */

/* Begin PBXResourcesBuildPhase section */
		ED951E4D2C9D18E7005B8356 /* Resources */ = {
			isa = PBXResourcesBuildPhase;
			buildActionMask = 2147483647;
			files = (
				ED951E5C2C9D18E8005B8356 /* Assets.xcassets in Resources */,
				ED951E5F2C9D18E8005B8356 /* Base in Resources */,
				ED951E5A2C9D18E7005B8356 /* Base in Resources */,
			);
			runOnlyForDeploymentPostprocessing = 0;
		};
/* End PBXResourcesBuildPhase section */

/* Begin PBXShellScriptBuildPhase section */
		3C7B5B21552CFF1A8A32CC17 /* [CP] Check Pods Manifest.lock */ = {
			isa = PBXShellScriptBuildPhase;
			buildActionMask = 2147483647;
			files = (
			);
			inputFileListPaths = (
			);
			inputPaths = (
				"${PODS_PODFILE_DIR_PATH}/Podfile.lock",
				"${PODS_ROOT}/Manifest.lock",
			);
			name = "[CP] Check Pods Manifest.lock";
			outputFileListPaths = (
			);
			outputPaths = (
				"$(DERIVED_FILE_DIR)/Pods-RxSwiftWeatherAPIApp-checkManifestLockResult.txt",
			);
			runOnlyForDeploymentPostprocessing = 0;
			shellPath = /bin/sh;
			shellScript = "diff \"${PODS_PODFILE_DIR_PATH}/Podfile.lock\" \"${PODS_ROOT}/Manifest.lock\" > /dev/null\nif [ $? != 0 ] ; then\n    # print error to STDERR\n    echo \"error: The sandbox is not in sync with the Podfile.lock. Run 'pod install' or update your CocoaPods installation.\" >&2\n    exit 1\nfi\n# This output is used by Xcode 'outputs' to avoid re-running this script phase.\necho \"SUCCESS\" > \"${SCRIPT_OUTPUT_FILE_0}\"\n";
			showEnvVarsInLog = 0;
		};
		F7E822A8818F9135FCCDC910 /* [CP] Embed Pods Frameworks */ = {
			isa = PBXShellScriptBuildPhase;
			buildActionMask = 2147483647;
			files = (
			);
			inputFileListPaths = (
				"${PODS_ROOT}/Target Support Files/Pods-RxSwiftWeatherAPIApp/Pods-RxSwiftWeatherAPIApp-frameworks-${CONFIGURATION}-input-files.xcfilelist",
			);
			name = "[CP] Embed Pods Frameworks";
			outputFileListPaths = (
				"${PODS_ROOT}/Target Support Files/Pods-RxSwiftWeatherAPIApp/Pods-RxSwiftWeatherAPIApp-frameworks-${CONFIGURATION}-output-files.xcfilelist",
			);
			runOnlyForDeploymentPostprocessing = 0;
			shellPath = /bin/sh;
			shellScript = "\"${PODS_ROOT}/Target Support Files/Pods-RxSwiftWeatherAPIApp/Pods-RxSwiftWeatherAPIApp-frameworks.sh\"\n";
			showEnvVarsInLog = 0;
		};
/* End PBXShellScriptBuildPhase section */

/* Begin PBXSourcesBuildPhase section */
		ED951E4B2C9D18E7005B8356 /* Sources */ = {
			isa = PBXSourcesBuildPhase;
			buildActionMask = 2147483647;
			files = (
				ED951E572C9D18E7005B8356 /* ViewController.swift in Sources */,
				ED951E6B2C9D4966005B8356 /* WeatherViewModel.swift in Sources */,
				ED951E532C9D18E7005B8356 /* AppDelegate.swift in Sources */,
				ED951E692C9D1C2F005B8356 /* WeatherAPI.swift in Sources */,
				ED951E672C9D1B0D005B8356 /* WeatherModel.swift in Sources */,
				ED951E552C9D18E7005B8356 /* SceneDelegate.swift in Sources */,
			);
			runOnlyForDeploymentPostprocessing = 0;
		};
/* End PBXSourcesBuildPhase section */

/* Begin PBXVariantGroup section */
		ED951E582C9D18E7005B8356 /* Main.storyboard */ = {
			isa = PBXVariantGroup;
			children = (
				ED951E592C9D18E7005B8356 /* Base */,
			);
			name = Main.storyboard;
			sourceTree = "<group>";
		};
		ED951E5D2C9D18E8005B8356 /* LaunchScreen.storyboard */ = {
			isa = PBXVariantGroup;
			children = (
				ED951E5E2C9D18E8005B8356 /* Base */,
			);
			name = LaunchScreen.storyboard;
			sourceTree = "<group>";
		};
/* End PBXVariantGroup section */

/* Begin XCBuildConfiguration section */
		ED951E612C9D18E8005B8356 /* Debug */ = {
			isa = XCBuildConfiguration;
			buildSettings = {
				ALWAYS_SEARCH_USER_PATHS = NO;
				ASSETCATALOG_COMPILER_GENERATE_SWIFT_ASSET_SYMBOL_EXTENSIONS = YES;
				CLANG_ANALYZER_NONNULL = YES;
				CLANG_ANALYZER_NUMBER_OBJECT_CONVERSION = YES_AGGRESSIVE;
				CLANG_CXX_LANGUAGE_STANDARD = "gnu++20";
				CLANG_ENABLE_MODULES = YES;
				CLANG_ENABLE_OBJC_ARC = YES;
				CLANG_ENABLE_OBJC_WEAK = YES;
				CLANG_WARN_BLOCK_CAPTURE_AUTORELEASING = YES;
				CLANG_WARN_BOOL_CONVERSION = YES;
				CLANG_WARN_COMMA = YES;
				CLANG_WARN_CONSTANT_CONVERSION = YES;
				CLANG_WARN_DEPRECATED_OBJC_IMPLEMENTATIONS = YES;
				CLANG_WARN_DIRECT_OBJC_ISA_USAGE = YES_ERROR;
				CLANG_WARN_DOCUMENTATION_COMMENTS = YES;
				CLANG_WARN_EMPTY_BODY = YES;
				CLANG_WARN_ENUM_CONVERSION = YES;
				CLANG_WARN_INFINITE_RECURSION = YES;
				CLANG_WARN_INT_CONVERSION = YES;
				CLANG_WARN_NON_LITERAL_NULL_CONVERSION = YES;
				CLANG_WARN_OBJC_IMPLICIT_RETAIN_SELF = YES;
				CLANG_WARN_OBJC_LITERAL_CONVERSION = YES;
				CLANG_WARN_OBJC_ROOT_CLASS = YES_ERROR;
				CLANG_WARN_QUOTED_INCLUDE_IN_FRAMEWORK_HEADER = YES;
				CLANG_WARN_RANGE_LOOP_ANALYSIS = YES;
				CLANG_WARN_STRICT_PROTOTYPES = YES;
				CLANG_WARN_SUSPICIOUS_MOVE = YES;
				CLANG_WARN_UNGUARDED_AVAILABILITY = YES_AGGRESSIVE;
				CLANG_WARN_UNREACHABLE_CODE = YES;
				CLANG_WARN__DUPLICATE_METHOD_MATCH = YES;
				COPY_PHASE_STRIP = NO;
				DEBUG_INFORMATION_FORMAT = dwarf;
				ENABLE_STRICT_OBJC_MSGSEND = YES;
				ENABLE_TESTABILITY = YES;
				ENABLE_USER_SCRIPT_SANDBOXING = YES;
				GCC_C_LANGUAGE_STANDARD = gnu17;
				GCC_DYNAMIC_NO_PIC = NO;
				GCC_NO_COMMON_BLOCKS = YES;
				GCC_OPTIMIZATION_LEVEL = 0;
				GCC_PREPROCESSOR_DEFINITIONS = (
					"DEBUG=1",
					"$(inherited)",
				);
				GCC_WARN_64_TO_32_BIT_CONVERSION = YES;
				GCC_WARN_ABOUT_RETURN_TYPE = YES_ERROR;
				GCC_WARN_UNDECLARED_SELECTOR = YES;
				GCC_WARN_UNINITIALIZED_AUTOS = YES_AGGRESSIVE;
				GCC_WARN_UNUSED_FUNCTION = YES;
				GCC_WARN_UNUSED_VARIABLE = YES;
				IPHONEOS_DEPLOYMENT_TARGET = 17.4;
				LOCALIZATION_PREFERS_STRING_CATALOGS = YES;
				MTL_ENABLE_DEBUG_INFO = INCLUDE_SOURCE;
				MTL_FAST_MATH = YES;
				ONLY_ACTIVE_ARCH = YES;
				SDKROOT = iphoneos;
				SWIFT_ACTIVE_COMPILATION_CONDITIONS = "DEBUG $(inherited)";
				SWIFT_OPTIMIZATION_LEVEL = "-Onone";
			};
			name = Debug;
		};
		ED951E622C9D18E8005B8356 /* Release */ = {
			isa = XCBuildConfiguration;
			buildSettings = {
				ALWAYS_SEARCH_USER_PATHS = NO;
				ASSETCATALOG_COMPILER_GENERATE_SWIFT_ASSET_SYMBOL_EXTENSIONS = YES;
				CLANG_ANALYZER_NONNULL = YES;
				CLANG_ANALYZER_NUMBER_OBJECT_CONVERSION = YES_AGGRESSIVE;
				CLANG_CXX_LANGUAGE_STANDARD = "gnu++20";
				CLANG_ENABLE_MODULES = YES;
				CLANG_ENABLE_OBJC_ARC = YES;
				CLANG_ENABLE_OBJC_WEAK = YES;
				CLANG_WARN_BLOCK_CAPTURE_AUTORELEASING = YES;
				CLANG_WARN_BOOL_CONVERSION = YES;
				CLANG_WARN_COMMA = YES;
				CLANG_WARN_CONSTANT_CONVERSION = YES;
				CLANG_WARN_DEPRECATED_OBJC_IMPLEMENTATIONS = YES;
				CLANG_WARN_DIRECT_OBJC_ISA_USAGE = YES_ERROR;
				CLANG_WARN_DOCUMENTATION_COMMENTS = YES;
				CLANG_WARN_EMPTY_BODY = YES;
				CLANG_WARN_ENUM_CONVERSION = YES;
				CLANG_WARN_INFINITE_RECURSION = YES;
				CLANG_WARN_INT_CONVERSION = YES;
				CLANG_WARN_NON_LITERAL_NULL_CONVERSION = YES;
				CLANG_WARN_OBJC_IMPLICIT_RETAIN_SELF = YES;
				CLANG_WARN_OBJC_LITERAL_CONVERSION = YES;
				CLANG_WARN_OBJC_ROOT_CLASS = YES_ERROR;
				CLANG_WARN_QUOTED_INCLUDE_IN_FRAMEWORK_HEADER = YES;
				CLANG_WARN_RANGE_LOOP_ANALYSIS = YES;
				CLANG_WARN_STRICT_PROTOTYPES = YES;
				CLANG_WARN_SUSPICIOUS_MOVE = YES;
				CLANG_WARN_UNGUARDED_AVAILABILITY = YES_AGGRESSIVE;
				CLANG_WARN_UNREACHABLE_CODE = YES;
				CLANG_WARN__DUPLICATE_METHOD_MATCH = YES;
				COPY_PHASE_STRIP = NO;
				DEBUG_INFORMATION_FORMAT = "dwarf-with-dsym";
				ENABLE_NS_ASSERTIONS = NO;
				ENABLE_STRICT_OBJC_MSGSEND = YES;
				ENABLE_USER_SCRIPT_SANDBOXING = YES;
				GCC_C_LANGUAGE_STANDARD = gnu17;
				GCC_NO_COMMON_BLOCKS = YES;
				GCC_WARN_64_TO_32_BIT_CONVERSION = YES;
				GCC_WARN_ABOUT_RETURN_TYPE = YES_ERROR;
				GCC_WARN_UNDECLARED_SELECTOR = YES;
				GCC_WARN_UNINITIALIZED_AUTOS = YES_AGGRESSIVE;
				GCC_WARN_UNUSED_FUNCTION = YES;
				GCC_WARN_UNUSED_VARIABLE = YES;
				IPHONEOS_DEPLOYMENT_TARGET = 17.4;
				LOCALIZATION_PREFERS_STRING_CATALOGS = YES;
				MTL_ENABLE_DEBUG_INFO = NO;
				MTL_FAST_MATH = YES;
				SDKROOT = iphoneos;
				SWIFT_COMPILATION_MODE = wholemodule;
				VALIDATE_PRODUCT = YES;
			};
			name = Release;
		};
		ED951E642C9D18E8005B8356 /* Debug */ = {
			isa = XCBuildConfiguration;
			baseConfigurationReference = AA8040B2EE583133A216870B /* Pods-RxSwiftWeatherAPIApp.debug.xcconfig */;
			buildSettings = {
				ASSETCATALOG_COMPILER_APPICON_NAME = AppIcon;
				ASSETCATALOG_COMPILER_GLOBAL_ACCENT_COLOR_NAME = AccentColor;
				CODE_SIGN_STYLE = Automatic;
				CURRENT_PROJECT_VERSION = 1;
				ENABLE_USER_SCRIPT_SANDBOXING = NO;
				GENERATE_INFOPLIST_FILE = YES;
				INFOPLIST_FILE = RxSwiftWeatherAPIApp/Info.plist;
				INFOPLIST_KEY_UIApplicationSupportsIndirectInputEvents = YES;
				INFOPLIST_KEY_UILaunchStoryboardName = LaunchScreen;
				INFOPLIST_KEY_UIMainStoryboardFile = Main;
				INFOPLIST_KEY_UISupportedInterfaceOrientations_iPad = "UIInterfaceOrientationPortrait UIInterfaceOrientationPortraitUpsideDown UIInterfaceOrientationLandscapeLeft UIInterfaceOrientationLandscapeRight";
				INFOPLIST_KEY_UISupportedInterfaceOrientations_iPhone = "UIInterfaceOrientationPortrait UIInterfaceOrientationLandscapeLeft UIInterfaceOrientationLandscapeRight";
				LD_RUNPATH_SEARCH_PATHS = (
					"$(inherited)",
					"@executable_path/Frameworks",
				);
				MARKETING_VERSION = 1.0;
				PRODUCT_BUNDLE_IDENTIFIER = "Ishioka-Ken.RxSwiftWeatherAPIApp";
				PRODUCT_NAME = "$(TARGET_NAME)";
				SWIFT_EMIT_LOC_STRINGS = YES;
				SWIFT_VERSION = 5.0;
				TARGETED_DEVICE_FAMILY = "1,2";
			};
			name = Debug;
		};
		ED951E652C9D18E8005B8356 /* Release */ = {
			isa = XCBuildConfiguration;
			baseConfigurationReference = 2A19344BEEBD83078842ACC9 /* Pods-RxSwiftWeatherAPIApp.release.xcconfig */;
			buildSettings = {
				ASSETCATALOG_COMPILER_APPICON_NAME = AppIcon;
				ASSETCATALOG_COMPILER_GLOBAL_ACCENT_COLOR_NAME = AccentColor;
				CODE_SIGN_STYLE = Automatic;
				CURRENT_PROJECT_VERSION = 1;
				ENABLE_USER_SCRIPT_SANDBOXING = NO;
				GENERATE_INFOPLIST_FILE = YES;
				INFOPLIST_FILE = RxSwiftWeatherAPIApp/Info.plist;
				INFOPLIST_KEY_UIApplicationSupportsIndirectInputEvents = YES;
				INFOPLIST_KEY_UILaunchStoryboardName = LaunchScreen;
				INFOPLIST_KEY_UIMainStoryboardFile = Main;
				INFOPLIST_KEY_UISupportedInterfaceOrientations_iPad = "UIInterfaceOrientationPortrait UIInterfaceOrientationPortraitUpsideDown UIInterfaceOrientationLandscapeLeft UIInterfaceOrientationLandscapeRight";
				INFOPLIST_KEY_UISupportedInterfaceOrientations_iPhone = "UIInterfaceOrientationPortrait UIInterfaceOrientationLandscapeLeft UIInterfaceOrientationLandscapeRight";
				LD_RUNPATH_SEARCH_PATHS = (
					"$(inherited)",
					"@executable_path/Frameworks",
				);
				MARKETING_VERSION = 1.0;
				PRODUCT_BUNDLE_IDENTIFIER = "Ishioka-Ken.RxSwiftWeatherAPIApp";
				PRODUCT_NAME = "$(TARGET_NAME)";
				SWIFT_EMIT_LOC_STRINGS = YES;
				SWIFT_VERSION = 5.0;
				TARGETED_DEVICE_FAMILY = "1,2";
			};
			name = Release;
		};
/* End XCBuildConfiguration section */

/* Begin XCConfigurationList section */
		ED951E4A2C9D18E7005B8356 /* Build configuration list for PBXProject "RxSwiftWeatherAPIApp" */ = {
			isa = XCConfigurationList;
			buildConfigurations = (
				ED951E612C9D18E8005B8356 /* Debug */,
				ED951E622C9D18E8005B8356 /* Release */,
			);
			defaultConfigurationIsVisible = 0;
			defaultConfigurationName = Release;
		};
		ED951E632C9D18E8005B8356 /* Build configuration list for PBXNativeTarget "RxSwiftWeatherAPIApp" */ = {
			isa = XCConfigurationList;
			buildConfigurations = (
				ED951E642C9D18E8005B8356 /* Debug */,
				ED951E652C9D18E8005B8356 /* Release */,
			);
			defaultConfigurationIsVisible = 0;
			defaultConfigurationName = Release;
		};
/* End XCConfigurationList section */
	};
	rootObject = ED951E472C9D18E7005B8356 /* Project object */;
}
