// !$*UTF8*$!
{
	archiveVersion = 1;
	classes = {
	};
	objectVersion = 56;
	objects = {

/* Begin PBXBuildFile section */
		3D1559FB73259A3CE4E27047 /* Pods_RxSwiftOperatorFilter.framework in Frameworks */ = {isa = PBXBuildFile; fileRef = B4B64596F253B94C874C7C63 /* Pods_RxSwiftOperatorFilter.framework */; };
		ED3FFA8D2C7F017100C629C5 /* AppDelegate.swift in Sources */ = {isa = PBXBuildFile; fileRef = ED3FFA8C2C7F017100C629C5 /* AppDelegate.swift */; };
		ED3FFA8F2C7F017100C629C5 /* SceneDelegate.swift in Sources */ = {isa = PBXBuildFile; fileRef = ED3FFA8E2C7F017100C629C5 /* SceneDelegate.swift */; };
		ED3FFA912C7F017100C629C5 /* ViewController.swift in Sources */ = {isa = PBXBuildFile; fileRef = ED3FFA902C7F017100C629C5 /* ViewController.swift */; };
		ED3FFA942C7F017100C629C5 /* Base in Resources */ = {isa = PBXBuildFile; fileRef = ED3FFA932C7F017100C629C5 /* Base */; };
		ED3FFA962C7F017100C629C5 /* Assets.xcassets in Resources */ = {isa = PBXBuildFile; fileRef = ED3FFA952C7F017100C629C5 /* Assets.xcassets */; };
		ED3FFA992C7F017100C629C5 /* Base in Resources */ = {isa = PBXBuildFile; fileRef = ED3FFA982C7F017100C629C5 /* Base */; };
/* End PBXBuildFile section */

/* Begin PBXFileReference section */
		97F720E4B950E49C9101B80F /* Pods-RxSwiftOperatorFilter.debug.xcconfig */ = {isa = PBXFileReference; includeInIndex = 1; lastKnownFileType = text.xcconfig; name = "Pods-RxSwiftOperatorFilter.debug.xcconfig"; path = "Target Support Files/Pods-RxSwiftOperatorFilter/Pods-RxSwiftOperatorFilter.debug.xcconfig"; sourceTree = "<group>"; };
		B4B64596F253B94C874C7C63 /* Pods_RxSwiftOperatorFilter.framework */ = {isa = PBXFileReference; explicitFileType = wrapper.framework; includeInIndex = 0; path = Pods_RxSwiftOperatorFilter.framework; sourceTree = BUILT_PRODUCTS_DIR; };
		D60CC82703AFE67FDC7113DA /* Pods-RxSwiftOperatorFilter.release.xcconfig */ = {isa = PBXFileReference; includeInIndex = 1; lastKnownFileType = text.xcconfig; name = "Pods-RxSwiftOperatorFilter.release.xcconfig"; path = "Target Support Files/Pods-RxSwiftOperatorFilter/Pods-RxSwiftOperatorFilter.release.xcconfig"; sourceTree = "<group>"; };
		ED3FFA892C7F017100C629C5 /* RxSwiftOperatorFilter.app */ = {isa = PBXFileReference; explicitFileType = wrapper.application; includeInIndex = 0; path = RxSwiftOperatorFilter.app; sourceTree = BUILT_PRODUCTS_DIR; };
		ED3FFA8C2C7F017100C629C5 /* AppDelegate.swift */ = {isa = PBXFileReference; lastKnownFileType = sourcecode.swift; path = AppDelegate.swift; sourceTree = "<group>"; };
		ED3FFA8E2C7F017100C629C5 /* SceneDelegate.swift */ = {isa = PBXFileReference; lastKnownFileType = sourcecode.swift; path = SceneDelegate.swift; sourceTree = "<group>"; };
		ED3FFA902C7F017100C629C5 /* ViewController.swift */ = {isa = PBXFileReference; lastKnownFileType = sourcecode.swift; path = ViewController.swift; sourceTree = "<group>"; };
		ED3FFA932C7F017100C629C5 /* Base */ = {isa = PBXFileReference; lastKnownFileType = file.storyboard; name = Base; path = Base.lproj/Main.storyboard; sourceTree = "<group>"; };
		ED3FFA952C7F017100C629C5 /* Assets.xcassets */ = {isa = PBXFileReference; lastKnownFileType = folder.assetcatalog; path = Assets.xcassets; sourceTree = "<group>"; };
		ED3FFA982C7F017100C629C5 /* Base */ = {isa = PBXFileReference; lastKnownFileType = file.storyboard; name = Base; path = Base.lproj/LaunchScreen.storyboard; sourceTree = "<group>"; };
		ED3FFA9A2C7F017100C629C5 /* Info.plist */ = {isa = PBXFileReference; lastKnownFileType = text.plist.xml; path = Info.plist; sourceTree = "<group>"; };
/* End PBXFileReference section */

/* Begin PBXFrameworksBuildPhase section */
		ED3FFA862C7F017000C629C5 /* Frameworks */ = {
			isa = PBXFrameworksBuildPhase;
			buildActionMask = 2147483647;
			files = (
				3D1559FB73259A3CE4E27047 /* Pods_RxSwiftOperatorFilter.framework in Frameworks */,
			);
			runOnlyForDeploymentPostprocessing = 0;
		};
/* End PBXFrameworksBuildPhase section */

/* Begin PBXGroup section */
		5DBE9A2A3FF6DB0FF8596E98 /* Pods */ = {
			isa = PBXGroup;
			children = (
				97F720E4B950E49C9101B80F /* Pods-RxSwiftOperatorFilter.debug.xcconfig */,
				D60CC82703AFE67FDC7113DA /* Pods-RxSwiftOperatorFilter.release.xcconfig */,
			);
			name = Pods;
			path = Pods;
			sourceTree = "<group>";
		};
		89D76DF8F522D4C8B473C68E /* Frameworks */ = {
			isa = PBXGroup;
			children = (
				B4B64596F253B94C874C7C63 /* Pods_RxSwiftOperatorFilter.framework */,
			);
			name = Frameworks;
			sourceTree = "<group>";
		};
		ED3FFA802C7F017000C629C5 = {
			isa = PBXGroup;
			children = (
				ED3FFA8B2C7F017100C629C5 /* RxSwiftOperatorFilter */,
				ED3FFA8A2C7F017100C629C5 /* Products */,
				5DBE9A2A3FF6DB0FF8596E98 /* Pods */,
				89D76DF8F522D4C8B473C68E /* Frameworks */,
			);
			sourceTree = "<group>";
		};
		ED3FFA8A2C7F017100C629C5 /* Products */ = {
			isa = PBXGroup;
			children = (
				ED3FFA892C7F017100C629C5 /* RxSwiftOperatorFilter.app */,
			);
			name = Products;
			sourceTree = "<group>";
		};
		ED3FFA8B2C7F017100C629C5 /* RxSwiftOperatorFilter */ = {
			isa = PBXGroup;
			children = (
				ED3FFA8C2C7F017100C629C5 /* AppDelegate.swift */,
				ED3FFA8E2C7F017100C629C5 /* SceneDelegate.swift */,
				ED3FFA902C7F017100C629C5 /* ViewController.swift */,
				ED3FFA922C7F017100C629C5 /* Main.storyboard */,
				ED3FFA952C7F017100C629C5 /* Assets.xcassets */,
				ED3FFA972C7F017100C629C5 /* LaunchScreen.storyboard */,
				ED3FFA9A2C7F017100C629C5 /* Info.plist */,
			);
			path = RxSwiftOperatorFilter;
			sourceTree = "<group>";
		};
/* End PBXGroup section */

/* Begin PBXNativeTarget section */
		ED3FFA882C7F017000C629C5 /* RxSwiftOperatorFilter */ = {
			isa = PBXNativeTarget;
			buildConfigurationList = ED3FFA9D2C7F017100C629C5 /* Build configuration list for PBXNativeTarget "RxSwiftOperatorFilter" */;
			buildPhases = (
				EAB2067CBA7B4AA7947BD776 /* [CP] Check Pods Manifest.lock */,
				ED3FFA852C7F017000C629C5 /* Sources */,
				ED3FFA862C7F017000C629C5 /* Frameworks */,
				ED3FFA872C7F017000C629C5 /* Resources */,
				C8C6B44965642AD45F2BA8A1 /* [CP] Embed Pods Frameworks */,
			);
			buildRules = (
			);
			dependencies = (
			);
			name = RxSwiftOperatorFilter;
			productName = RxSwiftOperatorFilter;
			productReference = ED3FFA892C7F017100C629C5 /* RxSwiftOperatorFilter.app */;
			productType = "com.apple.product-type.application";
		};
/* End PBXNativeTarget section */

/* Begin PBXProject section */
		ED3FFA812C7F017000C629C5 /* Project object */ = {
			isa = PBXProject;
			attributes = {
				BuildIndependentTargetsInParallel = 1;
				LastSwiftUpdateCheck = 1530;
				LastUpgradeCheck = 1530;
				TargetAttributes = {
					ED3FFA882C7F017000C629C5 = {
						CreatedOnToolsVersion = 15.3;
					};
				};
			};
			buildConfigurationList = ED3FFA842C7F017000C629C5 /* Build configuration list for PBXProject "RxSwiftOperatorFilter" */;
			compatibilityVersion = "Xcode 14.0";
			developmentRegion = en;
			hasScannedForEncodings = 0;
			knownRegions = (
				en,
				Base,
			);
			mainGroup = ED3FFA802C7F017000C629C5;
			productRefGroup = ED3FFA8A2C7F017100C629C5 /* Products */;
			projectDirPath = "";
			projectRoot = "";
			targets = (
				ED3FFA882C7F017000C629C5 /* RxSwiftOperatorFilter */,
			);
		};
/* End PBXProject section */

/* Begin PBXResourcesBuildPhase section */
		ED3FFA872C7F017000C629C5 /* Resources */ = {
			isa = PBXResourcesBuildPhase;
			buildActionMask = 2147483647;
			files = (
				ED3FFA962C7F017100C629C5 /* Assets.xcassets in Resources */,
				ED3FFA992C7F017100C629C5 /* Base in Resources */,
				ED3FFA942C7F017100C629C5 /* Base in Resources */,
			);
			runOnlyForDeploymentPostprocessing = 0;
		};
/* End PBXResourcesBuildPhase section */

/* Begin PBXShellScriptBuildPhase section */
		C8C6B44965642AD45F2BA8A1 /* [CP] Embed Pods Frameworks */ = {
			isa = PBXShellScriptBuildPhase;
			buildActionMask = 2147483647;
			files = (
			);
			inputFileListPaths = (
				"${PODS_ROOT}/Target Support Files/Pods-RxSwiftOperatorFilter/Pods-RxSwiftOperatorFilter-frameworks-${CONFIGURATION}-input-files.xcfilelist",
			);
			name = "[CP] Embed Pods Frameworks";
			outputFileListPaths = (
				"${PODS_ROOT}/Target Support Files/Pods-RxSwiftOperatorFilter/Pods-RxSwiftOperatorFilter-frameworks-${CONFIGURATION}-output-files.xcfilelist",
			);
			runOnlyForDeploymentPostprocessing = 0;
			shellPath = /bin/sh;
			shellScript = "\"${PODS_ROOT}/Target Support Files/Pods-RxSwiftOperatorFilter/Pods-RxSwiftOperatorFilter-frameworks.sh\"\n";
			showEnvVarsInLog = 0;
		};
		EAB2067CBA7B4AA7947BD776 /* [CP] Check Pods Manifest.lock */ = {
			isa = PBXShellScriptBuildPhase;
			buildActionMask = 2147483647;
			files = (
			);
			inputFileListPaths = (
			);
			inputPaths = (
				"${PODS_PODFILE_DIR_PATH}/Podfile.lock",
				"${PODS_ROOT}/Manifest.lock",
			);
			name = "[CP] Check Pods Manifest.lock";
			outputFileListPaths = (
			);
			outputPaths = (
				"$(DERIVED_FILE_DIR)/Pods-RxSwiftOperatorFilter-checkManifestLockResult.txt",
			);
			runOnlyForDeploymentPostprocessing = 0;
			shellPath = /bin/sh;
			shellScript = "diff \"${PODS_PODFILE_DIR_PATH}/Podfile.lock\" \"${PODS_ROOT}/Manifest.lock\" > /dev/null\nif [ $? != 0 ] ; then\n    # print error to STDERR\n    echo \"error: The sandbox is not in sync with the Podfile.lock. Run 'pod install' or update your CocoaPods installation.\" >&2\n    exit 1\nfi\n# This output is used by Xcode 'outputs' to avoid re-running this script phase.\necho \"SUCCESS\" > \"${SCRIPT_OUTPUT_FILE_0}\"\n";
			showEnvVarsInLog = 0;
		};
/* End PBXShellScriptBuildPhase section */

/* Begin PBXSourcesBuildPhase section */
		ED3FFA852C7F017000C629C5 /* Sources */ = {
			isa = PBXSourcesBuildPhase;
			buildActionMask = 2147483647;
			files = (
				ED3FFA912C7F017100C629C5 /* ViewController.swift in Sources */,
				ED3FFA8D2C7F017100C629C5 /* AppDelegate.swift in Sources */,
				ED3FFA8F2C7F017100C629C5 /* SceneDelegate.swift in Sources */,
			);
			runOnlyForDeploymentPostprocessing = 0;
		};
/* End PBXSourcesBuildPhase section */

/* Begin PBXVariantGroup section */
		ED3FFA922C7F017100C629C5 /* Main.storyboard */ = {
			isa = PBXVariantGroup;
			children = (
				ED3FFA932C7F017100C629C5 /* Base */,
			);
			name = Main.storyboard;
			sourceTree = "<group>";
		};
		ED3FFA972C7F017100C629C5 /* LaunchScreen.storyboard */ = {
			isa = PBXVariantGroup;
			children = (
				ED3FFA982C7F017100C629C5 /* Base */,
			);
			name = LaunchScreen.storyboard;
			sourceTree = "<group>";
		};
/* End PBXVariantGroup section */

/* Begin XCBuildConfiguration section */
		ED3FFA9B2C7F017100C629C5 /* Debug */ = {
			isa = XCBuildConfiguration;
			buildSettings = {
				ALWAYS_SEARCH_USER_PATHS = NO;
				ASSETCATALOG_COMPILER_GENERATE_SWIFT_ASSET_SYMBOL_EXTENSIONS = YES;
				CLANG_ANALYZER_NONNULL = YES;
				CLANG_ANALYZER_NUMBER_OBJECT_CONVERSION = YES_AGGRESSIVE;
				CLANG_CXX_LANGUAGE_STANDARD = "gnu++20";
				CLANG_ENABLE_MODULES = YES;
				CLANG_ENABLE_OBJC_ARC = YES;
				CLANG_ENABLE_OBJC_WEAK = YES;
				CLANG_WARN_BLOCK_CAPTURE_AUTORELEASING = YES;
				CLANG_WARN_BOOL_CONVERSION = YES;
				CLANG_WARN_COMMA = YES;
				CLANG_WARN_CONSTANT_CONVERSION = YES;
				CLANG_WARN_DEPRECATED_OBJC_IMPLEMENTATIONS = YES;
				CLANG_WARN_DIRECT_OBJC_ISA_USAGE = YES_ERROR;
				CLANG_WARN_DOCUMENTATION_COMMENTS = YES;
				CLANG_WARN_EMPTY_BODY = YES;
				CLANG_WARN_ENUM_CONVERSION = YES;
				CLANG_WARN_INFINITE_RECURSION = YES;
				CLANG_WARN_INT_CONVERSION = YES;
				CLANG_WARN_NON_LITERAL_NULL_CONVERSION = YES;
				CLANG_WARN_OBJC_IMPLICIT_RETAIN_SELF = YES;
				CLANG_WARN_OBJC_LITERAL_CONVERSION = YES;
				CLANG_WARN_OBJC_ROOT_CLASS = YES_ERROR;
				CLANG_WARN_QUOTED_INCLUDE_IN_FRAMEWORK_HEADER = YES;
				CLANG_WARN_RANGE_LOOP_ANALYSIS = YES;
				CLANG_WARN_STRICT_PROTOTYPES = YES;
				CLANG_WARN_SUSPICIOUS_MOVE = YES;
				CLANG_WARN_UNGUARDED_AVAILABILITY = YES_AGGRESSIVE;
				CLANG_WARN_UNREACHABLE_CODE = YES;
				CLANG_WARN__DUPLICATE_METHOD_MATCH = YES;
				COPY_PHASE_STRIP = NO;
				DEBUG_INFORMATION_FORMAT = dwarf;
				ENABLE_STRICT_OBJC_MSGSEND = YES;
				ENABLE_TESTABILITY = YES;
				ENABLE_USER_SCRIPT_SANDBOXING = YES;
				GCC_C_LANGUAGE_STANDARD = gnu17;
				GCC_DYNAMIC_NO_PIC = NO;
				GCC_NO_COMMON_BLOCKS = YES;
				GCC_OPTIMIZATION_LEVEL = 0;
				GCC_PREPROCESSOR_DEFINITIONS = (
					"DEBUG=1",
					"$(inherited)",
				);
				GCC_WARN_64_TO_32_BIT_CONVERSION = YES;
				GCC_WARN_ABOUT_RETURN_TYPE = YES_ERROR;
				GCC_WARN_UNDECLARED_SELECTOR = YES;
				GCC_WARN_UNINITIALIZED_AUTOS = YES_AGGRESSIVE;
				GCC_WARN_UNUSED_FUNCTION = YES;
				GCC_WARN_UNUSED_VARIABLE = YES;
				IPHONEOS_DEPLOYMENT_TARGET = 17.4;
				LOCALIZATION_PREFERS_STRING_CATALOGS = YES;
				MTL_ENABLE_DEBUG_INFO = INCLUDE_SOURCE;
				MTL_FAST_MATH = YES;
				ONLY_ACTIVE_ARCH = YES;
				SDKROOT = iphoneos;
				SWIFT_ACTIVE_COMPILATION_CONDITIONS = "DEBUG $(inherited)";
				SWIFT_OPTIMIZATION_LEVEL = "-Onone";
			};
			name = Debug;
		};
		ED3FFA9C2C7F017100C629C5 /* Release */ = {
			isa = XCBuildConfiguration;
			buildSettings = {
				ALWAYS_SEARCH_USER_PATHS = NO;
				ASSETCATALOG_COMPILER_GENERATE_SWIFT_ASSET_SYMBOL_EXTENSIONS = YES;
				CLANG_ANALYZER_NONNULL = YES;
				CLANG_ANALYZER_NUMBER_OBJECT_CONVERSION = YES_AGGRESSIVE;
				CLANG_CXX_LANGUAGE_STANDARD = "gnu++20";
				CLANG_ENABLE_MODULES = YES;
				CLANG_ENABLE_OBJC_ARC = YES;
				CLANG_ENABLE_OBJC_WEAK = YES;
				CLANG_WARN_BLOCK_CAPTURE_AUTORELEASING = YES;
				CLANG_WARN_BOOL_CONVERSION = YES;
				CLANG_WARN_COMMA = YES;
				CLANG_WARN_CONSTANT_CONVERSION = YES;
				CLANG_WARN_DEPRECATED_OBJC_IMPLEMENTATIONS = YES;
				CLANG_WARN_DIRECT_OBJC_ISA_USAGE = YES_ERROR;
				CLANG_WARN_DOCUMENTATION_COMMENTS = YES;
				CLANG_WARN_EMPTY_BODY = YES;
				CLANG_WARN_ENUM_CONVERSION = YES;
				CLANG_WARN_INFINITE_RECURSION = YES;
				CLANG_WARN_INT_CONVERSION = YES;
				CLANG_WARN_NON_LITERAL_NULL_CONVERSION = YES;
				CLANG_WARN_OBJC_IMPLICIT_RETAIN_SELF = YES;
				CLANG_WARN_OBJC_LITERAL_CONVERSION = YES;
				CLANG_WARN_OBJC_ROOT_CLASS = YES_ERROR;
				CLANG_WARN_QUOTED_INCLUDE_IN_FRAMEWORK_HEADER = YES;
				CLANG_WARN_RANGE_LOOP_ANALYSIS = YES;
				CLANG_WARN_STRICT_PROTOTYPES = YES;
				CLANG_WARN_SUSPICIOUS_MOVE = YES;
				CLANG_WARN_UNGUARDED_AVAILABILITY = YES_AGGRESSIVE;
				CLANG_WARN_UNREACHABLE_CODE = YES;
				CLANG_WARN__DUPLICATE_METHOD_MATCH = YES;
				COPY_PHASE_STRIP = NO;
				DEBUG_INFORMATION_FORMAT = "dwarf-with-dsym";
				ENABLE_NS_ASSERTIONS = NO;
				ENABLE_STRICT_OBJC_MSGSEND = YES;
				ENABLE_USER_SCRIPT_SANDBOXING = YES;
				GCC_C_LANGUAGE_STANDARD = gnu17;
				GCC_NO_COMMON_BLOCKS = YES;
				GCC_WARN_64_TO_32_BIT_CONVERSION = YES;
				GCC_WARN_ABOUT_RETURN_TYPE = YES_ERROR;
				GCC_WARN_UNDECLARED_SELECTOR = YES;
				GCC_WARN_UNINITIALIZED_AUTOS = YES_AGGRESSIVE;
				GCC_WARN_UNUSED_FUNCTION = YES;
				GCC_WARN_UNUSED_VARIABLE = YES;
				IPHONEOS_DEPLOYMENT_TARGET = 17.4;
				LOCALIZATION_PREFERS_STRING_CATALOGS = YES;
				MTL_ENABLE_DEBUG_INFO = NO;
				MTL_FAST_MATH = YES;
				SDKROOT = iphoneos;
				SWIFT_COMPILATION_MODE = wholemodule;
				VALIDATE_PRODUCT = YES;
			};
			name = Release;
		};
		ED3FFA9E2C7F017100C629C5 /* Debug */ = {
			isa = XCBuildConfiguration;
			baseConfigurationReference = 97F720E4B950E49C9101B80F /* Pods-RxSwiftOperatorFilter.debug.xcconfig */;
			buildSettings = {
				ASSETCATALOG_COMPILER_APPICON_NAME = AppIcon;
				ASSETCATALOG_COMPILER_GLOBAL_ACCENT_COLOR_NAME = AccentColor;
				CODE_SIGN_STYLE = Automatic;
				CURRENT_PROJECT_VERSION = 1;
				GENERATE_INFOPLIST_FILE = YES;
				INFOPLIST_FILE = RxSwiftOperatorFilter/Info.plist;
				INFOPLIST_KEY_UIApplicationSupportsIndirectInputEvents = YES;
				INFOPLIST_KEY_UILaunchStoryboardName = LaunchScreen;
				INFOPLIST_KEY_UIMainStoryboardFile = Main;
				INFOPLIST_KEY_UISupportedInterfaceOrientations_iPad = "UIInterfaceOrientationPortrait UIInterfaceOrientationPortraitUpsideDown UIInterfaceOrientationLandscapeLeft UIInterfaceOrientationLandscapeRight";
				INFOPLIST_KEY_UISupportedInterfaceOrientations_iPhone = "UIInterfaceOrientationPortrait UIInterfaceOrientationLandscapeLeft UIInterfaceOrientationLandscapeRight";
				LD_RUNPATH_SEARCH_PATHS = (
					"$(inherited)",
					"@executable_path/Frameworks",
				);
				MARKETING_VERSION = 1.0;
				PRODUCT_BUNDLE_IDENTIFIER = "Ishioka-Ken.RxSwiftOperatorFilter";
				PRODUCT_NAME = "$(TARGET_NAME)";
				SWIFT_EMIT_LOC_STRINGS = YES;
				SWIFT_VERSION = 5.0;
				TARGETED_DEVICE_FAMILY = "1,2";
			};
			name = Debug;
		};
		ED3FFA9F2C7F017100C629C5 /* Release */ = {
			isa = XCBuildConfiguration;
			baseConfigurationReference = D60CC82703AFE67FDC7113DA /* Pods-RxSwiftOperatorFilter.release.xcconfig */;
			buildSettings = {
				ASSETCATALOG_COMPILER_APPICON_NAME = AppIcon;
				ASSETCATALOG_COMPILER_GLOBAL_ACCENT_COLOR_NAME = AccentColor;
				CODE_SIGN_STYLE = Automatic;
				CURRENT_PROJECT_VERSION = 1;
				GENERATE_INFOPLIST_FILE = YES;
				INFOPLIST_FILE = RxSwiftOperatorFilter/Info.plist;
				INFOPLIST_KEY_UIApplicationSupportsIndirectInputEvents = YES;
				INFOPLIST_KEY_UILaunchStoryboardName = LaunchScreen;
				INFOPLIST_KEY_UIMainStoryboardFile = Main;
				INFOPLIST_KEY_UISupportedInterfaceOrientations_iPad = "UIInterfaceOrientationPortrait UIInterfaceOrientationPortraitUpsideDown UIInterfaceOrientationLandscapeLeft UIInterfaceOrientationLandscapeRight";
				INFOPLIST_KEY_UISupportedInterfaceOrientations_iPhone = "UIInterfaceOrientationPortrait UIInterfaceOrientationLandscapeLeft UIInterfaceOrientationLandscapeRight";
				LD_RUNPATH_SEARCH_PATHS = (
					"$(inherited)",
					"@executable_path/Frameworks",
				);
				MARKETING_VERSION = 1.0;
				PRODUCT_BUNDLE_IDENTIFIER = "Ishioka-Ken.RxSwiftOperatorFilter";
				PRODUCT_NAME = "$(TARGET_NAME)";
				SWIFT_EMIT_LOC_STRINGS = YES;
				SWIFT_VERSION = 5.0;
				TARGETED_DEVICE_FAMILY = "1,2";
			};
			name = Release;
		};
/* End XCBuildConfiguration section */

/* Begin XCConfigurationList section */
		ED3FFA842C7F017000C629C5 /* Build configuration list for PBXProject "RxSwiftOperatorFilter" */ = {
			isa = XCConfigurationList;
			buildConfigurations = (
				ED3FFA9B2C7F017100C629C5 /* Debug */,
				ED3FFA9C2C7F017100C629C5 /* Release */,
			);
			defaultConfigurationIsVisible = 0;
			defaultConfigurationName = Release;
		};
		ED3FFA9D2C7F017100C629C5 /* Build configuration list for PBXNativeTarget "RxSwiftOperatorFilter" */ = {
			isa = XCConfigurationList;
			buildConfigurations = (
				ED3FFA9E2C7F017100C629C5 /* Debug */,
				ED3FFA9F2C7F017100C629C5 /* Release */,
			);
			defaultConfigurationIsVisible = 0;
			defaultConfigurationName = Release;
		};
/* End XCConfigurationList section */
	};
	rootObject = ED3FFA812C7F017000C629C5 /* Project object */;
}
