// !$*UTF8*$!
{
	archiveVersion = 1;
	classes = {
	};
	objectVersion = 56;
	objects = {

/* Begin PBXBuildFile section */
		D50EB1B7C22131888A2CDFFF /* Pods_RxSwiftCombineLatestPractice.framework in Frameworks */ = {isa = PBXBuildFile; fileRef = 7ACCFF079875969F510D46DB /* Pods_RxSwiftCombineLatestPractice.framework */; };
		ED4FD6612C9AC5BE00B6759C /* AppDelegate.swift in Sources */ = {isa = PBXBuildFile; fileRef = ED4FD6602C9AC5BE00B6759C /* AppDelegate.swift */; };
		ED4FD6632C9AC5BE00B6759C /* SceneDelegate.swift in Sources */ = {isa = PBXBuildFile; fileRef = ED4FD6622C9AC5BE00B6759C /* SceneDelegate.swift */; };
		ED4FD6652C9AC5BE00B6759C /* ViewController.swift in Sources */ = {isa = PBXBuildFile; fileRef = ED4FD6642C9AC5BE00B6759C /* ViewController.swift */; };
		ED4FD6682C9AC5BE00B6759C /* Base in Resources */ = {isa = PBXBuildFile; fileRef = ED4FD6672C9AC5BE00B6759C /* Base */; };
		ED4FD66A2C9AC5BF00B6759C /* Assets.xcassets in Resources */ = {isa = PBXBuildFile; fileRef = ED4FD6692C9AC5BF00B6759C /* Assets.xcassets */; };
		ED4FD66D2C9AC5BF00B6759C /* Base in Resources */ = {isa = PBXBuildFile; fileRef = ED4FD66C2C9AC5BF00B6759C /* Base */; };
/* End PBXBuildFile section */

/* Begin PBXFileReference section */
		19CA10B85304F755FD2219A2 /* Pods-RxSwiftCombineLatestPractice.release.xcconfig */ = {isa = PBXFileReference; includeInIndex = 1; lastKnownFileType = text.xcconfig; name = "Pods-RxSwiftCombineLatestPractice.release.xcconfig"; path = "Target Support Files/Pods-RxSwiftCombineLatestPractice/Pods-RxSwiftCombineLatestPractice.release.xcconfig"; sourceTree = "<group>"; };
		7ACCFF079875969F510D46DB /* Pods_RxSwiftCombineLatestPractice.framework */ = {isa = PBXFileReference; explicitFileType = wrapper.framework; includeInIndex = 0; path = Pods_RxSwiftCombineLatestPractice.framework; sourceTree = BUILT_PRODUCTS_DIR; };
		A78E655E1269C36428DD2410 /* Pods-RxSwiftCombineLatestPractice.debug.xcconfig */ = {isa = PBXFileReference; includeInIndex = 1; lastKnownFileType = text.xcconfig; name = "Pods-RxSwiftCombineLatestPractice.debug.xcconfig"; path = "Target Support Files/Pods-RxSwiftCombineLatestPractice/Pods-RxSwiftCombineLatestPractice.debug.xcconfig"; sourceTree = "<group>"; };
		ED4FD65D2C9AC5BE00B6759C /* RxSwiftCombineLatestPractice.app */ = {isa = PBXFileReference; explicitFileType = wrapper.application; includeInIndex = 0; path = RxSwiftCombineLatestPractice.app; sourceTree = BUILT_PRODUCTS_DIR; };
		ED4FD6602C9AC5BE00B6759C /* AppDelegate.swift */ = {isa = PBXFileReference; lastKnownFileType = sourcecode.swift; path = AppDelegate.swift; sourceTree = "<group>"; };
		ED4FD6622C9AC5BE00B6759C /* SceneDelegate.swift */ = {isa = PBXFileReference; lastKnownFileType = sourcecode.swift; path = SceneDelegate.swift; sourceTree = "<group>"; };
		ED4FD6642C9AC5BE00B6759C /* ViewController.swift */ = {isa = PBXFileReference; lastKnownFileType = sourcecode.swift; path = ViewController.swift; sourceTree = "<group>"; };
		ED4FD6672C9AC5BE00B6759C /* Base */ = {isa = PBXFileReference; lastKnownFileType = file.storyboard; name = Base; path = Base.lproj/Main.storyboard; sourceTree = "<group>"; };
		ED4FD6692C9AC5BF00B6759C /* Assets.xcassets */ = {isa = PBXFileReference; lastKnownFileType = folder.assetcatalog; path = Assets.xcassets; sourceTree = "<group>"; };
		ED4FD66C2C9AC5BF00B6759C /* Base */ = {isa = PBXFileReference; lastKnownFileType = file.storyboard; name = Base; path = Base.lproj/LaunchScreen.storyboard; sourceTree = "<group>"; };
		ED4FD66E2C9AC5BF00B6759C /* Info.plist */ = {isa = PBXFileReference; lastKnownFileType = text.plist.xml; path = Info.plist; sourceTree = "<group>"; };
/* End PBXFileReference section */

/* Begin PBXFrameworksBuildPhase section */
		ED4FD65A2C9AC5BE00B6759C /* Frameworks */ = {
			isa = PBXFrameworksBuildPhase;
			buildActionMask = 2147483647;
			files = (
				D50EB1B7C22131888A2CDFFF /* Pods_RxSwiftCombineLatestPractice.framework in Frameworks */,
			);
			runOnlyForDeploymentPostprocessing = 0;
		};
/* End PBXFrameworksBuildPhase section */

/* Begin PBXGroup section */
		8D8639E0AB423B071B63C5A9 /* Frameworks */ = {
			isa = PBXGroup;
			children = (
				7ACCFF079875969F510D46DB /* Pods_RxSwiftCombineLatestPractice.framework */,
			);
			name = Frameworks;
			sourceTree = "<group>";
		};
		ED4FD6542C9AC5BE00B6759C = {
			isa = PBXGroup;
			children = (
				ED4FD65F2C9AC5BE00B6759C /* RxSwiftCombineLatestPractice */,
				ED4FD65E2C9AC5BE00B6759C /* Products */,
				EF8EBCCD4562C57FA7A29194 /* Pods */,
				8D8639E0AB423B071B63C5A9 /* Frameworks */,
			);
			sourceTree = "<group>";
		};
		ED4FD65E2C9AC5BE00B6759C /* Products */ = {
			isa = PBXGroup;
			children = (
				ED4FD65D2C9AC5BE00B6759C /* RxSwiftCombineLatestPractice.app */,
			);
			name = Products;
			sourceTree = "<group>";
		};
		ED4FD65F2C9AC5BE00B6759C /* RxSwiftCombineLatestPractice */ = {
			isa = PBXGroup;
			children = (
				ED4FD6602C9AC5BE00B6759C /* AppDelegate.swift */,
				ED4FD6622C9AC5BE00B6759C /* SceneDelegate.swift */,
				ED4FD6642C9AC5BE00B6759C /* ViewController.swift */,
				ED4FD6662C9AC5BE00B6759C /* Main.storyboard */,
				ED4FD6692C9AC5BF00B6759C /* Assets.xcassets */,
				ED4FD66B2C9AC5BF00B6759C /* LaunchScreen.storyboard */,
				ED4FD66E2C9AC5BF00B6759C /* Info.plist */,
			);
			path = RxSwiftCombineLatestPractice;
			sourceTree = "<group>";
		};
		EF8EBCCD4562C57FA7A29194 /* Pods */ = {
			isa = PBXGroup;
			children = (
				A78E655E1269C36428DD2410 /* Pods-RxSwiftCombineLatestPractice.debug.xcconfig */,
				19CA10B85304F755FD2219A2 /* Pods-RxSwiftCombineLatestPractice.release.xcconfig */,
			);
			path = Pods;
			sourceTree = "<group>";
		};
/* End PBXGroup section */

/* Begin PBXNativeTarget section */
		ED4FD65C2C9AC5BE00B6759C /* RxSwiftCombineLatestPractice */ = {
			isa = PBXNativeTarget;
			buildConfigurationList = ED4FD6712C9AC5BF00B6759C /* Build configuration list for PBXNativeTarget "RxSwiftCombineLatestPractice" */;
			buildPhases = (
				9D0713EBCFB5680C73744600 /* [CP] Check Pods Manifest.lock */,
				ED4FD6592C9AC5BE00B6759C /* Sources */,
				ED4FD65A2C9AC5BE00B6759C /* Frameworks */,
				ED4FD65B2C9AC5BE00B6759C /* Resources */,
				2B6C430AC201B77536B74F93 /* [CP] Embed Pods Frameworks */,
			);
			buildRules = (
			);
			dependencies = (
			);
			name = RxSwiftCombineLatestPractice;
			productName = RxSwiftCombineLatestPractice;
			productReference = ED4FD65D2C9AC5BE00B6759C /* RxSwiftCombineLatestPractice.app */;
			productType = "com.apple.product-type.application";
		};
/* End PBXNativeTarget section */

/* Begin PBXProject section */
		ED4FD6552C9AC5BE00B6759C /* Project object */ = {
			isa = PBXProject;
			attributes = {
				BuildIndependentTargetsInParallel = 1;
				LastSwiftUpdateCheck = 1530;
				LastUpgradeCheck = 1530;
				TargetAttributes = {
					ED4FD65C2C9AC5BE00B6759C = {
						CreatedOnToolsVersion = 15.3;
					};
				};
			};
			buildConfigurationList = ED4FD6582C9AC5BE00B6759C /* Build configuration list for PBXProject "RxSwiftCombineLatestPractice" */;
			compatibilityVersion = "Xcode 14.0";
			developmentRegion = en;
			hasScannedForEncodings = 0;
			knownRegions = (
				en,
				Base,
			);
			mainGroup = ED4FD6542C9AC5BE00B6759C;
			productRefGroup = ED4FD65E2C9AC5BE00B6759C /* Products */;
			projectDirPath = "";
			projectRoot = "";
			targets = (
				ED4FD65C2C9AC5BE00B6759C /* RxSwiftCombineLatestPractice */,
			);
		};
/* End PBXProject section */

/* Begin PBXResourcesBuildPhase section */
		ED4FD65B2C9AC5BE00B6759C /* Resources */ = {
			isa = PBXResourcesBuildPhase;
			buildActionMask = 2147483647;
			files = (
				ED4FD66A2C9AC5BF00B6759C /* Assets.xcassets in Resources */,
				ED4FD66D2C9AC5BF00B6759C /* Base in Resources */,
				ED4FD6682C9AC5BE00B6759C /* Base in Resources */,
			);
			runOnlyForDeploymentPostprocessing = 0;
		};
/* End PBXResourcesBuildPhase section */

/* Begin PBXShellScriptBuildPhase section */
		2B6C430AC201B77536B74F93 /* [CP] Embed Pods Frameworks */ = {
			isa = PBXShellScriptBuildPhase;
			buildActionMask = 2147483647;
			files = (
			);
			inputFileListPaths = (
				"${PODS_ROOT}/Target Support Files/Pods-RxSwiftCombineLatestPractice/Pods-RxSwiftCombineLatestPractice-frameworks-${CONFIGURATION}-input-files.xcfilelist",
			);
			name = "[CP] Embed Pods Frameworks";
			outputFileListPaths = (
				"${PODS_ROOT}/Target Support Files/Pods-RxSwiftCombineLatestPractice/Pods-RxSwiftCombineLatestPractice-frameworks-${CONFIGURATION}-output-files.xcfilelist",
			);
			runOnlyForDeploymentPostprocessing = 0;
			shellPath = /bin/sh;
			shellScript = "\"${PODS_ROOT}/Target Support Files/Pods-RxSwiftCombineLatestPractice/Pods-RxSwiftCombineLatestPractice-frameworks.sh\"\n";
			showEnvVarsInLog = 0;
		};
		9D0713EBCFB5680C73744600 /* [CP] Check Pods Manifest.lock */ = {
			isa = PBXShellScriptBuildPhase;
			buildActionMask = 2147483647;
			files = (
			);
			inputFileListPaths = (
			);
			inputPaths = (
				"${PODS_PODFILE_DIR_PATH}/Podfile.lock",
				"${PODS_ROOT}/Manifest.lock",
			);
			name = "[CP] Check Pods Manifest.lock";
			outputFileListPaths = (
			);
			outputPaths = (
				"$(DERIVED_FILE_DIR)/Pods-RxSwiftCombineLatestPractice-checkManifestLockResult.txt",
			);
			runOnlyForDeploymentPostprocessing = 0;
			shellPath = /bin/sh;
			shellScript = "diff \"${PODS_PODFILE_DIR_PATH}/Podfile.lock\" \"${PODS_ROOT}/Manifest.lock\" > /dev/null\nif [ $? != 0 ] ; then\n    # print error to STDERR\n    echo \"error: The sandbox is not in sync with the Podfile.lock. Run 'pod install' or update your CocoaPods installation.\" >&2\n    exit 1\nfi\n# This output is used by Xcode 'outputs' to avoid re-running this script phase.\necho \"SUCCESS\" > \"${SCRIPT_OUTPUT_FILE_0}\"\n";
			showEnvVarsInLog = 0;
		};
/* End PBXShellScriptBuildPhase section */

/* Begin PBXSourcesBuildPhase section */
		ED4FD6592C9AC5BE00B6759C /* Sources */ = {
			isa = PBXSourcesBuildPhase;
			buildActionMask = 2147483647;
			files = (
				ED4FD6652C9AC5BE00B6759C /* ViewController.swift in Sources */,
				ED4FD6612C9AC5BE00B6759C /* AppDelegate.swift in Sources */,
				ED4FD6632C9AC5BE00B6759C /* SceneDelegate.swift in Sources */,
			);
			runOnlyForDeploymentPostprocessing = 0;
		};
/* End PBXSourcesBuildPhase section */

/* Begin PBXVariantGroup section */
		ED4FD6662C9AC5BE00B6759C /* Main.storyboard */ = {
			isa = PBXVariantGroup;
			children = (
				ED4FD6672C9AC5BE00B6759C /* Base */,
			);
			name = Main.storyboard;
			sourceTree = "<group>";
		};
		ED4FD66B2C9AC5BF00B6759C /* LaunchScreen.storyboard */ = {
			isa = PBXVariantGroup;
			children = (
				ED4FD66C2C9AC5BF00B6759C /* Base */,
			);
			name = LaunchScreen.storyboard;
			sourceTree = "<group>";
		};
/* End PBXVariantGroup section */

/* Begin XCBuildConfiguration section */
		ED4FD66F2C9AC5BF00B6759C /* Debug */ = {
			isa = XCBuildConfiguration;
			buildSettings = {
				ALWAYS_SEARCH_USER_PATHS = NO;
				ASSETCATALOG_COMPILER_GENERATE_SWIFT_ASSET_SYMBOL_EXTENSIONS = YES;
				CLANG_ANALYZER_NONNULL = YES;
				CLANG_ANALYZER_NUMBER_OBJECT_CONVERSION = YES_AGGRESSIVE;
				CLANG_CXX_LANGUAGE_STANDARD = "gnu++20";
				CLANG_ENABLE_MODULES = YES;
				CLANG_ENABLE_OBJC_ARC = YES;
				CLANG_ENABLE_OBJC_WEAK = YES;
				CLANG_WARN_BLOCK_CAPTURE_AUTORELEASING = YES;
				CLANG_WARN_BOOL_CONVERSION = YES;
				CLANG_WARN_COMMA = YES;
				CLANG_WARN_CONSTANT_CONVERSION = YES;
				CLANG_WARN_DEPRECATED_OBJC_IMPLEMENTATIONS = YES;
				CLANG_WARN_DIRECT_OBJC_ISA_USAGE = YES_ERROR;
				CLANG_WARN_DOCUMENTATION_COMMENTS = YES;
				CLANG_WARN_EMPTY_BODY = YES;
				CLANG_WARN_ENUM_CONVERSION = YES;
				CLANG_WARN_INFINITE_RECURSION = YES;
				CLANG_WARN_INT_CONVERSION = YES;
				CLANG_WARN_NON_LITERAL_NULL_CONVERSION = YES;
				CLANG_WARN_OBJC_IMPLICIT_RETAIN_SELF = YES;
				CLANG_WARN_OBJC_LITERAL_CONVERSION = YES;
				CLANG_WARN_OBJC_ROOT_CLASS = YES_ERROR;
				CLANG_WARN_QUOTED_INCLUDE_IN_FRAMEWORK_HEADER = YES;
				CLANG_WARN_RANGE_LOOP_ANALYSIS = YES;
				CLANG_WARN_STRICT_PROTOTYPES = YES;
				CLANG_WARN_SUSPICIOUS_MOVE = YES;
				CLANG_WARN_UNGUARDED_AVAILABILITY = YES_AGGRESSIVE;
				CLANG_WARN_UNREACHABLE_CODE = YES;
				CLANG_WARN__DUPLICATE_METHOD_MATCH = YES;
				COPY_PHASE_STRIP = NO;
				DEBUG_INFORMATION_FORMAT = dwarf;
				ENABLE_STRICT_OBJC_MSGSEND = YES;
				ENABLE_TESTABILITY = YES;
				ENABLE_USER_SCRIPT_SANDBOXING = YES;
				GCC_C_LANGUAGE_STANDARD = gnu17;
				GCC_DYNAMIC_NO_PIC = NO;
				GCC_NO_COMMON_BLOCKS = YES;
				GCC_OPTIMIZATION_LEVEL = 0;
				GCC_PREPROCESSOR_DEFINITIONS = (
					"DEBUG=1",
					"$(inherited)",
				);
				GCC_WARN_64_TO_32_BIT_CONVERSION = YES;
				GCC_WARN_ABOUT_RETURN_TYPE = YES_ERROR;
				GCC_WARN_UNDECLARED_SELECTOR = YES;
				GCC_WARN_UNINITIALIZED_AUTOS = YES_AGGRESSIVE;
				GCC_WARN_UNUSED_FUNCTION = YES;
				GCC_WARN_UNUSED_VARIABLE = YES;
				IPHONEOS_DEPLOYMENT_TARGET = 17.4;
				LOCALIZATION_PREFERS_STRING_CATALOGS = YES;
				MTL_ENABLE_DEBUG_INFO = INCLUDE_SOURCE;
				MTL_FAST_MATH = YES;
				ONLY_ACTIVE_ARCH = YES;
				SDKROOT = iphoneos;
				SWIFT_ACTIVE_COMPILATION_CONDITIONS = "DEBUG $(inherited)";
				SWIFT_OPTIMIZATION_LEVEL = "-Onone";
			};
			name = Debug;
		};
		ED4FD6702C9AC5BF00B6759C /* Release */ = {
			isa = XCBuildConfiguration;
			buildSettings = {
				ALWAYS_SEARCH_USER_PATHS = NO;
				ASSETCATALOG_COMPILER_GENERATE_SWIFT_ASSET_SYMBOL_EXTENSIONS = YES;
				CLANG_ANALYZER_NONNULL = YES;
				CLANG_ANALYZER_NUMBER_OBJECT_CONVERSION = YES_AGGRESSIVE;
				CLANG_CXX_LANGUAGE_STANDARD = "gnu++20";
				CLANG_ENABLE_MODULES = YES;
				CLANG_ENABLE_OBJC_ARC = YES;
				CLANG_ENABLE_OBJC_WEAK = YES;
				CLANG_WARN_BLOCK_CAPTURE_AUTORELEASING = YES;
				CLANG_WARN_BOOL_CONVERSION = YES;
				CLANG_WARN_COMMA = YES;
				CLANG_WARN_CONSTANT_CONVERSION = YES;
				CLANG_WARN_DEPRECATED_OBJC_IMPLEMENTATIONS = YES;
				CLANG_WARN_DIRECT_OBJC_ISA_USAGE = YES_ERROR;
				CLANG_WARN_DOCUMENTATION_COMMENTS = YES;
				CLANG_WARN_EMPTY_BODY = YES;
				CLANG_WARN_ENUM_CONVERSION = YES;
				CLANG_WARN_INFINITE_RECURSION = YES;
				CLANG_WARN_INT_CONVERSION = YES;
				CLANG_WARN_NON_LITERAL_NULL_CONVERSION = YES;
				CLANG_WARN_OBJC_IMPLICIT_RETAIN_SELF = YES;
				CLANG_WARN_OBJC_LITERAL_CONVERSION = YES;
				CLANG_WARN_OBJC_ROOT_CLASS = YES_ERROR;
				CLANG_WARN_QUOTED_INCLUDE_IN_FRAMEWORK_HEADER = YES;
				CLANG_WARN_RANGE_LOOP_ANALYSIS = YES;
				CLANG_WARN_STRICT_PROTOTYPES = YES;
				CLANG_WARN_SUSPICIOUS_MOVE = YES;
				CLANG_WARN_UNGUARDED_AVAILABILITY = YES_AGGRESSIVE;
				CLANG_WARN_UNREACHABLE_CODE = YES;
				CLANG_WARN__DUPLICATE_METHOD_MATCH = YES;
				COPY_PHASE_STRIP = NO;
				DEBUG_INFORMATION_FORMAT = "dwarf-with-dsym";
				ENABLE_NS_ASSERTIONS = NO;
				ENABLE_STRICT_OBJC_MSGSEND = YES;
				ENABLE_USER_SCRIPT_SANDBOXING = YES;
				GCC_C_LANGUAGE_STANDARD = gnu17;
				GCC_NO_COMMON_BLOCKS = YES;
				GCC_WARN_64_TO_32_BIT_CONVERSION = YES;
				GCC_WARN_ABOUT_RETURN_TYPE = YES_ERROR;
				GCC_WARN_UNDECLARED_SELECTOR = YES;
				GCC_WARN_UNINITIALIZED_AUTOS = YES_AGGRESSIVE;
				GCC_WARN_UNUSED_FUNCTION = YES;
				GCC_WARN_UNUSED_VARIABLE = YES;
				IPHONEOS_DEPLOYMENT_TARGET = 17.4;
				LOCALIZATION_PREFERS_STRING_CATALOGS = YES;
				MTL_ENABLE_DEBUG_INFO = NO;
				MTL_FAST_MATH = YES;
				SDKROOT = iphoneos;
				SWIFT_COMPILATION_MODE = wholemodule;
				VALIDATE_PRODUCT = YES;
			};
			name = Release;
		};
		ED4FD6722C9AC5BF00B6759C /* Debug */ = {
			isa = XCBuildConfiguration;
			baseConfigurationReference = A78E655E1269C36428DD2410 /* Pods-RxSwiftCombineLatestPractice.debug.xcconfig */;
			buildSettings = {
				ASSETCATALOG_COMPILER_APPICON_NAME = AppIcon;
				ASSETCATALOG_COMPILER_GLOBAL_ACCENT_COLOR_NAME = AccentColor;
				CODE_SIGN_STYLE = Automatic;
				CURRENT_PROJECT_VERSION = 1;
				ENABLE_USER_SCRIPT_SANDBOXING = NO;
				GENERATE_INFOPLIST_FILE = YES;
				INFOPLIST_FILE = RxSwiftCombineLatestPractice/Info.plist;
				INFOPLIST_KEY_UIApplicationSupportsIndirectInputEvents = YES;
				INFOPLIST_KEY_UILaunchStoryboardName = LaunchScreen;
				INFOPLIST_KEY_UIMainStoryboardFile = Main;
				INFOPLIST_KEY_UISupportedInterfaceOrientations_iPad = "UIInterfaceOrientationPortrait UIInterfaceOrientationPortraitUpsideDown UIInterfaceOrientationLandscapeLeft UIInterfaceOrientationLandscapeRight";
				INFOPLIST_KEY_UISupportedInterfaceOrientations_iPhone = "UIInterfaceOrientationPortrait UIInterfaceOrientationLandscapeLeft UIInterfaceOrientationLandscapeRight";
				LD_RUNPATH_SEARCH_PATHS = (
					"$(inherited)",
					"@executable_path/Frameworks",
				);
				MARKETING_VERSION = 1.0;
				PRODUCT_BUNDLE_IDENTIFIER = "Ishioka-Ken.RxSwiftCombineLatestPractice";
				PRODUCT_NAME = "$(TARGET_NAME)";
				SWIFT_EMIT_LOC_STRINGS = YES;
				SWIFT_VERSION = 5.0;
				TARGETED_DEVICE_FAMILY = "1,2";
			};
			name = Debug;
		};
		ED4FD6732C9AC5BF00B6759C /* Release */ = {
			isa = XCBuildConfiguration;
			baseConfigurationReference = 19CA10B85304F755FD2219A2 /* Pods-RxSwiftCombineLatestPractice.release.xcconfig */;
			buildSettings = {
				ASSETCATALOG_COMPILER_APPICON_NAME = AppIcon;
				ASSETCATALOG_COMPILER_GLOBAL_ACCENT_COLOR_NAME = AccentColor;
				CODE_SIGN_STYLE = Automatic;
				CURRENT_PROJECT_VERSION = 1;
				ENABLE_USER_SCRIPT_SANDBOXING = NO;
				GENERATE_INFOPLIST_FILE = YES;
				INFOPLIST_FILE = RxSwiftCombineLatestPractice/Info.plist;
				INFOPLIST_KEY_UIApplicationSupportsIndirectInputEvents = YES;
				INFOPLIST_KEY_UILaunchStoryboardName = LaunchScreen;
				INFOPLIST_KEY_UIMainStoryboardFile = Main;
				INFOPLIST_KEY_UISupportedInterfaceOrientations_iPad = "UIInterfaceOrientationPortrait UIInterfaceOrientationPortraitUpsideDown UIInterfaceOrientationLandscapeLeft UIInterfaceOrientationLandscapeRight";
				INFOPLIST_KEY_UISupportedInterfaceOrientations_iPhone = "UIInterfaceOrientationPortrait UIInterfaceOrientationLandscapeLeft UIInterfaceOrientationLandscapeRight";
				LD_RUNPATH_SEARCH_PATHS = (
					"$(inherited)",
					"@executable_path/Frameworks",
				);
				MARKETING_VERSION = 1.0;
				PRODUCT_BUNDLE_IDENTIFIER = "Ishioka-Ken.RxSwiftCombineLatestPractice";
				PRODUCT_NAME = "$(TARGET_NAME)";
				SWIFT_EMIT_LOC_STRINGS = YES;
				SWIFT_VERSION = 5.0;
				TARGETED_DEVICE_FAMILY = "1,2";
			};
			name = Release;
		};
/* End XCBuildConfiguration section */

/* Begin XCConfigurationList section */
		ED4FD6582C9AC5BE00B6759C /* Build configuration list for PBXProject "RxSwiftCombineLatestPractice" */ = {
			isa = XCConfigurationList;
			buildConfigurations = (
				ED4FD66F2C9AC5BF00B6759C /* Debug */,
				ED4FD6702C9AC5BF00B6759C /* Release */,
			);
			defaultConfigurationIsVisible = 0;
			defaultConfigurationName = Release;
		};
		ED4FD6712C9AC5BF00B6759C /* Build configuration list for PBXNativeTarget "RxSwiftCombineLatestPractice" */ = {
			isa = XCConfigurationList;
			buildConfigurations = (
				ED4FD6722C9AC5BF00B6759C /* Debug */,
				ED4FD6732C9AC5BF00B6759C /* Release */,
			);
			defaultConfigurationIsVisible = 0;
			defaultConfigurationName = Release;
		};
/* End XCConfigurationList section */
	};
	rootObject = ED4FD6552C9AC5BE00B6759C /* Project object */;
}
