// !$*UTF8*$!
{
	archiveVersion = 1;
	classes = {
	};
	objectVersion = 56;
	objects = {

/* Begin PBXBuildFile section */
		E45687032ADA3C3DF2ED909D /* Pods_RxSwiftStopWhatchApp.framework in Frameworks */ = {isa = PBXBuildFile; fileRef = 411F611D8441F14110EB2CDD /* Pods_RxSwiftStopWhatchApp.framework */; };
		ED9909F62C89953200058292 /* TimerViewModel.swift in Sources */ = {isa = PBXBuildFile; fileRef = ED9909F52C89953200058292 /* TimerViewModel.swift */; };
		ED990A1A2C8AE39200058292 /* TimerManager.swift in Sources */ = {isa = PBXBuildFile; fileRef = ED990A192C8AE39200058292 /* TimerManager.swift */; };
		EDF436082C896BD800A6B863 /* AppDelegate.swift in Sources */ = {isa = PBXBuildFile; fileRef = EDF436072C896BD800A6B863 /* AppDelegate.swift */; };
		EDF4360A2C896BD800A6B863 /* SceneDelegate.swift in Sources */ = {isa = PBXBuildFile; fileRef = EDF436092C896BD800A6B863 /* SceneDelegate.swift */; };
		EDF4360C2C896BD800A6B863 /* TimerViewController.swift in Sources */ = {isa = PBXBuildFile; fileRef = EDF4360B2C896BD800A6B863 /* TimerViewController.swift */; };
		EDF4360F2C896BD800A6B863 /* Base in Resources */ = {isa = PBXBuildFile; fileRef = EDF4360E2C896BD800A6B863 /* Base */; };
		EDF436112C896BD900A6B863 /* Assets.xcassets in Resources */ = {isa = PBXBuildFile; fileRef = EDF436102C896BD900A6B863 /* Assets.xcassets */; };
		EDF436142C896BD900A6B863 /* Base in Resources */ = {isa = PBXBuildFile; fileRef = EDF436132C896BD900A6B863 /* Base */; };
/* End PBXBuildFile section */

/* Begin PBXFileReference section */
		411F611D8441F14110EB2CDD /* Pods_RxSwiftStopWhatchApp.framework */ = {isa = PBXFileReference; explicitFileType = wrapper.framework; includeInIndex = 0; path = Pods_RxSwiftStopWhatchApp.framework; sourceTree = BUILT_PRODUCTS_DIR; };
		6BD3022D15C7D459DD68E389 /* Pods-RxSwiftStopWhatchApp.debug.xcconfig */ = {isa = PBXFileReference; includeInIndex = 1; lastKnownFileType = text.xcconfig; name = "Pods-RxSwiftStopWhatchApp.debug.xcconfig"; path = "Target Support Files/Pods-RxSwiftStopWhatchApp/Pods-RxSwiftStopWhatchApp.debug.xcconfig"; sourceTree = "<group>"; };
		8E0C3F6E9173139488EDF565 /* Pods-RxSwiftStopWhatchApp.release.xcconfig */ = {isa = PBXFileReference; includeInIndex = 1; lastKnownFileType = text.xcconfig; name = "Pods-RxSwiftStopWhatchApp.release.xcconfig"; path = "Target Support Files/Pods-RxSwiftStopWhatchApp/Pods-RxSwiftStopWhatchApp.release.xcconfig"; sourceTree = "<group>"; };
		ED9909F52C89953200058292 /* TimerViewModel.swift */ = {isa = PBXFileReference; lastKnownFileType = sourcecode.swift; path = TimerViewModel.swift; sourceTree = "<group>"; };
		ED990A192C8AE39200058292 /* TimerManager.swift */ = {isa = PBXFileReference; lastKnownFileType = sourcecode.swift; path = TimerManager.swift; sourceTree = "<group>"; };
		EDF436042C896BD800A6B863 /* RxSwiftStopWhatchApp.app */ = {isa = PBXFileReference; explicitFileType = wrapper.application; includeInIndex = 0; path = RxSwiftStopWhatchApp.app; sourceTree = BUILT_PRODUCTS_DIR; };
		EDF436072C896BD800A6B863 /* AppDelegate.swift */ = {isa = PBXFileReference; lastKnownFileType = sourcecode.swift; path = AppDelegate.swift; sourceTree = "<group>"; };
		EDF436092C896BD800A6B863 /* SceneDelegate.swift */ = {isa = PBXFileReference; lastKnownFileType = sourcecode.swift; path = SceneDelegate.swift; sourceTree = "<group>"; };
		EDF4360B2C896BD800A6B863 /* TimerViewController.swift */ = {isa = PBXFileReference; lastKnownFileType = sourcecode.swift; path = TimerViewController.swift; sourceTree = "<group>"; };
		EDF4360E2C896BD800A6B863 /* Base */ = {isa = PBXFileReference; lastKnownFileType = file.storyboard; name = Base; path = Base.lproj/Main.storyboard; sourceTree = "<group>"; };
		EDF436102C896BD900A6B863 /* Assets.xcassets */ = {isa = PBXFileReference; lastKnownFileType = folder.assetcatalog; path = Assets.xcassets; sourceTree = "<group>"; };
		EDF436132C896BD900A6B863 /* Base */ = {isa = PBXFileReference; lastKnownFileType = file.storyboard; name = Base; path = Base.lproj/LaunchScreen.storyboard; sourceTree = "<group>"; };
		EDF436152C896BD900A6B863 /* Info.plist */ = {isa = PBXFileReference; lastKnownFileType = text.plist.xml; path = Info.plist; sourceTree = "<group>"; };
/* End PBXFileReference section */

/* Begin PBXFrameworksBuildPhase section */
		EDF436012C896BD800A6B863 /* Frameworks */ = {
			isa = PBXFrameworksBuildPhase;
			buildActionMask = 2147483647;
			files = (
				E45687032ADA3C3DF2ED909D /* Pods_RxSwiftStopWhatchApp.framework in Frameworks */,
			);
			runOnlyForDeploymentPostprocessing = 0;
		};
/* End PBXFrameworksBuildPhase section */

/* Begin PBXGroup section */
		A2AE6155917495C0E744D65B /* Frameworks */ = {
			isa = PBXGroup;
			children = (
				411F611D8441F14110EB2CDD /* Pods_RxSwiftStopWhatchApp.framework */,
			);
			name = Frameworks;
			sourceTree = "<group>";
		};
		E4BF4EF03C4ED0B5F9DEC1C7 /* Pods */ = {
			isa = PBXGroup;
			children = (
				6BD3022D15C7D459DD68E389 /* Pods-RxSwiftStopWhatchApp.debug.xcconfig */,
				8E0C3F6E9173139488EDF565 /* Pods-RxSwiftStopWhatchApp.release.xcconfig */,
			);
			path = Pods;
			sourceTree = "<group>";
		};
		EDF435FB2C896BD800A6B863 = {
			isa = PBXGroup;
			children = (
				EDF436062C896BD800A6B863 /* RxSwiftStopWhatchApp */,
				EDF436052C896BD800A6B863 /* Products */,
				E4BF4EF03C4ED0B5F9DEC1C7 /* Pods */,
				A2AE6155917495C0E744D65B /* Frameworks */,
			);
			sourceTree = "<group>";
		};
		EDF436052C896BD800A6B863 /* Products */ = {
			isa = PBXGroup;
			children = (
				EDF436042C896BD800A6B863 /* RxSwiftStopWhatchApp.app */,
			);
			name = Products;
			sourceTree = "<group>";
		};
		EDF436062C896BD800A6B863 /* RxSwiftStopWhatchApp */ = {
			isa = PBXGroup;
			children = (
				EDF436072C896BD800A6B863 /* AppDelegate.swift */,
				EDF436092C896BD800A6B863 /* SceneDelegate.swift */,
				ED990A192C8AE39200058292 /* TimerManager.swift */,
				ED9909F52C89953200058292 /* TimerViewModel.swift */,
				EDF4360B2C896BD800A6B863 /* TimerViewController.swift */,
				EDF4360D2C896BD800A6B863 /* Main.storyboard */,
				EDF436102C896BD900A6B863 /* Assets.xcassets */,
				EDF436122C896BD900A6B863 /* LaunchScreen.storyboard */,
				EDF436152C896BD900A6B863 /* Info.plist */,
			);
			path = RxSwiftStopWhatchApp;
			sourceTree = "<group>";
		};
/* End PBXGroup section */

/* Begin PBXNativeTarget section */
		EDF436032C896BD800A6B863 /* RxSwiftStopWhatchApp */ = {
			isa = PBXNativeTarget;
			buildConfigurationList = EDF436182C896BD900A6B863 /* Build configuration list for PBXNativeTarget "RxSwiftStopWhatchApp" */;
			buildPhases = (
				3FBE20573566431496037658 /* [CP] Check Pods Manifest.lock */,
				EDF436002C896BD800A6B863 /* Sources */,
				EDF436012C896BD800A6B863 /* Frameworks */,
				EDF436022C896BD800A6B863 /* Resources */,
				1CF3FA8B9C14FE2FC3CE1AD4 /* [CP] Embed Pods Frameworks */,
			);
			buildRules = (
			);
			dependencies = (
			);
			name = RxSwiftStopWhatchApp;
			productName = RxSwiftStopWhatchApp;
			productReference = EDF436042C896BD800A6B863 /* RxSwiftStopWhatchApp.app */;
			productType = "com.apple.product-type.application";
		};
/* End PBXNativeTarget section */

/* Begin PBXProject section */
		EDF435FC2C896BD800A6B863 /* Project object */ = {
			isa = PBXProject;
			attributes = {
				BuildIndependentTargetsInParallel = 1;
				LastSwiftUpdateCheck = 1530;
				LastUpgradeCheck = 1530;
				TargetAttributes = {
					EDF436032C896BD800A6B863 = {
						CreatedOnToolsVersion = 15.3;
					};
				};
			};
			buildConfigurationList = EDF435FF2C896BD800A6B863 /* Build configuration list for PBXProject "RxSwiftStopWhatchApp" */;
			compatibilityVersion = "Xcode 14.0";
			developmentRegion = en;
			hasScannedForEncodings = 0;
			knownRegions = (
				en,
				Base,
			);
			mainGroup = EDF435FB2C896BD800A6B863;
			productRefGroup = EDF436052C896BD800A6B863 /* Products */;
			projectDirPath = "";
			projectRoot = "";
			targets = (
				EDF436032C896BD800A6B863 /* RxSwiftStopWhatchApp */,
			);
		};
/* End PBXProject section */

/* Begin PBXResourcesBuildPhase section */
		EDF436022C896BD800A6B863 /* Resources */ = {
			isa = PBXResourcesBuildPhase;
			buildActionMask = 2147483647;
			files = (
				EDF436112C896BD900A6B863 /* Assets.xcassets in Resources */,
				EDF436142C896BD900A6B863 /* Base in Resources */,
				EDF4360F2C896BD800A6B863 /* Base in Resources */,
			);
			runOnlyForDeploymentPostprocessing = 0;
		};
/* End PBXResourcesBuildPhase section */

/* Begin PBXShellScriptBuildPhase section */
		1CF3FA8B9C14FE2FC3CE1AD4 /* [CP] Embed Pods Frameworks */ = {
			isa = PBXShellScriptBuildPhase;
			buildActionMask = 2147483647;
			files = (
			);
			inputFileListPaths = (
				"${PODS_ROOT}/Target Support Files/Pods-RxSwiftStopWhatchApp/Pods-RxSwiftStopWhatchApp-frameworks-${CONFIGURATION}-input-files.xcfilelist",
			);
			name = "[CP] Embed Pods Frameworks";
			outputFileListPaths = (
				"${PODS_ROOT}/Target Support Files/Pods-RxSwiftStopWhatchApp/Pods-RxSwiftStopWhatchApp-frameworks-${CONFIGURATION}-output-files.xcfilelist",
			);
			runOnlyForDeploymentPostprocessing = 0;
			shellPath = /bin/sh;
			shellScript = "\"${PODS_ROOT}/Target Support Files/Pods-RxSwiftStopWhatchApp/Pods-RxSwiftStopWhatchApp-frameworks.sh\"\n";
			showEnvVarsInLog = 0;
		};
		3FBE20573566431496037658 /* [CP] Check Pods Manifest.lock */ = {
			isa = PBXShellScriptBuildPhase;
			buildActionMask = 2147483647;
			files = (
			);
			inputFileListPaths = (
			);
			inputPaths = (
				"${PODS_PODFILE_DIR_PATH}/Podfile.lock",
				"${PODS_ROOT}/Manifest.lock",
			);
			name = "[CP] Check Pods Manifest.lock";
			outputFileListPaths = (
			);
			outputPaths = (
				"$(DERIVED_FILE_DIR)/Pods-RxSwiftStopWhatchApp-checkManifestLockResult.txt",
			);
			runOnlyForDeploymentPostprocessing = 0;
			shellPath = /bin/sh;
			shellScript = "diff \"${PODS_PODFILE_DIR_PATH}/Podfile.lock\" \"${PODS_ROOT}/Manifest.lock\" > /dev/null\nif [ $? != 0 ] ; then\n    # print error to STDERR\n    echo \"error: The sandbox is not in sync with the Podfile.lock. Run 'pod install' or update your CocoaPods installation.\" >&2\n    exit 1\nfi\n# This output is used by Xcode 'outputs' to avoid re-running this script phase.\necho \"SUCCESS\" > \"${SCRIPT_OUTPUT_FILE_0}\"\n";
			showEnvVarsInLog = 0;
		};
/* End PBXShellScriptBuildPhase section */

/* Begin PBXSourcesBuildPhase section */
		EDF436002C896BD800A6B863 /* Sources */ = {
			isa = PBXSourcesBuildPhase;
			buildActionMask = 2147483647;
			files = (
				EDF4360C2C896BD800A6B863 /* TimerViewController.swift in Sources */,
				ED990A1A2C8AE39200058292 /* TimerManager.swift in Sources */,
				EDF436082C896BD800A6B863 /* AppDelegate.swift in Sources */,
				ED9909F62C89953200058292 /* TimerViewModel.swift in Sources */,
				EDF4360A2C896BD800A6B863 /* SceneDelegate.swift in Sources */,
			);
			runOnlyForDeploymentPostprocessing = 0;
		};
/* End PBXSourcesBuildPhase section */

/* Begin PBXVariantGroup section */
		EDF4360D2C896BD800A6B863 /* Main.storyboard */ = {
			isa = PBXVariantGroup;
			children = (
				EDF4360E2C896BD800A6B863 /* Base */,
			);
			name = Main.storyboard;
			sourceTree = "<group>";
		};
		EDF436122C896BD900A6B863 /* LaunchScreen.storyboard */ = {
			isa = PBXVariantGroup;
			children = (
				EDF436132C896BD900A6B863 /* Base */,
			);
			name = LaunchScreen.storyboard;
			sourceTree = "<group>";
		};
/* End PBXVariantGroup section */

/* Begin XCBuildConfiguration section */
		EDF436162C896BD900A6B863 /* Debug */ = {
			isa = XCBuildConfiguration;
			buildSettings = {
				ALWAYS_SEARCH_USER_PATHS = NO;
				ASSETCATALOG_COMPILER_GENERATE_SWIFT_ASSET_SYMBOL_EXTENSIONS = YES;
				CLANG_ANALYZER_NONNULL = YES;
				CLANG_ANALYZER_NUMBER_OBJECT_CONVERSION = YES_AGGRESSIVE;
				CLANG_CXX_LANGUAGE_STANDARD = "gnu++20";
				CLANG_ENABLE_MODULES = YES;
				CLANG_ENABLE_OBJC_ARC = YES;
				CLANG_ENABLE_OBJC_WEAK = YES;
				CLANG_WARN_BLOCK_CAPTURE_AUTORELEASING = YES;
				CLANG_WARN_BOOL_CONVERSION = YES;
				CLANG_WARN_COMMA = YES;
				CLANG_WARN_CONSTANT_CONVERSION = YES;
				CLANG_WARN_DEPRECATED_OBJC_IMPLEMENTATIONS = YES;
				CLANG_WARN_DIRECT_OBJC_ISA_USAGE = YES_ERROR;
				CLANG_WARN_DOCUMENTATION_COMMENTS = YES;
				CLANG_WARN_EMPTY_BODY = YES;
				CLANG_WARN_ENUM_CONVERSION = YES;
				CLANG_WARN_INFINITE_RECURSION = YES;
				CLANG_WARN_INT_CONVERSION = YES;
				CLANG_WARN_NON_LITERAL_NULL_CONVERSION = YES;
				CLANG_WARN_OBJC_IMPLICIT_RETAIN_SELF = YES;
				CLANG_WARN_OBJC_LITERAL_CONVERSION = YES;
				CLANG_WARN_OBJC_ROOT_CLASS = YES_ERROR;
				CLANG_WARN_QUOTED_INCLUDE_IN_FRAMEWORK_HEADER = YES;
				CLANG_WARN_RANGE_LOOP_ANALYSIS = YES;
				CLANG_WARN_STRICT_PROTOTYPES = YES;
				CLANG_WARN_SUSPICIOUS_MOVE = YES;
				CLANG_WARN_UNGUARDED_AVAILABILITY = YES_AGGRESSIVE;
				CLANG_WARN_UNREACHABLE_CODE = YES;
				CLANG_WARN__DUPLICATE_METHOD_MATCH = YES;
				COPY_PHASE_STRIP = NO;
				DEBUG_INFORMATION_FORMAT = dwarf;
				ENABLE_STRICT_OBJC_MSGSEND = YES;
				ENABLE_TESTABILITY = YES;
				ENABLE_USER_SCRIPT_SANDBOXING = YES;
				GCC_C_LANGUAGE_STANDARD = gnu17;
				GCC_DYNAMIC_NO_PIC = NO;
				GCC_NO_COMMON_BLOCKS = YES;
				GCC_OPTIMIZATION_LEVEL = 0;
				GCC_PREPROCESSOR_DEFINITIONS = (
					"DEBUG=1",
					"$(inherited)",
				);
				GCC_WARN_64_TO_32_BIT_CONVERSION = YES;
				GCC_WARN_ABOUT_RETURN_TYPE = YES_ERROR;
				GCC_WARN_UNDECLARED_SELECTOR = YES;
				GCC_WARN_UNINITIALIZED_AUTOS = YES_AGGRESSIVE;
				GCC_WARN_UNUSED_FUNCTION = YES;
				GCC_WARN_UNUSED_VARIABLE = YES;
				IPHONEOS_DEPLOYMENT_TARGET = 17.4;
				LOCALIZATION_PREFERS_STRING_CATALOGS = YES;
				MTL_ENABLE_DEBUG_INFO = INCLUDE_SOURCE;
				MTL_FAST_MATH = YES;
				ONLY_ACTIVE_ARCH = YES;
				SDKROOT = iphoneos;
				SWIFT_ACTIVE_COMPILATION_CONDITIONS = "DEBUG $(inherited)";
				SWIFT_OPTIMIZATION_LEVEL = "-Onone";
			};
			name = Debug;
		};
		EDF436172C896BD900A6B863 /* Release */ = {
			isa = XCBuildConfiguration;
			buildSettings = {
				ALWAYS_SEARCH_USER_PATHS = NO;
				ASSETCATALOG_COMPILER_GENERATE_SWIFT_ASSET_SYMBOL_EXTENSIONS = YES;
				CLANG_ANALYZER_NONNULL = YES;
				CLANG_ANALYZER_NUMBER_OBJECT_CONVERSION = YES_AGGRESSIVE;
				CLANG_CXX_LANGUAGE_STANDARD = "gnu++20";
				CLANG_ENABLE_MODULES = YES;
				CLANG_ENABLE_OBJC_ARC = YES;
				CLANG_ENABLE_OBJC_WEAK = YES;
				CLANG_WARN_BLOCK_CAPTURE_AUTORELEASING = YES;
				CLANG_WARN_BOOL_CONVERSION = YES;
				CLANG_WARN_COMMA = YES;
				CLANG_WARN_CONSTANT_CONVERSION = YES;
				CLANG_WARN_DEPRECATED_OBJC_IMPLEMENTATIONS = YES;
				CLANG_WARN_DIRECT_OBJC_ISA_USAGE = YES_ERROR;
				CLANG_WARN_DOCUMENTATION_COMMENTS = YES;
				CLANG_WARN_EMPTY_BODY = YES;
				CLANG_WARN_ENUM_CONVERSION = YES;
				CLANG_WARN_INFINITE_RECURSION = YES;
				CLANG_WARN_INT_CONVERSION = YES;
				CLANG_WARN_NON_LITERAL_NULL_CONVERSION = YES;
				CLANG_WARN_OBJC_IMPLICIT_RETAIN_SELF = YES;
				CLANG_WARN_OBJC_LITERAL_CONVERSION = YES;
				CLANG_WARN_OBJC_ROOT_CLASS = YES_ERROR;
				CLANG_WARN_QUOTED_INCLUDE_IN_FRAMEWORK_HEADER = YES;
				CLANG_WARN_RANGE_LOOP_ANALYSIS = YES;
				CLANG_WARN_STRICT_PROTOTYPES = YES;
				CLANG_WARN_SUSPICIOUS_MOVE = YES;
				CLANG_WARN_UNGUARDED_AVAILABILITY = YES_AGGRESSIVE;
				CLANG_WARN_UNREACHABLE_CODE = YES;
				CLANG_WARN__DUPLICATE_METHOD_MATCH = YES;
				COPY_PHASE_STRIP = NO;
				DEBUG_INFORMATION_FORMAT = "dwarf-with-dsym";
				ENABLE_NS_ASSERTIONS = NO;
				ENABLE_STRICT_OBJC_MSGSEND = YES;
				ENABLE_USER_SCRIPT_SANDBOXING = YES;
				GCC_C_LANGUAGE_STANDARD = gnu17;
				GCC_NO_COMMON_BLOCKS = YES;
				GCC_WARN_64_TO_32_BIT_CONVERSION = YES;
				GCC_WARN_ABOUT_RETURN_TYPE = YES_ERROR;
				GCC_WARN_UNDECLARED_SELECTOR = YES;
				GCC_WARN_UNINITIALIZED_AUTOS = YES_AGGRESSIVE;
				GCC_WARN_UNUSED_FUNCTION = YES;
				GCC_WARN_UNUSED_VARIABLE = YES;
				IPHONEOS_DEPLOYMENT_TARGET = 17.4;
				LOCALIZATION_PREFERS_STRING_CATALOGS = YES;
				MTL_ENABLE_DEBUG_INFO = NO;
				MTL_FAST_MATH = YES;
				SDKROOT = iphoneos;
				SWIFT_COMPILATION_MODE = wholemodule;
				VALIDATE_PRODUCT = YES;
			};
			name = Release;
		};
		EDF436192C896BD900A6B863 /* Debug */ = {
			isa = XCBuildConfiguration;
			baseConfigurationReference = 6BD3022D15C7D459DD68E389 /* Pods-RxSwiftStopWhatchApp.debug.xcconfig */;
			buildSettings = {
				ASSETCATALOG_COMPILER_APPICON_NAME = AppIcon;
				ASSETCATALOG_COMPILER_GLOBAL_ACCENT_COLOR_NAME = AccentColor;
				CODE_SIGN_STYLE = Automatic;
				CURRENT_PROJECT_VERSION = 1;
				ENABLE_USER_SCRIPT_SANDBOXING = NO;
				GENERATE_INFOPLIST_FILE = YES;
				INFOPLIST_FILE = RxSwiftStopWhatchApp/Info.plist;
				INFOPLIST_KEY_UIApplicationSupportsIndirectInputEvents = YES;
				INFOPLIST_KEY_UILaunchStoryboardName = LaunchScreen;
				INFOPLIST_KEY_UIMainStoryboardFile = Main;
				INFOPLIST_KEY_UISupportedInterfaceOrientations_iPad = "UIInterfaceOrientationPortrait UIInterfaceOrientationPortraitUpsideDown UIInterfaceOrientationLandscapeLeft UIInterfaceOrientationLandscapeRight";
				INFOPLIST_KEY_UISupportedInterfaceOrientations_iPhone = "UIInterfaceOrientationPortrait UIInterfaceOrientationLandscapeLeft UIInterfaceOrientationLandscapeRight";
				LD_RUNPATH_SEARCH_PATHS = (
					"$(inherited)",
					"@executable_path/Frameworks",
				);
				MARKETING_VERSION = 1.0;
				PRODUCT_BUNDLE_IDENTIFIER = "Ishioka-Ken.RxSwiftStopWhatchApp";
				PRODUCT_NAME = "$(TARGET_NAME)";
				SWIFT_EMIT_LOC_STRINGS = YES;
				SWIFT_VERSION = 5.0;
				TARGETED_DEVICE_FAMILY = "1,2";
			};
			name = Debug;
		};
		EDF4361A2C896BD900A6B863 /* Release */ = {
			isa = XCBuildConfiguration;
			baseConfigurationReference = 8E0C3F6E9173139488EDF565 /* Pods-RxSwiftStopWhatchApp.release.xcconfig */;
			buildSettings = {
				ASSETCATALOG_COMPILER_APPICON_NAME = AppIcon;
				ASSETCATALOG_COMPILER_GLOBAL_ACCENT_COLOR_NAME = AccentColor;
				CODE_SIGN_STYLE = Automatic;
				CURRENT_PROJECT_VERSION = 1;
				ENABLE_USER_SCRIPT_SANDBOXING = NO;
				GENERATE_INFOPLIST_FILE = YES;
				INFOPLIST_FILE = RxSwiftStopWhatchApp/Info.plist;
				INFOPLIST_KEY_UIApplicationSupportsIndirectInputEvents = YES;
				INFOPLIST_KEY_UILaunchStoryboardName = LaunchScreen;
				INFOPLIST_KEY_UIMainStoryboardFile = Main;
				INFOPLIST_KEY_UISupportedInterfaceOrientations_iPad = "UIInterfaceOrientationPortrait UIInterfaceOrientationPortraitUpsideDown UIInterfaceOrientationLandscapeLeft UIInterfaceOrientationLandscapeRight";
				INFOPLIST_KEY_UISupportedInterfaceOrientations_iPhone = "UIInterfaceOrientationPortrait UIInterfaceOrientationLandscapeLeft UIInterfaceOrientationLandscapeRight";
				LD_RUNPATH_SEARCH_PATHS = (
					"$(inherited)",
					"@executable_path/Frameworks",
				);
				MARKETING_VERSION = 1.0;
				PRODUCT_BUNDLE_IDENTIFIER = "Ishioka-Ken.RxSwiftStopWhatchApp";
				PRODUCT_NAME = "$(TARGET_NAME)";
				SWIFT_EMIT_LOC_STRINGS = YES;
				SWIFT_VERSION = 5.0;
				TARGETED_DEVICE_FAMILY = "1,2";
			};
			name = Release;
		};
/* End XCBuildConfiguration section */

/* Begin XCConfigurationList section */
		EDF435FF2C896BD800A6B863 /* Build configuration list for PBXProject "RxSwiftStopWhatchApp" */ = {
			isa = XCConfigurationList;
			buildConfigurations = (
				EDF436162C896BD900A6B863 /* Debug */,
				EDF436172C896BD900A6B863 /* Release */,
			);
			defaultConfigurationIsVisible = 0;
			defaultConfigurationName = Release;
		};
		EDF436182C896BD900A6B863 /* Build configuration list for PBXNativeTarget "RxSwiftStopWhatchApp" */ = {
			isa = XCConfigurationList;
			buildConfigurations = (
				EDF436192C896BD900A6B863 /* Debug */,
				EDF4361A2C896BD900A6B863 /* Release */,
			);
			defaultConfigurationIsVisible = 0;
			defaultConfigurationName = Release;
		};
/* End XCConfigurationList section */
	};
	rootObject = EDF435FC2C896BD800A6B863 /* Project object */;
}
