// !$*UTF8*$!
{
	archiveVersion = 1;
	classes = {
	};
	objectVersion = 56;
	objects = {

/* Begin PBXBuildFile section */
		0667D6DF38EC339C88E99FEC /* Pods_RxSwiftBindPractice.framework in Frameworks */ = {isa = PBXBuildFile; fileRef = 50AFF4EAD4F507A101755004 /* Pods_RxSwiftBindPractice.framework */; };
		EDB64EC12C7DB269002D44AB /* AppDelegate.swift in Sources */ = {isa = PBXBuildFile; fileRef = EDB64EC02C7DB269002D44AB /* AppDelegate.swift */; };
		EDB64EC32C7DB269002D44AB /* SceneDelegate.swift in Sources */ = {isa = PBXBuildFile; fileRef = EDB64EC22C7DB269002D44AB /* SceneDelegate.swift */; };
		EDB64EC52C7DB269002D44AB /* ViewController.swift in Sources */ = {isa = PBXBuildFile; fileRef = EDB64EC42C7DB269002D44AB /* ViewController.swift */; };
		EDB64EC82C7DB269002D44AB /* Base in Resources */ = {isa = PBXBuildFile; fileRef = EDB64EC72C7DB269002D44AB /* Base */; };
		EDB64ECA2C7DB26A002D44AB /* Assets.xcassets in Resources */ = {isa = PBXBuildFile; fileRef = EDB64EC92C7DB26A002D44AB /* Assets.xcassets */; };
		EDB64ECD2C7DB26A002D44AB /* Base in Resources */ = {isa = PBXBuildFile; fileRef = EDB64ECC2C7DB26A002D44AB /* Base */; };
/* End PBXBuildFile section */

/* Begin PBXFileReference section */
		50AFF4EAD4F507A101755004 /* Pods_RxSwiftBindPractice.framework */ = {isa = PBXFileReference; explicitFileType = wrapper.framework; includeInIndex = 0; path = Pods_RxSwiftBindPractice.framework; sourceTree = BUILT_PRODUCTS_DIR; };
		686BFEFE8D3BCF1C7DE0DF6D /* Pods-RxSwiftBindPractice.release.xcconfig */ = {isa = PBXFileReference; includeInIndex = 1; lastKnownFileType = text.xcconfig; name = "Pods-RxSwiftBindPractice.release.xcconfig"; path = "Target Support Files/Pods-RxSwiftBindPractice/Pods-RxSwiftBindPractice.release.xcconfig"; sourceTree = "<group>"; };
		B7E5A7B4A43CA87C89A7FE30 /* Pods-RxSwiftBindPractice.debug.xcconfig */ = {isa = PBXFileReference; includeInIndex = 1; lastKnownFileType = text.xcconfig; name = "Pods-RxSwiftBindPractice.debug.xcconfig"; path = "Target Support Files/Pods-RxSwiftBindPractice/Pods-RxSwiftBindPractice.debug.xcconfig"; sourceTree = "<group>"; };
		EDB64EBD2C7DB269002D44AB /* RxSwiftBindPractice.app */ = {isa = PBXFileReference; explicitFileType = wrapper.application; includeInIndex = 0; path = RxSwiftBindPractice.app; sourceTree = BUILT_PRODUCTS_DIR; };
		EDB64EC02C7DB269002D44AB /* AppDelegate.swift */ = {isa = PBXFileReference; lastKnownFileType = sourcecode.swift; path = AppDelegate.swift; sourceTree = "<group>"; };
		EDB64EC22C7DB269002D44AB /* SceneDelegate.swift */ = {isa = PBXFileReference; lastKnownFileType = sourcecode.swift; path = SceneDelegate.swift; sourceTree = "<group>"; };
		EDB64EC42C7DB269002D44AB /* ViewController.swift */ = {isa = PBXFileReference; lastKnownFileType = sourcecode.swift; path = ViewController.swift; sourceTree = "<group>"; };
		EDB64EC72C7DB269002D44AB /* Base */ = {isa = PBXFileReference; lastKnownFileType = file.storyboard; name = Base; path = Base.lproj/Main.storyboard; sourceTree = "<group>"; };
		EDB64EC92C7DB26A002D44AB /* Assets.xcassets */ = {isa = PBXFileReference; lastKnownFileType = folder.assetcatalog; path = Assets.xcassets; sourceTree = "<group>"; };
		EDB64ECC2C7DB26A002D44AB /* Base */ = {isa = PBXFileReference; lastKnownFileType = file.storyboard; name = Base; path = Base.lproj/LaunchScreen.storyboard; sourceTree = "<group>"; };
		EDB64ECE2C7DB26A002D44AB /* Info.plist */ = {isa = PBXFileReference; lastKnownFileType = text.plist.xml; path = Info.plist; sourceTree = "<group>"; };
/* End PBXFileReference section */

/* Begin PBXFrameworksBuildPhase section */
		EDB64EBA2C7DB269002D44AB /* Frameworks */ = {
			isa = PBXFrameworksBuildPhase;
			buildActionMask = 2147483647;
			files = (
				0667D6DF38EC339C88E99FEC /* Pods_RxSwiftBindPractice.framework in Frameworks */,
			);
			runOnlyForDeploymentPostprocessing = 0;
		};
/* End PBXFrameworksBuildPhase section */

/* Begin PBXGroup section */
		929A5708341B5CAB0E5BAE27 /* Pods */ = {
			isa = PBXGroup;
			children = (
				B7E5A7B4A43CA87C89A7FE30 /* Pods-RxSwiftBindPractice.debug.xcconfig */,
				686BFEFE8D3BCF1C7DE0DF6D /* Pods-RxSwiftBindPractice.release.xcconfig */,
			);
			path = Pods;
			sourceTree = "<group>";
		};
		9B395E6903C1E55D32C1468D /* Frameworks */ = {
			isa = PBXGroup;
			children = (
				50AFF4EAD4F507A101755004 /* Pods_RxSwiftBindPractice.framework */,
			);
			name = Frameworks;
			sourceTree = "<group>";
		};
		EDB64EB42C7DB269002D44AB = {
			isa = PBXGroup;
			children = (
				EDB64EBF2C7DB269002D44AB /* RxSwiftBindPractice */,
				EDB64EBE2C7DB269002D44AB /* Products */,
				929A5708341B5CAB0E5BAE27 /* Pods */,
				9B395E6903C1E55D32C1468D /* Frameworks */,
			);
			sourceTree = "<group>";
		};
		EDB64EBE2C7DB269002D44AB /* Products */ = {
			isa = PBXGroup;
			children = (
				EDB64EBD2C7DB269002D44AB /* RxSwiftBindPractice.app */,
			);
			name = Products;
			sourceTree = "<group>";
		};
		EDB64EBF2C7DB269002D44AB /* RxSwiftBindPractice */ = {
			isa = PBXGroup;
			children = (
				EDB64EC02C7DB269002D44AB /* AppDelegate.swift */,
				EDB64EC22C7DB269002D44AB /* SceneDelegate.swift */,
				EDB64EC42C7DB269002D44AB /* ViewController.swift */,
				EDB64EC62C7DB269002D44AB /* Main.storyboard */,
				EDB64EC92C7DB26A002D44AB /* Assets.xcassets */,
				EDB64ECB2C7DB26A002D44AB /* LaunchScreen.storyboard */,
				EDB64ECE2C7DB26A002D44AB /* Info.plist */,
			);
			path = RxSwiftBindPractice;
			sourceTree = "<group>";
		};
/* End PBXGroup section */

/* Begin PBXNativeTarget section */
		EDB64EBC2C7DB269002D44AB /* RxSwiftBindPractice */ = {
			isa = PBXNativeTarget;
			buildConfigurationList = EDB64ED12C7DB26A002D44AB /* Build configuration list for PBXNativeTarget "RxSwiftBindPractice" */;
			buildPhases = (
				05DA13AB1195D10BD92B0001 /* [CP] Check Pods Manifest.lock */,
				EDB64EB92C7DB269002D44AB /* Sources */,
				EDB64EBA2C7DB269002D44AB /* Frameworks */,
				EDB64EBB2C7DB269002D44AB /* Resources */,
				4A37D6E5C63E87838944F325 /* [CP] Embed Pods Frameworks */,
			);
			buildRules = (
			);
			dependencies = (
			);
			name = RxSwiftBindPractice;
			productName = RxSwiftBindPractice;
			productReference = EDB64EBD2C7DB269002D44AB /* RxSwiftBindPractice.app */;
			productType = "com.apple.product-type.application";
		};
/* End PBXNativeTarget section */

/* Begin PBXProject section */
		EDB64EB52C7DB269002D44AB /* Project object */ = {
			isa = PBXProject;
			attributes = {
				BuildIndependentTargetsInParallel = 1;
				LastSwiftUpdateCheck = 1530;
				LastUpgradeCheck = 1530;
				TargetAttributes = {
					EDB64EBC2C7DB269002D44AB = {
						CreatedOnToolsVersion = 15.3;
					};
				};
			};
			buildConfigurationList = EDB64EB82C7DB269002D44AB /* Build configuration list for PBXProject "RxSwiftBindPractice" */;
			compatibilityVersion = "Xcode 14.0";
			developmentRegion = en;
			hasScannedForEncodings = 0;
			knownRegions = (
				en,
				Base,
			);
			mainGroup = EDB64EB42C7DB269002D44AB;
			productRefGroup = EDB64EBE2C7DB269002D44AB /* Products */;
			projectDirPath = "";
			projectRoot = "";
			targets = (
				EDB64EBC2C7DB269002D44AB /* RxSwiftBindPractice */,
			);
		};
/* End PBXProject section */

/* Begin PBXResourcesBuildPhase section */
		EDB64EBB2C7DB269002D44AB /* Resources */ = {
			isa = PBXResourcesBuildPhase;
			buildActionMask = 2147483647;
			files = (
				EDB64ECA2C7DB26A002D44AB /* Assets.xcassets in Resources */,
				EDB64ECD2C7DB26A002D44AB /* Base in Resources */,
				EDB64EC82C7DB269002D44AB /* Base in Resources */,
			);
			runOnlyForDeploymentPostprocessing = 0;
		};
/* End PBXResourcesBuildPhase section */

/* Begin PBXShellScriptBuildPhase section */
		05DA13AB1195D10BD92B0001 /* [CP] Check Pods Manifest.lock */ = {
			isa = PBXShellScriptBuildPhase;
			buildActionMask = 2147483647;
			files = (
			);
			inputFileListPaths = (
			);
			inputPaths = (
				"${PODS_PODFILE_DIR_PATH}/Podfile.lock",
				"${PODS_ROOT}/Manifest.lock",
			);
			name = "[CP] Check Pods Manifest.lock";
			outputFileListPaths = (
			);
			outputPaths = (
				"$(DERIVED_FILE_DIR)/Pods-RxSwiftBindPractice-checkManifestLockResult.txt",
			);
			runOnlyForDeploymentPostprocessing = 0;
			shellPath = /bin/sh;
			shellScript = "diff \"${PODS_PODFILE_DIR_PATH}/Podfile.lock\" \"${PODS_ROOT}/Manifest.lock\" > /dev/null\nif [ $? != 0 ] ; then\n    # print error to STDERR\n    echo \"error: The sandbox is not in sync with the Podfile.lock. Run 'pod install' or update your CocoaPods installation.\" >&2\n    exit 1\nfi\n# This output is used by Xcode 'outputs' to avoid re-running this script phase.\necho \"SUCCESS\" > \"${SCRIPT_OUTPUT_FILE_0}\"\n";
			showEnvVarsInLog = 0;
		};
		4A37D6E5C63E87838944F325 /* [CP] Embed Pods Frameworks */ = {
			isa = PBXShellScriptBuildPhase;
			buildActionMask = 2147483647;
			files = (
			);
			inputFileListPaths = (
				"${PODS_ROOT}/Target Support Files/Pods-RxSwiftBindPractice/Pods-RxSwiftBindPractice-frameworks-${CONFIGURATION}-input-files.xcfilelist",
			);
			name = "[CP] Embed Pods Frameworks";
			outputFileListPaths = (
				"${PODS_ROOT}/Target Support Files/Pods-RxSwiftBindPractice/Pods-RxSwiftBindPractice-frameworks-${CONFIGURATION}-output-files.xcfilelist",
			);
			runOnlyForDeploymentPostprocessing = 0;
			shellPath = /bin/sh;
			shellScript = "\"${PODS_ROOT}/Target Support Files/Pods-RxSwiftBindPractice/Pods-RxSwiftBindPractice-frameworks.sh\"\n";
			showEnvVarsInLog = 0;
		};
/* End PBXShellScriptBuildPhase section */

/* Begin PBXSourcesBuildPhase section */
		EDB64EB92C7DB269002D44AB /* Sources */ = {
			isa = PBXSourcesBuildPhase;
			buildActionMask = 2147483647;
			files = (
				EDB64EC52C7DB269002D44AB /* ViewController.swift in Sources */,
				EDB64EC12C7DB269002D44AB /* AppDelegate.swift in Sources */,
				EDB64EC32C7DB269002D44AB /* SceneDelegate.swift in Sources */,
			);
			runOnlyForDeploymentPostprocessing = 0;
		};
/* End PBXSourcesBuildPhase section */

/* Begin PBXVariantGroup section */
		EDB64EC62C7DB269002D44AB /* Main.storyboard */ = {
			isa = PBXVariantGroup;
			children = (
				EDB64EC72C7DB269002D44AB /* Base */,
			);
			name = Main.storyboard;
			sourceTree = "<group>";
		};
		EDB64ECB2C7DB26A002D44AB /* LaunchScreen.storyboard */ = {
			isa = PBXVariantGroup;
			children = (
				EDB64ECC2C7DB26A002D44AB /* Base */,
			);
			name = LaunchScreen.storyboard;
			sourceTree = "<group>";
		};
/* End PBXVariantGroup section */

/* Begin XCBuildConfiguration section */
		EDB64ECF2C7DB26A002D44AB /* Debug */ = {
			isa = XCBuildConfiguration;
			buildSettings = {
				ALWAYS_SEARCH_USER_PATHS = NO;
				ASSETCATALOG_COMPILER_GENERATE_SWIFT_ASSET_SYMBOL_EXTENSIONS = YES;
				CLANG_ANALYZER_NONNULL = YES;
				CLANG_ANALYZER_NUMBER_OBJECT_CONVERSION = YES_AGGRESSIVE;
				CLANG_CXX_LANGUAGE_STANDARD = "gnu++20";
				CLANG_ENABLE_MODULES = YES;
				CLANG_ENABLE_OBJC_ARC = YES;
				CLANG_ENABLE_OBJC_WEAK = YES;
				CLANG_WARN_BLOCK_CAPTURE_AUTORELEASING = YES;
				CLANG_WARN_BOOL_CONVERSION = YES;
				CLANG_WARN_COMMA = YES;
				CLANG_WARN_CONSTANT_CONVERSION = YES;
				CLANG_WARN_DEPRECATED_OBJC_IMPLEMENTATIONS = YES;
				CLANG_WARN_DIRECT_OBJC_ISA_USAGE = YES_ERROR;
				CLANG_WARN_DOCUMENTATION_COMMENTS = YES;
				CLANG_WARN_EMPTY_BODY = YES;
				CLANG_WARN_ENUM_CONVERSION = YES;
				CLANG_WARN_INFINITE_RECURSION = YES;
				CLANG_WARN_INT_CONVERSION = YES;
				CLANG_WARN_NON_LITERAL_NULL_CONVERSION = YES;
				CLANG_WARN_OBJC_IMPLICIT_RETAIN_SELF = YES;
				CLANG_WARN_OBJC_LITERAL_CONVERSION = YES;
				CLANG_WARN_OBJC_ROOT_CLASS = YES_ERROR;
				CLANG_WARN_QUOTED_INCLUDE_IN_FRAMEWORK_HEADER = YES;
				CLANG_WARN_RANGE_LOOP_ANALYSIS = YES;
				CLANG_WARN_STRICT_PROTOTYPES = YES;
				CLANG_WARN_SUSPICIOUS_MOVE = YES;
				CLANG_WARN_UNGUARDED_AVAILABILITY = YES_AGGRESSIVE;
				CLANG_WARN_UNREACHABLE_CODE = YES;
				CLANG_WARN__DUPLICATE_METHOD_MATCH = YES;
				COPY_PHASE_STRIP = NO;
				DEBUG_INFORMATION_FORMAT = dwarf;
				ENABLE_STRICT_OBJC_MSGSEND = YES;
				ENABLE_TESTABILITY = YES;
				ENABLE_USER_SCRIPT_SANDBOXING = YES;
				GCC_C_LANGUAGE_STANDARD = gnu17;
				GCC_DYNAMIC_NO_PIC = NO;
				GCC_NO_COMMON_BLOCKS = YES;
				GCC_OPTIMIZATION_LEVEL = 0;
				GCC_PREPROCESSOR_DEFINITIONS = (
					"DEBUG=1",
					"$(inherited)",
				);
				GCC_WARN_64_TO_32_BIT_CONVERSION = YES;
				GCC_WARN_ABOUT_RETURN_TYPE = YES_ERROR;
				GCC_WARN_UNDECLARED_SELECTOR = YES;
				GCC_WARN_UNINITIALIZED_AUTOS = YES_AGGRESSIVE;
				GCC_WARN_UNUSED_FUNCTION = YES;
				GCC_WARN_UNUSED_VARIABLE = YES;
				IPHONEOS_DEPLOYMENT_TARGET = 17.4;
				LOCALIZATION_PREFERS_STRING_CATALOGS = YES;
				MTL_ENABLE_DEBUG_INFO = INCLUDE_SOURCE;
				MTL_FAST_MATH = YES;
				ONLY_ACTIVE_ARCH = YES;
				SDKROOT = iphoneos;
				SWIFT_ACTIVE_COMPILATION_CONDITIONS = "DEBUG $(inherited)";
				SWIFT_OPTIMIZATION_LEVEL = "-Onone";
			};
			name = Debug;
		};
		EDB64ED02C7DB26A002D44AB /* Release */ = {
			isa = XCBuildConfiguration;
			buildSettings = {
				ALWAYS_SEARCH_USER_PATHS = NO;
				ASSETCATALOG_COMPILER_GENERATE_SWIFT_ASSET_SYMBOL_EXTENSIONS = YES;
				CLANG_ANALYZER_NONNULL = YES;
				CLANG_ANALYZER_NUMBER_OBJECT_CONVERSION = YES_AGGRESSIVE;
				CLANG_CXX_LANGUAGE_STANDARD = "gnu++20";
				CLANG_ENABLE_MODULES = YES;
				CLANG_ENABLE_OBJC_ARC = YES;
				CLANG_ENABLE_OBJC_WEAK = YES;
				CLANG_WARN_BLOCK_CAPTURE_AUTORELEASING = YES;
				CLANG_WARN_BOOL_CONVERSION = YES;
				CLANG_WARN_COMMA = YES;
				CLANG_WARN_CONSTANT_CONVERSION = YES;
				CLANG_WARN_DEPRECATED_OBJC_IMPLEMENTATIONS = YES;
				CLANG_WARN_DIRECT_OBJC_ISA_USAGE = YES_ERROR;
				CLANG_WARN_DOCUMENTATION_COMMENTS = YES;
				CLANG_WARN_EMPTY_BODY = YES;
				CLANG_WARN_ENUM_CONVERSION = YES;
				CLANG_WARN_INFINITE_RECURSION = YES;
				CLANG_WARN_INT_CONVERSION = YES;
				CLANG_WARN_NON_LITERAL_NULL_CONVERSION = YES;
				CLANG_WARN_OBJC_IMPLICIT_RETAIN_SELF = YES;
				CLANG_WARN_OBJC_LITERAL_CONVERSION = YES;
				CLANG_WARN_OBJC_ROOT_CLASS = YES_ERROR;
				CLANG_WARN_QUOTED_INCLUDE_IN_FRAMEWORK_HEADER = YES;
				CLANG_WARN_RANGE_LOOP_ANALYSIS = YES;
				CLANG_WARN_STRICT_PROTOTYPES = YES;
				CLANG_WARN_SUSPICIOUS_MOVE = YES;
				CLANG_WARN_UNGUARDED_AVAILABILITY = YES_AGGRESSIVE;
				CLANG_WARN_UNREACHABLE_CODE = YES;
				CLANG_WARN__DUPLICATE_METHOD_MATCH = YES;
				COPY_PHASE_STRIP = NO;
				DEBUG_INFORMATION_FORMAT = "dwarf-with-dsym";
				ENABLE_NS_ASSERTIONS = NO;
				ENABLE_STRICT_OBJC_MSGSEND = YES;
				ENABLE_USER_SCRIPT_SANDBOXING = YES;
				GCC_C_LANGUAGE_STANDARD = gnu17;
				GCC_NO_COMMON_BLOCKS = YES;
				GCC_WARN_64_TO_32_BIT_CONVERSION = YES;
				GCC_WARN_ABOUT_RETURN_TYPE = YES_ERROR;
				GCC_WARN_UNDECLARED_SELECTOR = YES;
				GCC_WARN_UNINITIALIZED_AUTOS = YES_AGGRESSIVE;
				GCC_WARN_UNUSED_FUNCTION = YES;
				GCC_WARN_UNUSED_VARIABLE = YES;
				IPHONEOS_DEPLOYMENT_TARGET = 17.4;
				LOCALIZATION_PREFERS_STRING_CATALOGS = YES;
				MTL_ENABLE_DEBUG_INFO = NO;
				MTL_FAST_MATH = YES;
				SDKROOT = iphoneos;
				SWIFT_COMPILATION_MODE = wholemodule;
				VALIDATE_PRODUCT = YES;
			};
			name = Release;
		};
		EDB64ED22C7DB26A002D44AB /* Debug */ = {
			isa = XCBuildConfiguration;
			baseConfigurationReference = B7E5A7B4A43CA87C89A7FE30 /* Pods-RxSwiftBindPractice.debug.xcconfig */;
			buildSettings = {
				ASSETCATALOG_COMPILER_APPICON_NAME = AppIcon;
				ASSETCATALOG_COMPILER_GLOBAL_ACCENT_COLOR_NAME = AccentColor;
				CODE_SIGN_STYLE = Automatic;
				CURRENT_PROJECT_VERSION = 1;
				ENABLE_USER_SCRIPT_SANDBOXING = NO;
				GENERATE_INFOPLIST_FILE = YES;
				INFOPLIST_FILE = RxSwiftBindPractice/Info.plist;
				INFOPLIST_KEY_UIApplicationSupportsIndirectInputEvents = YES;
				INFOPLIST_KEY_UILaunchStoryboardName = LaunchScreen;
				INFOPLIST_KEY_UIMainStoryboardFile = Main;
				INFOPLIST_KEY_UISupportedInterfaceOrientations_iPad = "UIInterfaceOrientationPortrait UIInterfaceOrientationPortraitUpsideDown UIInterfaceOrientationLandscapeLeft UIInterfaceOrientationLandscapeRight";
				INFOPLIST_KEY_UISupportedInterfaceOrientations_iPhone = "UIInterfaceOrientationPortrait UIInterfaceOrientationLandscapeLeft UIInterfaceOrientationLandscapeRight";
				LD_RUNPATH_SEARCH_PATHS = (
					"$(inherited)",
					"@executable_path/Frameworks",
				);
				MARKETING_VERSION = 1.0;
				PRODUCT_BUNDLE_IDENTIFIER = "Ishioka-Ken.RxSwiftBindPractice";
				PRODUCT_NAME = "$(TARGET_NAME)";
				SWIFT_EMIT_LOC_STRINGS = YES;
				SWIFT_VERSION = 5.0;
				TARGETED_DEVICE_FAMILY = "1,2";
			};
			name = Debug;
		};
		EDB64ED32C7DB26A002D44AB /* Release */ = {
			isa = XCBuildConfiguration;
			baseConfigurationReference = 686BFEFE8D3BCF1C7DE0DF6D /* Pods-RxSwiftBindPractice.release.xcconfig */;
			buildSettings = {
				ASSETCATALOG_COMPILER_APPICON_NAME = AppIcon;
				ASSETCATALOG_COMPILER_GLOBAL_ACCENT_COLOR_NAME = AccentColor;
				CODE_SIGN_STYLE = Automatic;
				CURRENT_PROJECT_VERSION = 1;
				ENABLE_USER_SCRIPT_SANDBOXING = NO;
				GENERATE_INFOPLIST_FILE = YES;
				INFOPLIST_FILE = RxSwiftBindPractice/Info.plist;
				INFOPLIST_KEY_UIApplicationSupportsIndirectInputEvents = YES;
				INFOPLIST_KEY_UILaunchStoryboardName = LaunchScreen;
				INFOPLIST_KEY_UIMainStoryboardFile = Main;
				INFOPLIST_KEY_UISupportedInterfaceOrientations_iPad = "UIInterfaceOrientationPortrait UIInterfaceOrientationPortraitUpsideDown UIInterfaceOrientationLandscapeLeft UIInterfaceOrientationLandscapeRight";
				INFOPLIST_KEY_UISupportedInterfaceOrientations_iPhone = "UIInterfaceOrientationPortrait UIInterfaceOrientationLandscapeLeft UIInterfaceOrientationLandscapeRight";
				LD_RUNPATH_SEARCH_PATHS = (
					"$(inherited)",
					"@executable_path/Frameworks",
				);
				MARKETING_VERSION = 1.0;
				PRODUCT_BUNDLE_IDENTIFIER = "Ishioka-Ken.RxSwiftBindPractice";
				PRODUCT_NAME = "$(TARGET_NAME)";
				SWIFT_EMIT_LOC_STRINGS = YES;
				SWIFT_VERSION = 5.0;
				TARGETED_DEVICE_FAMILY = "1,2";
			};
			name = Release;
		};
/* End XCBuildConfiguration section */

/* Begin XCConfigurationList section */
		EDB64EB82C7DB269002D44AB /* Build configuration list for PBXProject "RxSwiftBindPractice" */ = {
			isa = XCConfigurationList;
			buildConfigurations = (
				EDB64ECF2C7DB26A002D44AB /* Debug */,
				EDB64ED02C7DB26A002D44AB /* Release */,
			);
			defaultConfigurationIsVisible = 0;
			defaultConfigurationName = Release;
		};
		EDB64ED12C7DB26A002D44AB /* Build configuration list for PBXNativeTarget "RxSwiftBindPractice" */ = {
			isa = XCConfigurationList;
			buildConfigurations = (
				EDB64ED22C7DB26A002D44AB /* Debug */,
				EDB64ED32C7DB26A002D44AB /* Release */,
			);
			defaultConfigurationIsVisible = 0;
			defaultConfigurationName = Release;
		};
/* End XCConfigurationList section */
	};
	rootObject = EDB64EB52C7DB269002D44AB /* Project object */;
}
