// !$*UTF8*$!
{
	archiveVersion = 1;
	classes = {
	};
	objectVersion = 56;
	objects = {

/* Begin PBXBuildFile section */
		1C1C0FC589AC1DFD4FB797C1 /* Pods_RxSwiftStepperCount.framework in Frameworks */ = {isa = PBXBuildFile; fileRef = 58B5A50E3EABBA4394835479 /* Pods_RxSwiftStepperCount.framework */; };
		EDF386BE2C8835D400CAEB17 /* AppDelegate.swift in Sources */ = {isa = PBXBuildFile; fileRef = EDF386BD2C8835D400CAEB17 /* AppDelegate.swift */; };
		EDF386C02C8835D400CAEB17 /* SceneDelegate.swift in Sources */ = {isa = PBXBuildFile; fileRef = EDF386BF2C8835D400CAEB17 /* SceneDelegate.swift */; };
		EDF386C22C8835D400CAEB17 /* ViewController.swift in Sources */ = {isa = PBXBuildFile; fileRef = EDF386C12C8835D400CAEB17 /* ViewController.swift */; };
		EDF386C52C8835D400CAEB17 /* Base in Resources */ = {isa = PBXBuildFile; fileRef = EDF386C42C8835D400CAEB17 /* Base */; };
		EDF386C72C8835D500CAEB17 /* Assets.xcassets in Resources */ = {isa = PBXBuildFile; fileRef = EDF386C62C8835D500CAEB17 /* Assets.xcassets */; };
		EDF386CA2C8835D500CAEB17 /* Base in Resources */ = {isa = PBXBuildFile; fileRef = EDF386C92C8835D500CAEB17 /* Base */; };
		EDF386D22C88397400CAEB17 /* ViewModel.swift in Sources */ = {isa = PBXBuildFile; fileRef = EDF386D12C88397400CAEB17 /* ViewModel.swift */; };
/* End PBXBuildFile section */

/* Begin PBXFileReference section */
		29149871BC44F9B6AB5E5239 /* Pods-RxSwiftStepperCount.release.xcconfig */ = {isa = PBXFileReference; includeInIndex = 1; lastKnownFileType = text.xcconfig; name = "Pods-RxSwiftStepperCount.release.xcconfig"; path = "Target Support Files/Pods-RxSwiftStepperCount/Pods-RxSwiftStepperCount.release.xcconfig"; sourceTree = "<group>"; };
		58B5A50E3EABBA4394835479 /* Pods_RxSwiftStepperCount.framework */ = {isa = PBXFileReference; explicitFileType = wrapper.framework; includeInIndex = 0; path = Pods_RxSwiftStepperCount.framework; sourceTree = BUILT_PRODUCTS_DIR; };
		5C4BD1B9763729F612160075 /* Pods-RxSwiftStepperCount.debug.xcconfig */ = {isa = PBXFileReference; includeInIndex = 1; lastKnownFileType = text.xcconfig; name = "Pods-RxSwiftStepperCount.debug.xcconfig"; path = "Target Support Files/Pods-RxSwiftStepperCount/Pods-RxSwiftStepperCount.debug.xcconfig"; sourceTree = "<group>"; };
		EDF386BA2C8835D400CAEB17 /* RxSwiftStepperCount.app */ = {isa = PBXFileReference; explicitFileType = wrapper.application; includeInIndex = 0; path = RxSwiftStepperCount.app; sourceTree = BUILT_PRODUCTS_DIR; };
		EDF386BD2C8835D400CAEB17 /* AppDelegate.swift */ = {isa = PBXFileReference; lastKnownFileType = sourcecode.swift; path = AppDelegate.swift; sourceTree = "<group>"; };
		EDF386BF2C8835D400CAEB17 /* SceneDelegate.swift */ = {isa = PBXFileReference; lastKnownFileType = sourcecode.swift; path = SceneDelegate.swift; sourceTree = "<group>"; };
		EDF386C12C8835D400CAEB17 /* ViewController.swift */ = {isa = PBXFileReference; lastKnownFileType = sourcecode.swift; path = ViewController.swift; sourceTree = "<group>"; };
		EDF386C42C8835D400CAEB17 /* Base */ = {isa = PBXFileReference; lastKnownFileType = file.storyboard; name = Base; path = Base.lproj/Main.storyboard; sourceTree = "<group>"; };
		EDF386C62C8835D500CAEB17 /* Assets.xcassets */ = {isa = PBXFileReference; lastKnownFileType = folder.assetcatalog; path = Assets.xcassets; sourceTree = "<group>"; };
		EDF386C92C8835D500CAEB17 /* Base */ = {isa = PBXFileReference; lastKnownFileType = file.storyboard; name = Base; path = Base.lproj/LaunchScreen.storyboard; sourceTree = "<group>"; };
		EDF386CB2C8835D500CAEB17 /* Info.plist */ = {isa = PBXFileReference; lastKnownFileType = text.plist.xml; path = Info.plist; sourceTree = "<group>"; };
		EDF386D12C88397400CAEB17 /* ViewModel.swift */ = {isa = PBXFileReference; lastKnownFileType = sourcecode.swift; path = ViewModel.swift; sourceTree = "<group>"; };
/* End PBXFileReference section */

/* Begin PBXFrameworksBuildPhase section */
		EDF386B72C8835D400CAEB17 /* Frameworks */ = {
			isa = PBXFrameworksBuildPhase;
			buildActionMask = 2147483647;
			files = (
				1C1C0FC589AC1DFD4FB797C1 /* Pods_RxSwiftStepperCount.framework in Frameworks */,
			);
			runOnlyForDeploymentPostprocessing = 0;
		};
/* End PBXFrameworksBuildPhase section */

/* Begin PBXGroup section */
		842F8826A74A3B34A5D3B62A /* Pods */ = {
			isa = PBXGroup;
			children = (
				5C4BD1B9763729F612160075 /* Pods-RxSwiftStepperCount.debug.xcconfig */,
				29149871BC44F9B6AB5E5239 /* Pods-RxSwiftStepperCount.release.xcconfig */,
			);
			path = Pods;
			sourceTree = "<group>";
		};
		932ABA30BB15F7FF0BB2E10F /* Frameworks */ = {
			isa = PBXGroup;
			children = (
				58B5A50E3EABBA4394835479 /* Pods_RxSwiftStepperCount.framework */,
			);
			name = Frameworks;
			sourceTree = "<group>";
		};
		EDF386B12C8835D400CAEB17 = {
			isa = PBXGroup;
			children = (
				EDF386BC2C8835D400CAEB17 /* RxSwiftStepperCount */,
				EDF386BB2C8835D400CAEB17 /* Products */,
				842F8826A74A3B34A5D3B62A /* Pods */,
				932ABA30BB15F7FF0BB2E10F /* Frameworks */,
			);
			sourceTree = "<group>";
		};
		EDF386BB2C8835D400CAEB17 /* Products */ = {
			isa = PBXGroup;
			children = (
				EDF386BA2C8835D400CAEB17 /* RxSwiftStepperCount.app */,
			);
			name = Products;
			sourceTree = "<group>";
		};
		EDF386BC2C8835D400CAEB17 /* RxSwiftStepperCount */ = {
			isa = PBXGroup;
			children = (
				EDF386BD2C8835D400CAEB17 /* AppDelegate.swift */,
				EDF386BF2C8835D400CAEB17 /* SceneDelegate.swift */,
				EDF386D12C88397400CAEB17 /* ViewModel.swift */,
				EDF386C12C8835D400CAEB17 /* ViewController.swift */,
				EDF386C32C8835D400CAEB17 /* Main.storyboard */,
				EDF386C62C8835D500CAEB17 /* Assets.xcassets */,
				EDF386C82C8835D500CAEB17 /* LaunchScreen.storyboard */,
				EDF386CB2C8835D500CAEB17 /* Info.plist */,
			);
			path = RxSwiftStepperCount;
			sourceTree = "<group>";
		};
/* End PBXGroup section */

/* Begin PBXNativeTarget section */
		EDF386B92C8835D400CAEB17 /* RxSwiftStepperCount */ = {
			isa = PBXNativeTarget;
			buildConfigurationList = EDF386CE2C8835D500CAEB17 /* Build configuration list for PBXNativeTarget "RxSwiftStepperCount" */;
			buildPhases = (
				67F4BEA7D430A91B205DE1E6 /* [CP] Check Pods Manifest.lock */,
				EDF386B62C8835D400CAEB17 /* Sources */,
				EDF386B72C8835D400CAEB17 /* Frameworks */,
				EDF386B82C8835D400CAEB17 /* Resources */,
				7031D3448CF2D646B9D439DA /* [CP] Embed Pods Frameworks */,
			);
			buildRules = (
			);
			dependencies = (
			);
			name = RxSwiftStepperCount;
			productName = RxSwiftStepperCount;
			productReference = EDF386BA2C8835D400CAEB17 /* RxSwiftStepperCount.app */;
			productType = "com.apple.product-type.application";
		};
/* End PBXNativeTarget section */

/* Begin PBXProject section */
		EDF386B22C8835D400CAEB17 /* Project object */ = {
			isa = PBXProject;
			attributes = {
				BuildIndependentTargetsInParallel = 1;
				LastSwiftUpdateCheck = 1530;
				LastUpgradeCheck = 1530;
				TargetAttributes = {
					EDF386B92C8835D400CAEB17 = {
						CreatedOnToolsVersion = 15.3;
					};
				};
			};
			buildConfigurationList = EDF386B52C8835D400CAEB17 /* Build configuration list for PBXProject "RxSwiftStepperCount" */;
			compatibilityVersion = "Xcode 14.0";
			developmentRegion = en;
			hasScannedForEncodings = 0;
			knownRegions = (
				en,
				Base,
			);
			mainGroup = EDF386B12C8835D400CAEB17;
			productRefGroup = EDF386BB2C8835D400CAEB17 /* Products */;
			projectDirPath = "";
			projectRoot = "";
			targets = (
				EDF386B92C8835D400CAEB17 /* RxSwiftStepperCount */,
			);
		};
/* End PBXProject section */

/* Begin PBXResourcesBuildPhase section */
		EDF386B82C8835D400CAEB17 /* Resources */ = {
			isa = PBXResourcesBuildPhase;
			buildActionMask = 2147483647;
			files = (
				EDF386C72C8835D500CAEB17 /* Assets.xcassets in Resources */,
				EDF386CA2C8835D500CAEB17 /* Base in Resources */,
				EDF386C52C8835D400CAEB17 /* Base in Resources */,
			);
			runOnlyForDeploymentPostprocessing = 0;
		};
/* End PBXResourcesBuildPhase section */

/* Begin PBXShellScriptBuildPhase section */
		67F4BEA7D430A91B205DE1E6 /* [CP] Check Pods Manifest.lock */ = {
			isa = PBXShellScriptBuildPhase;
			buildActionMask = 2147483647;
			files = (
			);
			inputFileListPaths = (
			);
			inputPaths = (
				"${PODS_PODFILE_DIR_PATH}/Podfile.lock",
				"${PODS_ROOT}/Manifest.lock",
			);
			name = "[CP] Check Pods Manifest.lock";
			outputFileListPaths = (
			);
			outputPaths = (
				"$(DERIVED_FILE_DIR)/Pods-RxSwiftStepperCount-checkManifestLockResult.txt",
			);
			runOnlyForDeploymentPostprocessing = 0;
			shellPath = /bin/sh;
			shellScript = "diff \"${PODS_PODFILE_DIR_PATH}/Podfile.lock\" \"${PODS_ROOT}/Manifest.lock\" > /dev/null\nif [ $? != 0 ] ; then\n    # print error to STDERR\n    echo \"error: The sandbox is not in sync with the Podfile.lock. Run 'pod install' or update your CocoaPods installation.\" >&2\n    exit 1\nfi\n# This output is used by Xcode 'outputs' to avoid re-running this script phase.\necho \"SUCCESS\" > \"${SCRIPT_OUTPUT_FILE_0}\"\n";
			showEnvVarsInLog = 0;
		};
		7031D3448CF2D646B9D439DA /* [CP] Embed Pods Frameworks */ = {
			isa = PBXShellScriptBuildPhase;
			buildActionMask = 2147483647;
			files = (
			);
			inputFileListPaths = (
				"${PODS_ROOT}/Target Support Files/Pods-RxSwiftStepperCount/Pods-RxSwiftStepperCount-frameworks-${CONFIGURATION}-input-files.xcfilelist",
			);
			name = "[CP] Embed Pods Frameworks";
			outputFileListPaths = (
				"${PODS_ROOT}/Target Support Files/Pods-RxSwiftStepperCount/Pods-RxSwiftStepperCount-frameworks-${CONFIGURATION}-output-files.xcfilelist",
			);
			runOnlyForDeploymentPostprocessing = 0;
			shellPath = /bin/sh;
			shellScript = "\"${PODS_ROOT}/Target Support Files/Pods-RxSwiftStepperCount/Pods-RxSwiftStepperCount-frameworks.sh\"\n";
			showEnvVarsInLog = 0;
		};
/* End PBXShellScriptBuildPhase section */

/* Begin PBXSourcesBuildPhase section */
		EDF386B62C8835D400CAEB17 /* Sources */ = {
			isa = PBXSourcesBuildPhase;
			buildActionMask = 2147483647;
			files = (
				EDF386C22C8835D400CAEB17 /* ViewController.swift in Sources */,
				EDF386BE2C8835D400CAEB17 /* AppDelegate.swift in Sources */,
				EDF386D22C88397400CAEB17 /* ViewModel.swift in Sources */,
				EDF386C02C8835D400CAEB17 /* SceneDelegate.swift in Sources */,
			);
			runOnlyForDeploymentPostprocessing = 0;
		};
/* End PBXSourcesBuildPhase section */

/* Begin PBXVariantGroup section */
		EDF386C32C8835D400CAEB17 /* Main.storyboard */ = {
			isa = PBXVariantGroup;
			children = (
				EDF386C42C8835D400CAEB17 /* Base */,
			);
			name = Main.storyboard;
			sourceTree = "<group>";
		};
		EDF386C82C8835D500CAEB17 /* LaunchScreen.storyboard */ = {
			isa = PBXVariantGroup;
			children = (
				EDF386C92C8835D500CAEB17 /* Base */,
			);
			name = LaunchScreen.storyboard;
			sourceTree = "<group>";
		};
/* End PBXVariantGroup section */

/* Begin XCBuildConfiguration section */
		EDF386CC2C8835D500CAEB17 /* Debug */ = {
			isa = XCBuildConfiguration;
			buildSettings = {
				ALWAYS_SEARCH_USER_PATHS = NO;
				ASSETCATALOG_COMPILER_GENERATE_SWIFT_ASSET_SYMBOL_EXTENSIONS = YES;
				CLANG_ANALYZER_NONNULL = YES;
				CLANG_ANALYZER_NUMBER_OBJECT_CONVERSION = YES_AGGRESSIVE;
				CLANG_CXX_LANGUAGE_STANDARD = "gnu++20";
				CLANG_ENABLE_MODULES = YES;
				CLANG_ENABLE_OBJC_ARC = YES;
				CLANG_ENABLE_OBJC_WEAK = YES;
				CLANG_WARN_BLOCK_CAPTURE_AUTORELEASING = YES;
				CLANG_WARN_BOOL_CONVERSION = YES;
				CLANG_WARN_COMMA = YES;
				CLANG_WARN_CONSTANT_CONVERSION = YES;
				CLANG_WARN_DEPRECATED_OBJC_IMPLEMENTATIONS = YES;
				CLANG_WARN_DIRECT_OBJC_ISA_USAGE = YES_ERROR;
				CLANG_WARN_DOCUMENTATION_COMMENTS = YES;
				CLANG_WARN_EMPTY_BODY = YES;
				CLANG_WARN_ENUM_CONVERSION = YES;
				CLANG_WARN_INFINITE_RECURSION = YES;
				CLANG_WARN_INT_CONVERSION = YES;
				CLANG_WARN_NON_LITERAL_NULL_CONVERSION = YES;
				CLANG_WARN_OBJC_IMPLICIT_RETAIN_SELF = YES;
				CLANG_WARN_OBJC_LITERAL_CONVERSION = YES;
				CLANG_WARN_OBJC_ROOT_CLASS = YES_ERROR;
				CLANG_WARN_QUOTED_INCLUDE_IN_FRAMEWORK_HEADER = YES;
				CLANG_WARN_RANGE_LOOP_ANALYSIS = YES;
				CLANG_WARN_STRICT_PROTOTYPES = YES;
				CLANG_WARN_SUSPICIOUS_MOVE = YES;
				CLANG_WARN_UNGUARDED_AVAILABILITY = YES_AGGRESSIVE;
				CLANG_WARN_UNREACHABLE_CODE = YES;
				CLANG_WARN__DUPLICATE_METHOD_MATCH = YES;
				COPY_PHASE_STRIP = NO;
				DEBUG_INFORMATION_FORMAT = dwarf;
				ENABLE_STRICT_OBJC_MSGSEND = YES;
				ENABLE_TESTABILITY = YES;
				ENABLE_USER_SCRIPT_SANDBOXING = YES;
				GCC_C_LANGUAGE_STANDARD = gnu17;
				GCC_DYNAMIC_NO_PIC = NO;
				GCC_NO_COMMON_BLOCKS = YES;
				GCC_OPTIMIZATION_LEVEL = 0;
				GCC_PREPROCESSOR_DEFINITIONS = (
					"DEBUG=1",
					"$(inherited)",
				);
				GCC_WARN_64_TO_32_BIT_CONVERSION = YES;
				GCC_WARN_ABOUT_RETURN_TYPE = YES_ERROR;
				GCC_WARN_UNDECLARED_SELECTOR = YES;
				GCC_WARN_UNINITIALIZED_AUTOS = YES_AGGRESSIVE;
				GCC_WARN_UNUSED_FUNCTION = YES;
				GCC_WARN_UNUSED_VARIABLE = YES;
				IPHONEOS_DEPLOYMENT_TARGET = 17.4;
				LOCALIZATION_PREFERS_STRING_CATALOGS = YES;
				MTL_ENABLE_DEBUG_INFO = INCLUDE_SOURCE;
				MTL_FAST_MATH = YES;
				ONLY_ACTIVE_ARCH = YES;
				SDKROOT = iphoneos;
				SWIFT_ACTIVE_COMPILATION_CONDITIONS = "DEBUG $(inherited)";
				SWIFT_OPTIMIZATION_LEVEL = "-Onone";
			};
			name = Debug;
		};
		EDF386CD2C8835D500CAEB17 /* Release */ = {
			isa = XCBuildConfiguration;
			buildSettings = {
				ALWAYS_SEARCH_USER_PATHS = NO;
				ASSETCATALOG_COMPILER_GENERATE_SWIFT_ASSET_SYMBOL_EXTENSIONS = YES;
				CLANG_ANALYZER_NONNULL = YES;
				CLANG_ANALYZER_NUMBER_OBJECT_CONVERSION = YES_AGGRESSIVE;
				CLANG_CXX_LANGUAGE_STANDARD = "gnu++20";
				CLANG_ENABLE_MODULES = YES;
				CLANG_ENABLE_OBJC_ARC = YES;
				CLANG_ENABLE_OBJC_WEAK = YES;
				CLANG_WARN_BLOCK_CAPTURE_AUTORELEASING = YES;
				CLANG_WARN_BOOL_CONVERSION = YES;
				CLANG_WARN_COMMA = YES;
				CLANG_WARN_CONSTANT_CONVERSION = YES;
				CLANG_WARN_DEPRECATED_OBJC_IMPLEMENTATIONS = YES;
				CLANG_WARN_DIRECT_OBJC_ISA_USAGE = YES_ERROR;
				CLANG_WARN_DOCUMENTATION_COMMENTS = YES;
				CLANG_WARN_EMPTY_BODY = YES;
				CLANG_WARN_ENUM_CONVERSION = YES;
				CLANG_WARN_INFINITE_RECURSION = YES;
				CLANG_WARN_INT_CONVERSION = YES;
				CLANG_WARN_NON_LITERAL_NULL_CONVERSION = YES;
				CLANG_WARN_OBJC_IMPLICIT_RETAIN_SELF = YES;
				CLANG_WARN_OBJC_LITERAL_CONVERSION = YES;
				CLANG_WARN_OBJC_ROOT_CLASS = YES_ERROR;
				CLANG_WARN_QUOTED_INCLUDE_IN_FRAMEWORK_HEADER = YES;
				CLANG_WARN_RANGE_LOOP_ANALYSIS = YES;
				CLANG_WARN_STRICT_PROTOTYPES = YES;
				CLANG_WARN_SUSPICIOUS_MOVE = YES;
				CLANG_WARN_UNGUARDED_AVAILABILITY = YES_AGGRESSIVE;
				CLANG_WARN_UNREACHABLE_CODE = YES;
				CLANG_WARN__DUPLICATE_METHOD_MATCH = YES;
				COPY_PHASE_STRIP = NO;
				DEBUG_INFORMATION_FORMAT = "dwarf-with-dsym";
				ENABLE_NS_ASSERTIONS = NO;
				ENABLE_STRICT_OBJC_MSGSEND = YES;
				ENABLE_USER_SCRIPT_SANDBOXING = YES;
				GCC_C_LANGUAGE_STANDARD = gnu17;
				GCC_NO_COMMON_BLOCKS = YES;
				GCC_WARN_64_TO_32_BIT_CONVERSION = YES;
				GCC_WARN_ABOUT_RETURN_TYPE = YES_ERROR;
				GCC_WARN_UNDECLARED_SELECTOR = YES;
				GCC_WARN_UNINITIALIZED_AUTOS = YES_AGGRESSIVE;
				GCC_WARN_UNUSED_FUNCTION = YES;
				GCC_WARN_UNUSED_VARIABLE = YES;
				IPHONEOS_DEPLOYMENT_TARGET = 17.4;
				LOCALIZATION_PREFERS_STRING_CATALOGS = YES;
				MTL_ENABLE_DEBUG_INFO = NO;
				MTL_FAST_MATH = YES;
				SDKROOT = iphoneos;
				SWIFT_COMPILATION_MODE = wholemodule;
				VALIDATE_PRODUCT = YES;
			};
			name = Release;
		};
		EDF386CF2C8835D500CAEB17 /* Debug */ = {
			isa = XCBuildConfiguration;
			baseConfigurationReference = 5C4BD1B9763729F612160075 /* Pods-RxSwiftStepperCount.debug.xcconfig */;
			buildSettings = {
				ASSETCATALOG_COMPILER_APPICON_NAME = AppIcon;
				ASSETCATALOG_COMPILER_GLOBAL_ACCENT_COLOR_NAME = AccentColor;
				CODE_SIGN_STYLE = Automatic;
				CURRENT_PROJECT_VERSION = 1;
				ENABLE_USER_SCRIPT_SANDBOXING = NO;
				GENERATE_INFOPLIST_FILE = YES;
				INFOPLIST_FILE = RxSwiftStepperCount/Info.plist;
				INFOPLIST_KEY_UIApplicationSupportsIndirectInputEvents = YES;
				INFOPLIST_KEY_UILaunchStoryboardName = LaunchScreen;
				INFOPLIST_KEY_UIMainStoryboardFile = Main;
				INFOPLIST_KEY_UISupportedInterfaceOrientations_iPad = "UIInterfaceOrientationPortrait UIInterfaceOrientationPortraitUpsideDown UIInterfaceOrientationLandscapeLeft UIInterfaceOrientationLandscapeRight";
				INFOPLIST_KEY_UISupportedInterfaceOrientations_iPhone = "UIInterfaceOrientationPortrait UIInterfaceOrientationLandscapeLeft UIInterfaceOrientationLandscapeRight";
				LD_RUNPATH_SEARCH_PATHS = (
					"$(inherited)",
					"@executable_path/Frameworks",
				);
				MARKETING_VERSION = 1.0;
				PRODUCT_BUNDLE_IDENTIFIER = "Ishioka-Ken.RxSwiftStepperCount";
				PRODUCT_NAME = "$(TARGET_NAME)";
				SWIFT_EMIT_LOC_STRINGS = YES;
				SWIFT_VERSION = 5.0;
				TARGETED_DEVICE_FAMILY = "1,2";
			};
			name = Debug;
		};
		EDF386D02C8835D500CAEB17 /* Release */ = {
			isa = XCBuildConfiguration;
			baseConfigurationReference = 29149871BC44F9B6AB5E5239 /* Pods-RxSwiftStepperCount.release.xcconfig */;
			buildSettings = {
				ASSETCATALOG_COMPILER_APPICON_NAME = AppIcon;
				ASSETCATALOG_COMPILER_GLOBAL_ACCENT_COLOR_NAME = AccentColor;
				CODE_SIGN_STYLE = Automatic;
				CURRENT_PROJECT_VERSION = 1;
				ENABLE_USER_SCRIPT_SANDBOXING = NO;
				GENERATE_INFOPLIST_FILE = YES;
				INFOPLIST_FILE = RxSwiftStepperCount/Info.plist;
				INFOPLIST_KEY_UIApplicationSupportsIndirectInputEvents = YES;
				INFOPLIST_KEY_UILaunchStoryboardName = LaunchScreen;
				INFOPLIST_KEY_UIMainStoryboardFile = Main;
				INFOPLIST_KEY_UISupportedInterfaceOrientations_iPad = "UIInterfaceOrientationPortrait UIInterfaceOrientationPortraitUpsideDown UIInterfaceOrientationLandscapeLeft UIInterfaceOrientationLandscapeRight";
				INFOPLIST_KEY_UISupportedInterfaceOrientations_iPhone = "UIInterfaceOrientationPortrait UIInterfaceOrientationLandscapeLeft UIInterfaceOrientationLandscapeRight";
				LD_RUNPATH_SEARCH_PATHS = (
					"$(inherited)",
					"@executable_path/Frameworks",
				);
				MARKETING_VERSION = 1.0;
				PRODUCT_BUNDLE_IDENTIFIER = "Ishioka-Ken.RxSwiftStepperCount";
				PRODUCT_NAME = "$(TARGET_NAME)";
				SWIFT_EMIT_LOC_STRINGS = YES;
				SWIFT_VERSION = 5.0;
				TARGETED_DEVICE_FAMILY = "1,2";
			};
			name = Release;
		};
/* End XCBuildConfiguration section */

/* Begin XCConfigurationList section */
		EDF386B52C8835D400CAEB17 /* Build configuration list for PBXProject "RxSwiftStepperCount" */ = {
			isa = XCConfigurationList;
			buildConfigurations = (
				EDF386CC2C8835D500CAEB17 /* Debug */,
				EDF386CD2C8835D500CAEB17 /* Release */,
			);
			defaultConfigurationIsVisible = 0;
			defaultConfigurationName = Release;
		};
		EDF386CE2C8835D500CAEB17 /* Build configuration list for PBXNativeTarget "RxSwiftStepperCount" */ = {
			isa = XCConfigurationList;
			buildConfigurations = (
				EDF386CF2C8835D500CAEB17 /* Debug */,
				EDF386D02C8835D500CAEB17 /* Release */,
			);
			defaultConfigurationIsVisible = 0;
			defaultConfigurationName = Release;
		};
/* End XCConfigurationList section */
	};
	rootObject = EDF386B22C8835D400CAEB17 /* Project object */;
}
